{
  "version": 4,
  "terraform_version": "1.14.8",
  "serial": 530,
  "lineage": "d1c09771-a7fe-462a-7ce1-fbd9ebaf39c2",
  "outputs": {
    "bucket_name": {
      "value": "aws-de-project-dev-data-20260417025725087400000002",
      "type": "string"
    },
    "dms_replication_task_arn": {
      "value": "arn:aws:dms:ca-central-1:424254664937:task:CG2TGD5GLVDJZAV5M4IEXDNFDE",
      "type": "string"
    },
    "lambda_function_name": {
      "value": "aws-de-project-dev-data-generator",
      "type": "string"
    },
    "rds_endpoint": {
      "value": "aws-de-project-dev-mysql.cv6oq2824ebl.ca-central-1.rds.amazonaws.com:3306",
      "type": "string"
    },
    "state_machine_arn": {
      "value": "arn:aws:states:ca-central-1:424254664937:stateMachine:aws-de-project-dev-state-machine",
      "type": "string"
    }
  },
  "resources": [
    {
      "mode": "managed",
      "type": "aws_s3_bucket_policy",
      "name": "bucket_access",
      "provider": "provider[\"registry.terraform.io/hashicorp/aws\"]",
      "instances": [
        {
          "schema_version": 0,
          "attributes": {
            "bucket": "aws-de-project-dev-data-20260417025725087400000002",
            "id": "aws-de-project-dev-data-20260417025725087400000002",
            "policy": "{\"Statement\":[{\"Action\":[\"s3:PutObject\",\"s3:GetObject\",\"s3:DeleteObject\",\"s3:ListBucket\",\"s3:GetBucketLocation\",\"s3:PutObjectTagging\",\"s3:AbortMultipartUpload\",\"s3:ListMultipartUploadParts\"],\"Effect\":\"Allow\",\"Principal\":{\"AWS\":[\"arn:aws:iam::424254664937:role/aws-de-project-dev-dms-s3-role\",\"arn:aws:iam::424254664937:role/aws-de-project-dev-glue-role\",\"arn:aws:iam::424254664937:role/aws-de-project-dev-redshift-role\"]},\"Resource\":[\"arn:aws:s3:::aws-de-project-dev-data-20260417025725087400000002\",\"arn:aws:s3:::aws-de-project-dev-data-20260417025725087400000002/*\"]}],\"Version\":\"2012-10-17\"}"
          },
          "sensitive_attributes": [],
          "identity_schema_version": 0,
          "private": "bnVsbA==",
          "dependencies": [
            "module.dms.aws_iam_role.dms_s3_role",
            "module.glue.aws_iam_role.glue_role",
            "module.redshift.aws_iam_role.redshift_role",
            "module.s3.aws_s3_bucket.main"
          ]
        }
      ]
    },
    {
      "mode": "managed",
      "type": "null_resource",
      "name": "db_migration",
      "provider": "provider[\"registry.terraform.io/hashicorp/null\"]",
      "instances": [
        {
          "schema_version": 0,
          "attributes": {
            "id": "7059386760056084010",
            "triggers": {
              "migration_hash": "7551f07b614c069de312272fb0646be0031f62c6"
            }
          },
          "sensitive_attributes": [],
          "identity_schema_version": 0,
          "dependencies": [
            "module.rds.aws_db_instance.main",
            "module.rds.aws_db_parameter_group.mysql_cdc",
            "module.rds.aws_db_subnet_group.main",
            "module.rds.aws_secretsmanager_secret.db_credentials",
            "module.rds.aws_secretsmanager_secret_version.db_credentials",
            "module.rds.aws_security_group.rds",
            "module.rds.random_password.password",
            "module.vpc.aws_subnet.public",
            "module.vpc.aws_vpc.main"
          ]
        }
      ]
    },
    {
      "mode": "managed",
      "type": "null_resource",
      "name": "start_dms_task",
      "provider": "provider[\"registry.terraform.io/hashicorp/null\"]",
      "instances": [
        {
          "schema_version": 0,
          "attributes": {
            "id": "8797719056877238022",
            "triggers": null
          },
          "sensitive_attributes": [],
          "identity_schema_version": 0,
          "dependencies": [
            "module.dms.aws_dms_endpoint.source",
            "module.dms.aws_dms_endpoint.target",
            "module.dms.aws_dms_replication_instance.main",
            "module.dms.aws_dms_replication_subnet_group.main",
            "module.dms.aws_dms_replication_task.main",
            "module.dms.aws_iam_policy.dms_s3_policy",
            "module.dms.aws_iam_policy.dms_secrets_policy",
            "module.dms.aws_iam_role.dms_s3_role",
            "module.dms.aws_iam_role.dms_secrets_role",
            "module.dms.aws_iam_role_policy_attachment.dms_s3_attach",
            "module.dms.aws_iam_role_policy_attachment.dms_secrets_attach",
            "module.dms.aws_security_group.dms",
            "module.dms.aws_security_group_rule.rds_ingress_dms",
            "module.rds.aws_db_instance.main",
            "module.rds.aws_db_parameter_group.mysql_cdc",
            "module.rds.aws_db_subnet_group.main",
            "module.rds.aws_secretsmanager_secret.db_credentials",
            "module.rds.aws_secretsmanager_secret_version.db_credentials",
            "module.rds.aws_security_group.rds",
            "module.rds.random_password.password",
            "module.s3.aws_s3_bucket.main",
            "module.vpc.aws_subnet.private",
            "module.vpc.aws_subnet.public",
            "module.vpc.aws_vpc.main",
            "null_resource.db_migration"
          ]
        }
      ]
    },
    {
      "mode": "managed",
      "type": "null_resource",
      "name": "trigger_generator",
      "provider": "provider[\"registry.terraform.io/hashicorp/null\"]",
      "instances": [
        {
          "schema_version": 0,
          "attributes": {
            "id": "430747596022505100",
            "triggers": null
          },
          "sensitive_attributes": [],
          "identity_schema_version": 0,
          "dependencies": [
            "module.dms.aws_dms_endpoint.source",
            "module.dms.aws_dms_endpoint.target",
            "module.dms.aws_dms_replication_instance.main",
            "module.dms.aws_dms_replication_subnet_group.main",
            "module.dms.aws_dms_replication_task.main",
            "module.dms.aws_iam_policy.dms_s3_policy",
            "module.dms.aws_iam_policy.dms_secrets_policy",
            "module.dms.aws_iam_role.dms_s3_role",
            "module.dms.aws_iam_role.dms_secrets_role",
            "module.dms.aws_iam_role_policy_attachment.dms_s3_attach",
            "module.dms.aws_iam_role_policy_attachment.dms_secrets_attach",
            "module.dms.aws_security_group.dms",
            "module.dms.aws_security_group_rule.rds_ingress_dms",
            "module.lambda.aws_cloudwatch_event_rule.schedule",
            "module.lambda.aws_cloudwatch_event_target.lambda_target",
            "module.lambda.aws_iam_policy.lambda_policy",
            "module.lambda.aws_iam_role.lambda_role",
            "module.lambda.aws_iam_role_policy_attachment.lambda_attach",
            "module.lambda.aws_lambda_function.data_generator",
            "module.lambda.aws_lambda_permission.allow_cloudwatch",
            "module.lambda.aws_security_group.lambda",
            "module.lambda.aws_security_group_rule.rds_ingress_lambda",
            "module.lambda.data.archive_file.lambda_zip",
            "module.lambda.null_resource.lambda_build",
            "module.rds.aws_db_instance.main",
            "module.rds.aws_db_parameter_group.mysql_cdc",
            "module.rds.aws_db_subnet_group.main",
            "module.rds.aws_secretsmanager_secret.db_credentials",
            "module.rds.aws_secretsmanager_secret_version.db_credentials",
            "module.rds.aws_security_group.rds",
            "module.rds.random_password.password",
            "module.s3.aws_s3_bucket.main",
            "module.vpc.aws_subnet.private",
            "module.vpc.aws_subnet.public",
            "module.vpc.aws_vpc.main",
            "null_resource.db_migration",
            "null_resource.start_dms_task"
          ]
        }
      ]
    },
    {
      "module": "module.dms",
      "mode": "managed",
      "type": "aws_dms_endpoint",
      "name": "source",
      "provider": "provider[\"registry.terraform.io/hashicorp/aws\"]",
      "instances": [
        {
          "schema_version": 0,
          "attributes": {
            "certificate_arn": "",
            "database_name": "",
            "elasticsearch_settings": [],
            "endpoint_arn": "arn:aws:dms:ca-central-1:424254664937:endpoint:YT6MNDZRLRHLDBU5B5Y2FQ4APM",
            "endpoint_id": "aws-de-project-dev-source-endpoint",
            "endpoint_type": "source",
            "engine_name": "mysql",
            "extra_connection_attributes": "",
            "id": "aws-de-project-dev-source-endpoint",
            "kafka_settings": [],
            "kinesis_settings": [],
            "kms_key_arn": "arn:aws:kms:ca-central-1:424254664937:key/acd082a7-e830-4409-baa7-eda34a66b92b",
            "mongodb_settings": [],
            "password": null,
            "pause_replication_tasks": null,
            "port": 0,
            "postgres_settings": [],
            "redis_settings": [],
            "redshift_settings": [],
            "s3_settings": [],
            "secrets_manager_access_role_arn": "arn:aws:iam::424254664937:role/aws-de-project-dev-dms-secrets-role",
            "secrets_manager_arn": "arn:aws:secretsmanager:ca-central-1:424254664937:secret:aws-de-project/dev/mysql-credentials-IUPuwD",
            "server_name": "",
            "service_access_role": null,
            "ssl_mode": "none",
            "tags": {
              "Name": "aws-de-project-dev-source-endpoint"
            },
            "tags_all": {
              "Environment": "dev",
              "ManagedBy": "Terraform",
              "Name": "aws-de-project-dev-source-endpoint",
              "Project": "aws-de-project"
            },
            "timeouts": null,
            "username": ""
          },
          "sensitive_attributes": [
            [
              {
                "type": "get_attr",
                "value": "password"
              }
            ]
          ],
          "identity_schema_version": 0,
          "private": "eyJlMmJmYjczMC1lY2FhLTExZTYtOGY4OC0zNDM2M2JjN2M0YzAiOnsiY3JlYXRlIjozMDAwMDAwMDAwMDAsImRlbGV0ZSI6NjAwMDAwMDAwMDAwfX0=",
          "dependencies": [
            "module.dms.aws_iam_role.dms_secrets_role",
            "module.rds.aws_secretsmanager_secret.db_credentials"
          ]
        }
      ]
    },
    {
      "module": "module.dms",
      "mode": "managed",
      "type": "aws_dms_endpoint",
      "name": "target",
      "provider": "provider[\"registry.terraform.io/hashicorp/aws\"]",
      "instances": [
        {
          "schema_version": 0,
          "attributes": {
            "certificate_arn": "",
            "database_name": null,
            "elasticsearch_settings": [],
            "endpoint_arn": "arn:aws:dms:ca-central-1:424254664937:endpoint:WGZ3HTHHIVGQXLMU2BQ454PHQQ",
            "endpoint_id": "aws-de-project-dev-target-endpoint",
            "endpoint_type": "target",
            "engine_name": "s3",
            "extra_connection_attributes": "bucketFolder=bronze;bucketName=aws-de-project-dev-data-20260417025725087400000002;compressionType=NONE;csvDelimiter=,;csvRowDelimiter=\\n;datePartitionDelimiter=SLASH;datePartitionEnabled=false;datePartitionSequence=YYYYMMDD;",
            "id": "aws-de-project-dev-target-endpoint",
            "kafka_settings": [],
            "kinesis_settings": [],
            "kms_key_arn": "",
            "mongodb_settings": [],
            "password": null,
            "pause_replication_tasks": null,
            "port": null,
            "postgres_settings": [],
            "redis_settings": [],
            "redshift_settings": [],
            "s3_settings": [
              {
                "add_column_name": true,
                "bucket_folder": "bronze",
                "bucket_name": "aws-de-project-dev-data-20260417025725087400000002",
                "canned_acl_for_objects": "none",
                "cdc_inserts_and_updates": false,
                "cdc_inserts_only": false,
                "cdc_max_batch_interval": 60,
                "cdc_min_file_size": 32000,
                "cdc_path": "",
                "compression_type": "NONE",
                "csv_delimiter": ",",
                "csv_no_sup_value": "",
                "csv_null_value": "NULL",
                "csv_row_delimiter": "\\n",
                "data_format": "csv",
                "data_page_size": 1048576,
                "date_partition_delimiter": "slash",
                "date_partition_enabled": false,
                "date_partition_sequence": "yyyymmdd",
                "dict_page_size_limit": 1048576,
                "enable_statistics": true,
                "encoding_type": "rle-dictionary",
                "encryption_mode": "SSE_S3",
                "external_table_definition": "",
                "glue_catalog_generation": false,
                "ignore_header_rows": 0,
                "include_op_for_full_load": true,
                "max_file_size": 1048576,
                "parquet_timestamp_in_millisecond": false,
                "parquet_version": "parquet-1-0",
                "preserve_transactions": false,
                "rfc_4180": true,
                "row_group_length": 10000,
                "server_side_encryption_kms_key_id": "",
                "service_access_role_arn": "arn:aws:iam::424254664937:role/aws-de-project-dev-dms-s3-role",
                "timestamp_column_name": "db_timestamp",
                "use_csv_no_sup_value": false,
                "use_task_start_time_for_full_load_timestamp": false
              }
            ],
            "secrets_manager_access_role_arn": null,
            "secrets_manager_arn": null,
            "server_name": null,
            "service_access_role": null,
            "ssl_mode": "none",
            "tags": {
              "Name": "aws-de-project-dev-target-endpoint"
            },
            "tags_all": {
              "Environment": "dev",
              "ManagedBy": "Terraform",
              "Name": "aws-de-project-dev-target-endpoint",
              "Project": "aws-de-project"
            },
            "timeouts": null,
            "username": null
          },
          "sensitive_attributes": [
            [
              {
                "type": "get_attr",
                "value": "password"
              }
            ]
          ],
          "identity_schema_version": 0,
          "private": "eyJlMmJmYjczMC1lY2FhLTExZTYtOGY4OC0zNDM2M2JjN2M0YzAiOnsiY3JlYXRlIjozMDAwMDAwMDAwMDAsImRlbGV0ZSI6NjAwMDAwMDAwMDAwfX0=",
          "dependencies": [
            "module.dms.aws_iam_role.dms_s3_role",
            "module.s3.aws_s3_bucket.main"
          ]
        }
      ]
    },
    {
      "module": "module.dms",
      "mode": "managed",
      "type": "aws_dms_replication_instance",
      "name": "main",
      "provider": "provider[\"registry.terraform.io/hashicorp/aws\"]",
      "instances": [
        {
          "schema_version": 0,
          "attributes": {
            "allocated_storage": 20,
            "allow_major_version_upgrade": null,
            "apply_immediately": null,
            "auto_minor_version_upgrade": false,
            "availability_zone": "ca-central-1a",
            "engine_version": "3.5.4",
            "id": "aws-de-project-dev-dms-instance",
            "kms_key_arn": "arn:aws:kms:ca-central-1:424254664937:key/acd082a7-e830-4409-baa7-eda34a66b92b",
            "multi_az": false,
            "network_type": "IPV4",
            "preferred_maintenance_window": "mon:09:06-mon:09:36",
            "publicly_accessible": false,
            "replication_instance_arn": "arn:aws:dms:ca-central-1:424254664937:rep:HUKR5KIFNJCUJP3E2C5VUWFHKE",
            "replication_instance_class": "dms.t3.medium",
            "replication_instance_id": "aws-de-project-dev-dms-instance",
            "replication_instance_private_ips": [
              "10.0.10.36"
            ],
            "replication_instance_public_ips": [],
            "replication_subnet_group_id": "aws-de-project-dev-dms-subnet-group",
            "tags": {
              "Name": "aws-de-project-dev-dms-instance"
            },
            "tags_all": {
              "Environment": "dev",
              "ManagedBy": "Terraform",
              "Name": "aws-de-project-dev-dms-instance",
              "Project": "aws-de-project"
            },
            "timeouts": null,
            "vpc_security_group_ids": [
              "sg-0e872ab51be8812b5"
            ]
          },
          "sensitive_attributes": [],
          "identity_schema_version": 0,
          "private": "eyJlMmJmYjczMC1lY2FhLTExZTYtOGY4OC0zNDM2M2JjN2M0YzAiOnsiY3JlYXRlIjoyNDAwMDAwMDAwMDAwLCJkZWxldGUiOjE4MDAwMDAwMDAwMDAsInVwZGF0ZSI6MTgwMDAwMDAwMDAwMH19",
          "dependencies": [
            "module.dms.aws_dms_replication_subnet_group.main",
            "module.dms.aws_security_group.dms",
            "module.vpc.aws_subnet.private",
            "module.vpc.aws_vpc.main"
          ]
        }
      ]
    },
    {
      "module": "module.dms",
      "mode": "managed",
      "type": "aws_dms_replication_subnet_group",
      "name": "main",
      "provider": "provider[\"registry.terraform.io/hashicorp/aws\"]",
      "instances": [
        {
          "schema_version": 0,
          "attributes": {
            "id": "aws-de-project-dev-dms-subnet-group",
            "replication_subnet_group_arn": "arn:aws:dms:ca-central-1:424254664937:subgrp:aws-de-project-dev-dms-subnet-group",
            "replication_subnet_group_description": "DMS subnet group",
            "replication_subnet_group_id": "aws-de-project-dev-dms-subnet-group",
            "subnet_ids": [
              "subnet-008fefa13c815ae5f",
              "subnet-0e37bdbd32df1de07"
            ],
            "tags": {
              "Name": "aws-de-project-dev-dms-subnet-group"
            },
            "tags_all": {
              "Environment": "dev",
              "ManagedBy": "Terraform",
              "Name": "aws-de-project-dev-dms-subnet-group",
              "Project": "aws-de-project"
            },
            "vpc_id": "vpc-0a19c75431062fbb5"
          },
          "sensitive_attributes": [],
          "identity_schema_version": 0,
          "private": "bnVsbA==",
          "dependencies": [
            "module.vpc.aws_subnet.private",
            "module.vpc.aws_vpc.main"
          ]
        }
      ]
    },
    {
      "module": "module.dms",
      "mode": "managed",
      "type": "aws_dms_replication_task",
      "name": "main",
      "provider": "provider[\"registry.terraform.io/hashicorp/aws\"]",
      "instances": [
        {
          "schema_version": 0,
          "attributes": {
            "cdc_start_position": "",
            "cdc_start_time": null,
            "id": "aws-de-project-dev-replication-task",
            "migration_type": "full-load-and-cdc",
            "replication_instance_arn": "arn:aws:dms:ca-central-1:424254664937:rep:HUKR5KIFNJCUJP3E2C5VUWFHKE",
            "replication_task_arn": "arn:aws:dms:ca-central-1:424254664937:task:CG2TGD5GLVDJZAV5M4IEXDNFDE",
            "replication_task_id": "aws-de-project-dev-replication-task",
            "replication_task_settings": "{\"Logging\":{\"EnableLogging\":true,\"EnableLogContext\":false,\"LogComponents\":[{\"Severity\":\"LOGGER_SEVERITY_DEFAULT\",\"Id\":\"DATA_STRUCTURE\"},{\"Severity\":\"LOGGER_SEVERITY_DEFAULT\",\"Id\":\"COMMUNICATION\"},{\"Severity\":\"LOGGER_SEVERITY_DEFAULT\",\"Id\":\"IO\"},{\"Severity\":\"LOGGER_SEVERITY_DEFAULT\",\"Id\":\"COMMON\"},{\"Severity\":\"LOGGER_SEVERITY_DEFAULT\",\"Id\":\"FILE_FACTORY\"},{\"Severity\":\"LOGGER_SEVERITY_DEFAULT\",\"Id\":\"FILE_TRANSFER\"},{\"Severity\":\"LOGGER_SEVERITY_DEFAULT\",\"Id\":\"REST_SERVER\"},{\"Severity\":\"LOGGER_SEVERITY_DEFAULT\",\"Id\":\"ADDONS\"},{\"Severity\":\"LOGGER_SEVERITY_DEFAULT\",\"Id\":\"TARGET_LOAD\"},{\"Severity\":\"LOGGER_SEVERITY_DEFAULT\",\"Id\":\"TARGET_APPLY\"},{\"Severity\":\"LOGGER_SEVERITY_DEFAULT\",\"Id\":\"SOURCE_UNLOAD\"},{\"Severity\":\"LOGGER_SEVERITY_DEFAULT\",\"Id\":\"SOURCE_CAPTURE\"},{\"Severity\":\"LOGGER_SEVERITY_DEFAULT\",\"Id\":\"TRANSFORMATION\"},{\"Severity\":\"LOGGER_SEVERITY_DEFAULT\",\"Id\":\"SORTER\"},{\"Severity\":\"LOGGER_SEVERITY_DEFAULT\",\"Id\":\"TASK_MANAGER\"},{\"Severity\":\"LOGGER_SEVERITY_DEFAULT\",\"Id\":\"TABLES_MANAGER\"},{\"Severity\":\"LOGGER_SEVERITY_DEFAULT\",\"Id\":\"METADATA_MANAGER\"},{\"Severity\":\"LOGGER_SEVERITY_DEFAULT\",\"Id\":\"PERFORMANCE\"},{\"Severity\":\"LOGGER_SEVERITY_DEFAULT\",\"Id\":\"VALIDATOR_EXT\"}],\"CloudWatchLogGroup\":\"dms-tasks-aws-de-project-dev-dms-instance\",\"CloudWatchLogStream\":\"dms-task-CG2TGD5GLVDJZAV5M4IEXDNFDE\"},\"StreamBufferSettings\":{\"StreamBufferCount\":3,\"CtrlStreamBufferSizeInMB\":5,\"StreamBufferSizeInMB\":8},\"ErrorBehavior\":{\"FailOnNoTablesCaptured\":true,\"ApplyErrorUpdatePolicy\":\"LOG_ERROR\",\"FailOnTransactionConsistencyBreached\":false,\"RecoverableErrorThrottlingMax\":1800,\"DataErrorEscalationPolicy\":\"SUSPEND_TABLE\",\"ApplyErrorEscalationCount\":0,\"RecoverableErrorStopRetryAfterThrottlingMax\":true,\"RecoverableErrorThrottling\":true,\"ApplyErrorFailOnTruncationDdl\":false,\"DataMaskingErrorPolicy\":\"STOP_TASK\",\"DataTruncationErrorPolicy\":\"LOG_ERROR\",\"ApplyErrorInsertPolicy\":\"LOG_ERROR\",\"EventErrorPolicy\":\"IGNORE\",\"ApplyErrorEscalationPolicy\":\"LOG_ERROR\",\"RecoverableErrorCount\":-1,\"DataErrorEscalationCount\":0,\"TableErrorEscalationPolicy\":\"STOP_TASK\",\"RecoverableErrorInterval\":5,\"ApplyErrorDeletePolicy\":\"IGNORE_RECORD\",\"TableErrorEscalationCount\":0,\"FullLoadIgnoreConflicts\":true,\"DataErrorPolicy\":\"LOG_ERROR\",\"TableErrorPolicy\":\"SUSPEND_TABLE\"},\"TTSettings\":{\"TTS3Settings\":null,\"TTRecordSettings\":null,\"EnableTT\":false},\"FullLoadSettings\":{\"CommitRate\":10000,\"StopTaskCachedChangesApplied\":false,\"StopTaskCachedChangesNotApplied\":false,\"MaxFullLoadSubTasks\":8,\"TransactionConsistencyTimeout\":600,\"CreatePkAfterFullLoad\":false,\"TargetTablePrepMode\":\"DROP_AND_CREATE\"},\"TargetMetadata\":{\"ParallelApplyBufferSize\":0,\"ParallelApplyQueuesPerThread\":0,\"ParallelApplyThreads\":0,\"TargetSchema\":\"\",\"InlineLobMaxSize\":0,\"ParallelLoadQueuesPerThread\":0,\"SupportLobs\":true,\"LobChunkSize\":64,\"TaskRecoveryTableEnabled\":false,\"ParallelLoadThreads\":0,\"LobMaxSize\":32,\"BatchApplyEnabled\":false,\"FullLobMode\":false,\"LimitedSizeLobMode\":true,\"LoadMaxFileSize\":0,\"ParallelLoadBufferSize\":0},\"BeforeImageSettings\":null,\"ControlTablesSettings\":{\"historyTimeslotInMinutes\":5,\"HistoryTimeslotInMinutes\":5,\"StatusTableEnabled\":false,\"SuspendedTablesTableEnabled\":false,\"HistoryTableEnabled\":false,\"ControlSchema\":\"\",\"FullLoadExceptionTableEnabled\":false},\"LoopbackPreventionSettings\":null,\"CharacterSetSettings\":null,\"FailTaskWhenCleanTaskResourceFailed\":false,\"ChangeProcessingTuning\":{\"StatementCacheSize\":50,\"CommitTimeout\":1,\"RecoveryTimeout\":-1,\"BatchApplyPreserveTransaction\":true,\"BatchApplyTimeoutMin\":1,\"BatchSplitSize\":0,\"BatchApplyTimeoutMax\":30,\"MinTransactionSize\":1000,\"MemoryKeepTime\":60,\"BatchApplyMemoryLimit\":500,\"MemoryLimitTotal\":1024},\"ChangeProcessingDdlHandlingPolicy\":{\"HandleSourceTableDropped\":true,\"HandleSourceTableTruncated\":true,\"HandleSourceTableAltered\":true},\"PostProcessingRules\":null}",
            "resource_identifier": null,
            "source_endpoint_arn": "arn:aws:dms:ca-central-1:424254664937:endpoint:YT6MNDZRLRHLDBU5B5Y2FQ4APM",
            "start_replication_task": false,
            "status": "running",
            "table_mappings": "{\"rules\":[{\"object-locator\":{\"schema-name\":\"dev\",\"table-name\":\"%\"},\"rule-action\":\"include\",\"rule-id\":\"1\",\"rule-name\":\"1\",\"rule-type\":\"selection\"}]}",
            "tags": {
              "Name": "aws-de-project-dev-replication-task"
            },
            "tags_all": {
              "Environment": "dev",
              "ManagedBy": "Terraform",
              "Name": "aws-de-project-dev-replication-task",
              "Project": "aws-de-project"
            },
            "target_endpoint_arn": "arn:aws:dms:ca-central-1:424254664937:endpoint:WGZ3HTHHIVGQXLMU2BQ454PHQQ"
          },
          "sensitive_attributes": [],
          "identity_schema_version": 0,
          "private": "bnVsbA==",
          "dependencies": [
            "module.dms.aws_dms_endpoint.source",
            "module.dms.aws_dms_endpoint.target",
            "module.dms.aws_dms_replication_instance.main",
            "module.dms.aws_dms_replication_subnet_group.main",
            "module.dms.aws_iam_role.dms_s3_role",
            "module.dms.aws_iam_role.dms_secrets_role",
            "module.dms.aws_security_group.dms",
            "module.rds.aws_secretsmanager_secret.db_credentials",
            "module.s3.aws_s3_bucket.main",
            "module.vpc.aws_subnet.private",
            "module.vpc.aws_vpc.main"
          ]
        }
      ]
    },
    {
      "module": "module.dms",
      "mode": "managed",
      "type": "aws_iam_policy",
      "name": "dms_s3_policy",
      "provider": "provider[\"registry.terraform.io/hashicorp/aws\"]",
      "instances": [
        {
          "schema_version": 0,
          "attributes": {
            "arn": "arn:aws:iam::424254664937:policy/aws-de-project-dev-dms-s3-policy",
            "attachment_count": 1,
            "description": "",
            "id": "arn:aws:iam::424254664937:policy/aws-de-project-dev-dms-s3-policy",
            "name": "aws-de-project-dev-dms-s3-policy",
            "name_prefix": "",
            "path": "/",
            "policy": "{\"Statement\":[{\"Action\":[\"s3:PutObject\",\"s3:DeleteObject\",\"s3:ListBucket\"],\"Effect\":\"Allow\",\"Resource\":[\"arn:aws:s3:::aws-de-project-dev-data-20260417025725087400000002\",\"arn:aws:s3:::aws-de-project-dev-data-20260417025725087400000002/*\"]}],\"Version\":\"2012-10-17\"}",
            "policy_id": "ANPAWFR4MODUWR44PTLG5",
            "tags": {},
            "tags_all": {
              "Environment": "dev",
              "ManagedBy": "Terraform",
              "Project": "aws-de-project"
            }
          },
          "sensitive_attributes": [],
          "identity_schema_version": 0,
          "private": "bnVsbA==",
          "dependencies": [
            "module.s3.aws_s3_bucket.main"
          ]
        }
      ]
    },
    {
      "module": "module.dms",
      "mode": "managed",
      "type": "aws_iam_policy",
      "name": "dms_secrets_policy",
      "provider": "provider[\"registry.terraform.io/hashicorp/aws\"]",
      "instances": [
        {
          "schema_version": 0,
          "attributes": {
            "arn": "arn:aws:iam::424254664937:policy/aws-de-project-dev-dms-secrets-policy",
            "attachment_count": 1,
            "description": "",
            "id": "arn:aws:iam::424254664937:policy/aws-de-project-dev-dms-secrets-policy",
            "name": "aws-de-project-dev-dms-secrets-policy",
            "name_prefix": "",
            "path": "/",
            "policy": "{\"Statement\":[{\"Action\":[\"secretsmanager:GetSecretValue\"],\"Effect\":\"Allow\",\"Resource\":[\"arn:aws:secretsmanager:ca-central-1:424254664937:secret:aws-de-project/dev/mysql-credentials-IUPuwD\"]}],\"Version\":\"2012-10-17\"}",
            "policy_id": "ANPAWFR4MODU6KSOYEHFQ",
            "tags": {},
            "tags_all": {
              "Environment": "dev",
              "ManagedBy": "Terraform",
              "Project": "aws-de-project"
            }
          },
          "sensitive_attributes": [],
          "identity_schema_version": 0,
          "private": "bnVsbA==",
          "dependencies": [
            "module.rds.aws_secretsmanager_secret.db_credentials"
          ]
        }
      ]
    },
    {
      "module": "module.dms",
      "mode": "managed",
      "type": "aws_iam_role",
      "name": "dms_s3_role",
      "provider": "provider[\"registry.terraform.io/hashicorp/aws\"]",
      "instances": [
        {
          "schema_version": 0,
          "attributes": {
            "arn": "arn:aws:iam::424254664937:role/aws-de-project-dev-dms-s3-role",
            "assume_role_policy": "{\"Statement\":[{\"Action\":\"sts:AssumeRole\",\"Effect\":\"Allow\",\"Principal\":{\"Service\":[\"dms.amazonaws.com\",\"dms.ca-central-1.amazonaws.com\"]}}],\"Version\":\"2012-10-17\"}",
            "create_date": "2026-04-17T02:57:25Z",
            "description": "",
            "force_detach_policies": false,
            "id": "aws-de-project-dev-dms-s3-role",
            "inline_policy": [],
            "managed_policy_arns": [
              "arn:aws:iam::424254664937:policy/aws-de-project-dev-dms-s3-policy"
            ],
            "max_session_duration": 3600,
            "name": "aws-de-project-dev-dms-s3-role",
            "name_prefix": "",
            "path": "/",
            "permissions_boundary": "",
            "tags": {},
            "tags_all": {
              "Environment": "dev",
              "ManagedBy": "Terraform",
              "Project": "aws-de-project"
            },
            "unique_id": "AROAWFR4MODUYPWZITVON"
          },
          "sensitive_attributes": [],
          "identity_schema_version": 0,
          "private": "bnVsbA=="
        }
      ]
    },
    {
      "module": "module.dms",
      "mode": "managed",
      "type": "aws_iam_role",
      "name": "dms_secrets_role",
      "provider": "provider[\"registry.terraform.io/hashicorp/aws\"]",
      "instances": [
        {
          "schema_version": 0,
          "attributes": {
            "arn": "arn:aws:iam::424254664937:role/aws-de-project-dev-dms-secrets-role",
            "assume_role_policy": "{\"Statement\":[{\"Action\":\"sts:AssumeRole\",\"Effect\":\"Allow\",\"Principal\":{\"Service\":[\"dms.amazonaws.com\",\"dms.ca-central-1.amazonaws.com\"]}}],\"Version\":\"2012-10-17\"}",
            "create_date": "2026-04-17T02:57:25Z",
            "description": "",
            "force_detach_policies": false,
            "id": "aws-de-project-dev-dms-secrets-role",
            "inline_policy": [],
            "managed_policy_arns": [
              "arn:aws:iam::424254664937:policy/aws-de-project-dev-dms-secrets-policy"
            ],
            "max_session_duration": 3600,
            "name": "aws-de-project-dev-dms-secrets-role",
            "name_prefix": "",
            "path": "/",
            "permissions_boundary": "",
            "tags": {},
            "tags_all": {
              "Environment": "dev",
              "ManagedBy": "Terraform",
              "Project": "aws-de-project"
            },
            "unique_id": "AROAWFR4MODUT5YQVABGI"
          },
          "sensitive_attributes": [],
          "identity_schema_version": 0,
          "private": "bnVsbA=="
        }
      ]
    },
    {
      "module": "module.dms",
      "mode": "managed",
      "type": "aws_iam_role_policy_attachment",
      "name": "dms_s3_attach",
      "provider": "provider[\"registry.terraform.io/hashicorp/aws\"]",
      "instances": [
        {
          "schema_version": 0,
          "attributes": {
            "id": "aws-de-project-dev-dms-s3-role-20260417025726758600000005",
            "policy_arn": "arn:aws:iam::424254664937:policy/aws-de-project-dev-dms-s3-policy",
            "role": "aws-de-project-dev-dms-s3-role"
          },
          "sensitive_attributes": [],
          "identity_schema_version": 0,
          "private": "bnVsbA==",
          "dependencies": [
            "module.dms.aws_iam_policy.dms_s3_policy",
            "module.dms.aws_iam_role.dms_s3_role",
            "module.s3.aws_s3_bucket.main"
          ]
        }
      ]
    },
    {
      "module": "module.dms",
      "mode": "managed",
      "type": "aws_iam_role_policy_attachment",
      "name": "dms_secrets_attach",
      "provider": "provider[\"registry.terraform.io/hashicorp/aws\"]",
      "instances": [
        {
          "schema_version": 0,
          "attributes": {
            "id": "aws-de-project-dev-dms-secrets-role-20260417025725759200000003",
            "policy_arn": "arn:aws:iam::424254664937:policy/aws-de-project-dev-dms-secrets-policy",
            "role": "aws-de-project-dev-dms-secrets-role"
          },
          "sensitive_attributes": [],
          "identity_schema_version": 0,
          "private": "bnVsbA==",
          "dependencies": [
            "module.dms.aws_iam_policy.dms_secrets_policy",
            "module.dms.aws_iam_role.dms_secrets_role",
            "module.rds.aws_secretsmanager_secret.db_credentials"
          ]
        }
      ]
    },
    {
      "module": "module.dms",
      "mode": "managed",
      "type": "aws_security_group",
      "name": "dms",
      "provider": "provider[\"registry.terraform.io/hashicorp/aws\"]",
      "instances": [
        {
          "schema_version": 1,
          "attributes": {
            "arn": "arn:aws:ec2:ca-central-1:424254664937:security-group/sg-0e872ab51be8812b5",
            "description": "Security group for DMS replication instance",
            "egress": [
              {
                "cidr_blocks": [
                  "0.0.0.0/0"
                ],
                "description": "",
                "from_port": 0,
                "ipv6_cidr_blocks": [],
                "prefix_list_ids": [],
                "protocol": "-1",
                "security_groups": [],
                "self": false,
                "to_port": 0
              }
            ],
            "id": "sg-0e872ab51be8812b5",
            "ingress": [
              {
                "cidr_blocks": [
                  "10.0.0.0/16"
                ],
                "description": "",
                "from_port": 0,
                "ipv6_cidr_blocks": [],
                "prefix_list_ids": [],
                "protocol": "-1",
                "security_groups": [],
                "self": false,
                "to_port": 0
              },
              {
                "cidr_blocks": [],
                "description": "",
                "from_port": 0,
                "ipv6_cidr_blocks": [],
                "prefix_list_ids": [],
                "protocol": "-1",
                "security_groups": [],
                "self": true,
                "to_port": 0
              }
            ],
            "name": "aws-de-project-dev-dms-sg",
            "name_prefix": "",
            "owner_id": "424254664937",
            "revoke_rules_on_delete": false,
            "tags": {
              "Name": "aws-de-project-dev-dms-sg"
            },
            "tags_all": {
              "Environment": "dev",
              "ManagedBy": "Terraform",
              "Name": "aws-de-project-dev-dms-sg",
              "Project": "aws-de-project"
            },
            "timeouts": null,
            "vpc_id": "vpc-0a19c75431062fbb5"
          },
          "sensitive_attributes": [],
          "identity_schema_version": 0,
          "private": "eyJlMmJmYjczMC1lY2FhLTExZTYtOGY4OC0zNDM2M2JjN2M0YzAiOnsiY3JlYXRlIjo2MDAwMDAwMDAwMDAsImRlbGV0ZSI6OTAwMDAwMDAwMDAwfSwic2NoZW1hX3ZlcnNpb24iOiIxIn0=",
          "dependencies": [
            "module.vpc.aws_vpc.main"
          ]
        }
      ]
    },
    {
      "module": "module.dms",
      "mode": "managed",
      "type": "aws_security_group_rule",
      "name": "rds_ingress_dms",
      "provider": "provider[\"registry.terraform.io/hashicorp/aws\"]",
      "instances": [
        {
          "schema_version": 2,
          "attributes": {
            "cidr_blocks": null,
            "description": null,
            "from_port": 3306,
            "id": "sgrule-396365767",
            "ipv6_cidr_blocks": null,
            "prefix_list_ids": null,
            "protocol": "tcp",
            "security_group_id": "sg-07691efadba5f63e5",
            "security_group_rule_id": "sgr-0530ac716cd676916",
            "self": false,
            "source_security_group_id": "sg-0e872ab51be8812b5",
            "timeouts": null,
            "to_port": 3306,
            "type": "ingress"
          },
          "sensitive_attributes": [],
          "identity_schema_version": 0,
          "private": "eyJlMmJmYjczMC1lY2FhLTExZTYtOGY4OC0zNDM2M2JjN2M0YzAiOnsiY3JlYXRlIjozMDAwMDAwMDAwMDB9LCJzY2hlbWFfdmVyc2lvbiI6IjIifQ==",
          "dependencies": [
            "module.dms.aws_security_group.dms",
            "module.rds.aws_security_group.rds",
            "module.vpc.aws_vpc.main"
          ]
        }
      ]
    },
    {
      "module": "module.glue",
      "mode": "managed",
      "type": "aws_glue_catalog_database",
      "name": "main",
      "provider": "provider[\"registry.terraform.io/hashicorp/aws\"]",
      "instances": [
        {
          "schema_version": 0,
          "attributes": {
            "arn": "arn:aws:glue:ca-central-1:424254664937:database/aws-de-project_dev_db",
            "catalog_id": "424254664937",
            "create_table_default_permission": [
              {
                "permissions": [
                  "ALL"
                ],
                "principal": [
                  {
                    "data_lake_principal_identifier": "IAM_ALLOWED_PRINCIPALS"
                  }
                ]
              }
            ],
            "description": "",
            "federated_database": [],
            "id": "424254664937:aws-de-project_dev_db",
            "location_uri": "",
            "name": "aws-de-project_dev_db",
            "parameters": {},
            "tags": {},
            "tags_all": {
              "Environment": "dev",
              "ManagedBy": "Terraform",
              "Project": "aws-de-project"
            },
            "target_database": []
          },
          "sensitive_attributes": [],
          "identity_schema_version": 0,
          "private": "bnVsbA=="
        }
      ]
    },
    {
      "module": "module.glue",
      "mode": "managed",
      "type": "aws_glue_classifier",
      "name": "csv_header",
      "provider": "provider[\"registry.terraform.io/hashicorp/aws\"]",
      "instances": [
        {
          "schema_version": 0,
          "attributes": {
            "csv_classifier": [
              {
                "allow_single_column": false,
                "contains_header": "PRESENT",
                "custom_datatype_configured": false,
                "custom_datatypes": [],
                "delimiter": ",",
                "disable_value_trimming": false,
                "header": [],
                "quote_symbol": "\"",
                "serde": "None"
              }
            ],
            "grok_classifier": [],
            "id": "aws-de-project-dev-csv-classifier",
            "json_classifier": [],
            "name": "aws-de-project-dev-csv-classifier",
            "xml_classifier": []
          },
          "sensitive_attributes": [],
          "identity_schema_version": 0,
          "private": "bnVsbA=="
        }
      ]
    },
    {
      "module": "module.glue",
      "mode": "managed",
      "type": "aws_glue_connection",
      "name": "redshift",
      "provider": "provider[\"registry.terraform.io/hashicorp/aws\"]",
      "instances": [
        {
          "schema_version": 0,
          "attributes": {
            "arn": "arn:aws:glue:ca-central-1:424254664937:connection/redshift-connection",
            "athena_properties": {},
            "catalog_id": "424254664937",
            "connection_properties": {
              "JDBC_CONNECTION_URL": "jdbc:redshift://aws-de-project-dev-redshift.cgky5xg1gccm.ca-central-1.redshift.amazonaws.com:5439/dev",
              "SECRET_ID": "arn:aws:secretsmanager:ca-central-1:424254664937:secret:aws-de-project/dev/redshift-credentials-yzZmZ7"
            },
            "connection_type": "JDBC",
            "description": "",
            "id": "424254664937:redshift-connection",
            "match_criteria": [],
            "name": "redshift-connection",
            "physical_connection_requirements": [
              {
                "availability_zone": "ca-central-1a",
                "security_group_id_list": [
                  "sg-023ff97f61adddb0c"
                ],
                "subnet_id": "subnet-008fefa13c815ae5f"
              }
            ],
            "tags": {},
            "tags_all": {
              "Environment": "dev",
              "ManagedBy": "Terraform",
              "Project": "aws-de-project"
            }
          },
          "sensitive_attributes": [
            [
              {
                "type": "get_attr",
                "value": "athena_properties"
              }
            ],
            [
              {
                "type": "get_attr",
                "value": "connection_properties"
              }
            ]
          ],
          "identity_schema_version": 0,
          "private": "bnVsbA==",
          "dependencies": [
            "module.glue.aws_security_group.glue",
            "module.redshift.aws_iam_role.redshift_role",
            "module.redshift.aws_redshift_cluster.main",
            "module.redshift.aws_redshift_subnet_group.main",
            "module.redshift.aws_secretsmanager_secret.redshift_credentials",
            "module.redshift.aws_security_group.redshift",
            "module.redshift.random_password.password",
            "module.vpc.aws_subnet.private",
            "module.vpc.aws_vpc.main"
          ]
        }
      ]
    },
    {
      "module": "module.glue",
      "mode": "managed",
      "type": "aws_glue_crawler",
      "name": "tables",
      "provider": "provider[\"registry.terraform.io/hashicorp/aws\"]",
      "instances": [
        {
          "index_key": "Customer",
          "schema_version": 0,
          "attributes": {
            "arn": "arn:aws:glue:ca-central-1:424254664937:crawler/aws-de-project-dev-crawler-Customer",
            "catalog_target": [],
            "classifiers": [
              "aws-de-project-dev-csv-classifier"
            ],
            "configuration": "{\"Version\":1.0,\"CrawlerOutput\":{\"Tables\":{\"TableThreshold\":1}}}",
            "database_name": "aws-de-project_dev_db",
            "delta_target": [],
            "description": "",
            "dynamodb_target": [],
            "hudi_target": [],
            "iceberg_target": [],
            "id": "aws-de-project-dev-crawler-Customer",
            "jdbc_target": [],
            "lake_formation_configuration": [
              {
                "account_id": "",
                "use_lake_formation_credentials": false
              }
            ],
            "lineage_configuration": [
              {
                "crawler_lineage_settings": "DISABLE"
              }
            ],
            "mongodb_target": [],
            "name": "aws-de-project-dev-crawler-Customer",
            "recrawl_policy": [
              {
                "recrawl_behavior": "CRAWL_EVERYTHING"
              }
            ],
            "role": "aws-de-project-dev-glue-role",
            "s3_target": [
              {
                "connection_name": "",
                "dlq_event_queue_arn": "",
                "event_queue_arn": "",
                "exclusions": [],
                "path": "s3://aws-de-project-dev-data-20260417025725087400000002/bronze/dev/Customer/",
                "sample_size": 0
              }
            ],
            "schedule": "",
            "schema_change_policy": [
              {
                "delete_behavior": "DEPRECATE_IN_DATABASE",
                "update_behavior": "UPDATE_IN_DATABASE"
              }
            ],
            "security_configuration": "",
            "table_prefix": "",
            "tags": {
              "Name": "aws-de-project-dev-crawler-Customer"
            },
            "tags_all": {
              "Environment": "dev",
              "ManagedBy": "Terraform",
              "Name": "aws-de-project-dev-crawler-Customer",
              "Project": "aws-de-project"
            }
          },
          "sensitive_attributes": [],
          "identity_schema_version": 0,
          "private": "bnVsbA==",
          "dependencies": [
            "module.glue.aws_glue_catalog_database.main",
            "module.glue.aws_glue_classifier.csv_header",
            "module.glue.aws_iam_role.glue_role",
            "module.s3.aws_s3_bucket.main"
          ]
        },
        {
          "index_key": "Orders",
          "schema_version": 0,
          "attributes": {
            "arn": "arn:aws:glue:ca-central-1:424254664937:crawler/aws-de-project-dev-crawler-Orders",
            "catalog_target": [],
            "classifiers": [
              "aws-de-project-dev-csv-classifier"
            ],
            "configuration": "{\"Version\":1.0,\"CrawlerOutput\":{\"Tables\":{\"TableThreshold\":1}}}",
            "database_name": "aws-de-project_dev_db",
            "delta_target": [],
            "description": "",
            "dynamodb_target": [],
            "hudi_target": [],
            "iceberg_target": [],
            "id": "aws-de-project-dev-crawler-Orders",
            "jdbc_target": [],
            "lake_formation_configuration": [
              {
                "account_id": "",
                "use_lake_formation_credentials": false
              }
            ],
            "lineage_configuration": [
              {
                "crawler_lineage_settings": "DISABLE"
              }
            ],
            "mongodb_target": [],
            "name": "aws-de-project-dev-crawler-Orders",
            "recrawl_policy": [
              {
                "recrawl_behavior": "CRAWL_EVERYTHING"
              }
            ],
            "role": "aws-de-project-dev-glue-role",
            "s3_target": [
              {
                "connection_name": "",
                "dlq_event_queue_arn": "",
                "event_queue_arn": "",
                "exclusions": [],
                "path": "s3://aws-de-project-dev-data-20260417025725087400000002/bronze/dev/Orders/",
                "sample_size": 0
              }
            ],
            "schedule": "",
            "schema_change_policy": [
              {
                "delete_behavior": "DEPRECATE_IN_DATABASE",
                "update_behavior": "UPDATE_IN_DATABASE"
              }
            ],
            "security_configuration": "",
            "table_prefix": "",
            "tags": {
              "Name": "aws-de-project-dev-crawler-Orders"
            },
            "tags_all": {
              "Environment": "dev",
              "ManagedBy": "Terraform",
              "Name": "aws-de-project-dev-crawler-Orders",
              "Project": "aws-de-project"
            }
          },
          "sensitive_attributes": [],
          "identity_schema_version": 0,
          "private": "bnVsbA==",
          "dependencies": [
            "module.glue.aws_glue_catalog_database.main",
            "module.glue.aws_glue_classifier.csv_header",
            "module.glue.aws_iam_role.glue_role",
            "module.s3.aws_s3_bucket.main"
          ]
        },
        {
          "index_key": "Product",
          "schema_version": 0,
          "attributes": {
            "arn": "arn:aws:glue:ca-central-1:424254664937:crawler/aws-de-project-dev-crawler-Product",
            "catalog_target": [],
            "classifiers": [
              "aws-de-project-dev-csv-classifier"
            ],
            "configuration": "{\"Version\":1.0,\"CrawlerOutput\":{\"Tables\":{\"TableThreshold\":1}}}",
            "database_name": "aws-de-project_dev_db",
            "delta_target": [],
            "description": "",
            "dynamodb_target": [],
            "hudi_target": [],
            "iceberg_target": [],
            "id": "aws-de-project-dev-crawler-Product",
            "jdbc_target": [],
            "lake_formation_configuration": [
              {
                "account_id": "",
                "use_lake_formation_credentials": false
              }
            ],
            "lineage_configuration": [
              {
                "crawler_lineage_settings": "DISABLE"
              }
            ],
            "mongodb_target": [],
            "name": "aws-de-project-dev-crawler-Product",
            "recrawl_policy": [
              {
                "recrawl_behavior": "CRAWL_EVERYTHING"
              }
            ],
            "role": "aws-de-project-dev-glue-role",
            "s3_target": [
              {
                "connection_name": "",
                "dlq_event_queue_arn": "",
                "event_queue_arn": "",
                "exclusions": [],
                "path": "s3://aws-de-project-dev-data-20260417025725087400000002/bronze/dev/Product/",
                "sample_size": 0
              }
            ],
            "schedule": "",
            "schema_change_policy": [
              {
                "delete_behavior": "DEPRECATE_IN_DATABASE",
                "update_behavior": "UPDATE_IN_DATABASE"
              }
            ],
            "security_configuration": "",
            "table_prefix": "",
            "tags": {
              "Name": "aws-de-project-dev-crawler-Product"
            },
            "tags_all": {
              "Environment": "dev",
              "ManagedBy": "Terraform",
              "Name": "aws-de-project-dev-crawler-Product",
              "Project": "aws-de-project"
            }
          },
          "sensitive_attributes": [],
          "identity_schema_version": 0,
          "private": "bnVsbA==",
          "dependencies": [
            "module.glue.aws_glue_catalog_database.main",
            "module.glue.aws_glue_classifier.csv_header",
            "module.glue.aws_iam_role.glue_role",
            "module.s3.aws_s3_bucket.main"
          ]
        },
        {
          "index_key": "orderDetails",
          "schema_version": 0,
          "attributes": {
            "arn": "arn:aws:glue:ca-central-1:424254664937:crawler/aws-de-project-dev-crawler-orderDetails",
            "catalog_target": [],
            "classifiers": [
              "aws-de-project-dev-csv-classifier"
            ],
            "configuration": "{\"Version\":1.0,\"CrawlerOutput\":{\"Tables\":{\"TableThreshold\":1}}}",
            "database_name": "aws-de-project_dev_db",
            "delta_target": [],
            "description": "",
            "dynamodb_target": [],
            "hudi_target": [],
            "iceberg_target": [],
            "id": "aws-de-project-dev-crawler-orderDetails",
            "jdbc_target": [],
            "lake_formation_configuration": [
              {
                "account_id": "",
                "use_lake_formation_credentials": false
              }
            ],
            "lineage_configuration": [
              {
                "crawler_lineage_settings": "DISABLE"
              }
            ],
            "mongodb_target": [],
            "name": "aws-de-project-dev-crawler-orderDetails",
            "recrawl_policy": [
              {
                "recrawl_behavior": "CRAWL_EVERYTHING"
              }
            ],
            "role": "aws-de-project-dev-glue-role",
            "s3_target": [
              {
                "connection_name": "",
                "dlq_event_queue_arn": "",
                "event_queue_arn": "",
                "exclusions": [],
                "path": "s3://aws-de-project-dev-data-20260417025725087400000002/bronze/dev/orderDetails/",
                "sample_size": 0
              }
            ],
            "schedule": "",
            "schema_change_policy": [
              {
                "delete_behavior": "DEPRECATE_IN_DATABASE",
                "update_behavior": "UPDATE_IN_DATABASE"
              }
            ],
            "security_configuration": "",
            "table_prefix": "",
            "tags": {
              "Name": "aws-de-project-dev-crawler-orderDetails"
            },
            "tags_all": {
              "Environment": "dev",
              "ManagedBy": "Terraform",
              "Name": "aws-de-project-dev-crawler-orderDetails",
              "Project": "aws-de-project"
            }
          },
          "sensitive_attributes": [],
          "identity_schema_version": 0,
          "private": "bnVsbA==",
          "dependencies": [
            "module.glue.aws_glue_catalog_database.main",
            "module.glue.aws_glue_classifier.csv_header",
            "module.glue.aws_iam_role.glue_role",
            "module.s3.aws_s3_bucket.main"
          ]
        }
      ]
    },
    {
      "module": "module.glue",
      "mode": "managed",
      "type": "aws_glue_job",
      "name": "job",
      "provider": "provider[\"registry.terraform.io/hashicorp/aws\"]",
      "instances": [
        {
          "index_key": "load_processed_customers",
          "schema_version": 0,
          "attributes": {
            "arn": "arn:aws:glue:ca-central-1:424254664937:job/aws-de-project-dev-load_processed_customers",
            "command": [
              {
                "name": "glueetl",
                "python_version": "3",
                "runtime": "",
                "script_location": "s3://aws-de-project-dev-data-20260417025725087400000002/scripts/load_processed_customers_job.py"
              }
            ],
            "connections": [
              "redshift-connection"
            ],
            "default_arguments": {
              "--GLUE_DATABASE": "aws-de-project_dev_db",
              "--REDSHIFT_CONNECTION": "redshift-connection",
              "--SOURCE_BUCKET": "aws-de-project-dev-data-20260417025725087400000002",
              "--STAGING_TABLE": "sales.stage_dim_customer",
              "--TARGET_PREFIX": "silver/dev",
              "--TEMP_DIR": "s3://aws-de-project-dev-data-20260417025725087400000002/temporary/",
              "--TempDir": "s3://aws-de-project-dev-data-20260417025725087400000002/temporary/",
              "--job-bookmark-option": "job-bookmark-enable",
              "--job-language": "python"
            },
            "description": "",
            "execution_class": "",
            "execution_property": [
              {
                "max_concurrent_runs": 5
              }
            ],
            "glue_version": "4.0",
            "id": "aws-de-project-dev-load_processed_customers",
            "job_run_queuing_enabled": false,
            "maintenance_window": "",
            "max_capacity": 10,
            "max_retries": 0,
            "name": "aws-de-project-dev-load_processed_customers",
            "non_overridable_arguments": null,
            "notification_property": [],
            "number_of_workers": 10,
            "role_arn": "arn:aws:iam::424254664937:role/aws-de-project-dev-glue-role",
            "security_configuration": "",
            "source_control_details": [],
            "tags": null,
            "tags_all": {
              "Environment": "dev",
              "ManagedBy": "Terraform",
              "Project": "aws-de-project"
            },
            "timeout": 2880,
            "worker_type": "G.1X"
          },
          "sensitive_attributes": [],
          "identity_schema_version": 0,
          "private": "bnVsbA==",
          "dependencies": [
            "module.glue.aws_glue_catalog_database.main",
            "module.glue.aws_glue_connection.redshift",
            "module.glue.aws_iam_role.glue_role",
            "module.glue.aws_security_group.glue",
            "module.redshift.aws_iam_role.redshift_role",
            "module.redshift.aws_redshift_cluster.main",
            "module.redshift.aws_redshift_subnet_group.main",
            "module.redshift.aws_secretsmanager_secret.redshift_credentials",
            "module.redshift.aws_security_group.redshift",
            "module.redshift.random_password.password",
            "module.s3.aws_s3_bucket.main",
            "module.vpc.aws_subnet.private",
            "module.vpc.aws_vpc.main"
          ]
        },
        {
          "index_key": "load_processed_orderdetails",
          "schema_version": 0,
          "attributes": {
            "arn": "arn:aws:glue:ca-central-1:424254664937:job/aws-de-project-dev-load_processed_orderdetails",
            "command": [
              {
                "name": "glueetl",
                "python_version": "3",
                "runtime": "",
                "script_location": "s3://aws-de-project-dev-data-20260417025725087400000002/scripts/load_processed_orderdetails_job.py"
              }
            ],
            "connections": [
              "redshift-connection"
            ],
            "default_arguments": {
              "--GLUE_DATABASE": "aws-de-project_dev_db",
              "--REDSHIFT_CONNECTION": "redshift-connection",
              "--SOURCE_BUCKET": "aws-de-project-dev-data-20260417025725087400000002",
              "--STAGING_TABLE": "sales.stage_fact_order_details",
              "--TARGET_PREFIX": "silver/dev",
              "--TEMP_DIR": "s3://aws-de-project-dev-data-20260417025725087400000002/temporary/",
              "--TempDir": "s3://aws-de-project-dev-data-20260417025725087400000002/temporary/",
              "--job-bookmark-option": "job-bookmark-enable",
              "--job-language": "python"
            },
            "description": "",
            "execution_class": "",
            "execution_property": [
              {
                "max_concurrent_runs": 5
              }
            ],
            "glue_version": "4.0",
            "id": "aws-de-project-dev-load_processed_orderdetails",
            "job_run_queuing_enabled": false,
            "maintenance_window": "",
            "max_capacity": 10,
            "max_retries": 0,
            "name": "aws-de-project-dev-load_processed_orderdetails",
            "non_overridable_arguments": null,
            "notification_property": [],
            "number_of_workers": 10,
            "role_arn": "arn:aws:iam::424254664937:role/aws-de-project-dev-glue-role",
            "security_configuration": "",
            "source_control_details": [],
            "tags": null,
            "tags_all": {
              "Environment": "dev",
              "ManagedBy": "Terraform",
              "Project": "aws-de-project"
            },
            "timeout": 2880,
            "worker_type": "G.1X"
          },
          "sensitive_attributes": [],
          "identity_schema_version": 0,
          "private": "bnVsbA==",
          "dependencies": [
            "module.glue.aws_glue_catalog_database.main",
            "module.glue.aws_glue_connection.redshift",
            "module.glue.aws_iam_role.glue_role",
            "module.glue.aws_security_group.glue",
            "module.redshift.aws_iam_role.redshift_role",
            "module.redshift.aws_redshift_cluster.main",
            "module.redshift.aws_redshift_subnet_group.main",
            "module.redshift.aws_secretsmanager_secret.redshift_credentials",
            "module.redshift.aws_security_group.redshift",
            "module.redshift.random_password.password",
            "module.s3.aws_s3_bucket.main",
            "module.vpc.aws_subnet.private",
            "module.vpc.aws_vpc.main"
          ]
        },
        {
          "index_key": "load_processed_orders",
          "schema_version": 0,
          "attributes": {
            "arn": "arn:aws:glue:ca-central-1:424254664937:job/aws-de-project-dev-load_processed_orders",
            "command": [
              {
                "name": "glueetl",
                "python_version": "3",
                "runtime": "",
                "script_location": "s3://aws-de-project-dev-data-20260417025725087400000002/scripts/load_processed_orders_job.py"
              }
            ],
            "connections": [
              "redshift-connection"
            ],
            "default_arguments": {
              "--GLUE_DATABASE": "aws-de-project_dev_db",
              "--REDSHIFT_CONNECTION": "redshift-connection",
              "--SOURCE_BUCKET": "aws-de-project-dev-data-20260417025725087400000002",
              "--STAGING_TABLE": "sales.stage_fact_orders",
              "--TARGET_PREFIX": "silver/dev",
              "--TEMP_DIR": "s3://aws-de-project-dev-data-20260417025725087400000002/temporary/",
              "--TempDir": "s3://aws-de-project-dev-data-20260417025725087400000002/temporary/",
              "--job-bookmark-option": "job-bookmark-enable",
              "--job-language": "python"
            },
            "description": "",
            "execution_class": "",
            "execution_property": [
              {
                "max_concurrent_runs": 5
              }
            ],
            "glue_version": "4.0",
            "id": "aws-de-project-dev-load_processed_orders",
            "job_run_queuing_enabled": false,
            "maintenance_window": "",
            "max_capacity": 10,
            "max_retries": 0,
            "name": "aws-de-project-dev-load_processed_orders",
            "non_overridable_arguments": null,
            "notification_property": [],
            "number_of_workers": 10,
            "role_arn": "arn:aws:iam::424254664937:role/aws-de-project-dev-glue-role",
            "security_configuration": "",
            "source_control_details": [],
            "tags": null,
            "tags_all": {
              "Environment": "dev",
              "ManagedBy": "Terraform",
              "Project": "aws-de-project"
            },
            "timeout": 2880,
            "worker_type": "G.1X"
          },
          "sensitive_attributes": [],
          "identity_schema_version": 0,
          "private": "bnVsbA==",
          "dependencies": [
            "module.glue.aws_glue_catalog_database.main",
            "module.glue.aws_glue_connection.redshift",
            "module.glue.aws_iam_role.glue_role",
            "module.glue.aws_security_group.glue",
            "module.redshift.aws_iam_role.redshift_role",
            "module.redshift.aws_redshift_cluster.main",
            "module.redshift.aws_redshift_subnet_group.main",
            "module.redshift.aws_secretsmanager_secret.redshift_credentials",
            "module.redshift.aws_security_group.redshift",
            "module.redshift.random_password.password",
            "module.s3.aws_s3_bucket.main",
            "module.vpc.aws_subnet.private",
            "module.vpc.aws_vpc.main"
          ]
        },
        {
          "index_key": "load_processed_products",
          "schema_version": 0,
          "attributes": {
            "arn": "arn:aws:glue:ca-central-1:424254664937:job/aws-de-project-dev-load_processed_products",
            "command": [
              {
                "name": "glueetl",
                "python_version": "3",
                "runtime": "",
                "script_location": "s3://aws-de-project-dev-data-20260417025725087400000002/scripts/load_processed_products.py"
              }
            ],
            "connections": [
              "redshift-connection"
            ],
            "default_arguments": {
              "--GLUE_DATABASE": "aws-de-project_dev_db",
              "--REDSHIFT_CONNECTION": "redshift-connection",
              "--SOURCE_BUCKET": "aws-de-project-dev-data-20260417025725087400000002",
              "--STAGING_TABLE": "sales.stage_dim_product",
              "--TARGET_PREFIX": "silver/dev",
              "--TEMP_DIR": "s3://aws-de-project-dev-data-20260417025725087400000002/temporary/",
              "--TempDir": "s3://aws-de-project-dev-data-20260417025725087400000002/temporary/",
              "--job-bookmark-option": "job-bookmark-enable",
              "--job-language": "python"
            },
            "description": "",
            "execution_class": "",
            "execution_property": [
              {
                "max_concurrent_runs": 5
              }
            ],
            "glue_version": "4.0",
            "id": "aws-de-project-dev-load_processed_products",
            "job_run_queuing_enabled": false,
            "maintenance_window": "",
            "max_capacity": 10,
            "max_retries": 0,
            "name": "aws-de-project-dev-load_processed_products",
            "non_overridable_arguments": null,
            "notification_property": [],
            "number_of_workers": 10,
            "role_arn": "arn:aws:iam::424254664937:role/aws-de-project-dev-glue-role",
            "security_configuration": "",
            "source_control_details": [],
            "tags": null,
            "tags_all": {
              "Environment": "dev",
              "ManagedBy": "Terraform",
              "Project": "aws-de-project"
            },
            "timeout": 2880,
            "worker_type": "G.1X"
          },
          "sensitive_attributes": [],
          "identity_schema_version": 0,
          "private": "bnVsbA==",
          "dependencies": [
            "module.glue.aws_glue_catalog_database.main",
            "module.glue.aws_glue_connection.redshift",
            "module.glue.aws_iam_role.glue_role",
            "module.glue.aws_security_group.glue",
            "module.redshift.aws_iam_role.redshift_role",
            "module.redshift.aws_redshift_cluster.main",
            "module.redshift.aws_redshift_subnet_group.main",
            "module.redshift.aws_secretsmanager_secret.redshift_credentials",
            "module.redshift.aws_security_group.redshift",
            "module.redshift.random_password.password",
            "module.s3.aws_s3_bucket.main",
            "module.vpc.aws_subnet.private",
            "module.vpc.aws_vpc.main"
          ]
        },
        {
          "index_key": "raw_customer_etl_job",
          "schema_version": 0,
          "attributes": {
            "arn": "arn:aws:glue:ca-central-1:424254664937:job/aws-de-project-dev-raw_customer_etl_job",
            "command": [
              {
                "name": "glueetl",
                "python_version": "3",
                "runtime": "",
                "script_location": "s3://aws-de-project-dev-data-20260417025725087400000002/scripts/raw_customer_etl_job.py"
              }
            ],
            "connections": [
              "redshift-connection"
            ],
            "default_arguments": {
              "--GLUE_DATABASE": "aws-de-project_dev_db",
              "--REDSHIFT_CONNECTION": "redshift-connection",
              "--SOURCE_BUCKET": "aws-de-project-dev-data-20260417025725087400000002",
              "--STAGING_TABLE": "sales.stage_dim_customer",
              "--TARGET_PREFIX": "silver/dev",
              "--TEMP_DIR": "s3://aws-de-project-dev-data-20260417025725087400000002/temporary/",
              "--TempDir": "s3://aws-de-project-dev-data-20260417025725087400000002/temporary/",
              "--job-bookmark-option": "job-bookmark-enable",
              "--job-language": "python"
            },
            "description": "",
            "execution_class": "",
            "execution_property": [
              {
                "max_concurrent_runs": 5
              }
            ],
            "glue_version": "4.0",
            "id": "aws-de-project-dev-raw_customer_etl_job",
            "job_run_queuing_enabled": false,
            "maintenance_window": "",
            "max_capacity": 10,
            "max_retries": 0,
            "name": "aws-de-project-dev-raw_customer_etl_job",
            "non_overridable_arguments": null,
            "notification_property": [],
            "number_of_workers": 10,
            "role_arn": "arn:aws:iam::424254664937:role/aws-de-project-dev-glue-role",
            "security_configuration": "",
            "source_control_details": [],
            "tags": null,
            "tags_all": {
              "Environment": "dev",
              "ManagedBy": "Terraform",
              "Project": "aws-de-project"
            },
            "timeout": 2880,
            "worker_type": "G.1X"
          },
          "sensitive_attributes": [],
          "identity_schema_version": 0,
          "private": "bnVsbA==",
          "dependencies": [
            "module.glue.aws_glue_catalog_database.main",
            "module.glue.aws_glue_connection.redshift",
            "module.glue.aws_iam_role.glue_role",
            "module.glue.aws_security_group.glue",
            "module.redshift.aws_iam_role.redshift_role",
            "module.redshift.aws_redshift_cluster.main",
            "module.redshift.aws_redshift_subnet_group.main",
            "module.redshift.aws_secretsmanager_secret.redshift_credentials",
            "module.redshift.aws_security_group.redshift",
            "module.redshift.random_password.password",
            "module.s3.aws_s3_bucket.main",
            "module.vpc.aws_subnet.private",
            "module.vpc.aws_vpc.main"
          ]
        },
        {
          "index_key": "raw_orderdetails_etl_job",
          "schema_version": 0,
          "attributes": {
            "arn": "arn:aws:glue:ca-central-1:424254664937:job/aws-de-project-dev-raw_orderdetails_etl_job",
            "command": [
              {
                "name": "glueetl",
                "python_version": "3",
                "runtime": "",
                "script_location": "s3://aws-de-project-dev-data-20260417025725087400000002/scripts/raw_orderdetails_etl_job.py"
              }
            ],
            "connections": [
              "redshift-connection"
            ],
            "default_arguments": {
              "--GLUE_DATABASE": "aws-de-project_dev_db",
              "--REDSHIFT_CONNECTION": "redshift-connection",
              "--SOURCE_BUCKET": "aws-de-project-dev-data-20260417025725087400000002",
              "--STAGING_TABLE": "sales.stage_fact_order_details",
              "--TARGET_PREFIX": "silver/dev",
              "--TEMP_DIR": "s3://aws-de-project-dev-data-20260417025725087400000002/temporary/",
              "--TempDir": "s3://aws-de-project-dev-data-20260417025725087400000002/temporary/",
              "--job-bookmark-option": "job-bookmark-enable",
              "--job-language": "python"
            },
            "description": "",
            "execution_class": "",
            "execution_property": [
              {
                "max_concurrent_runs": 5
              }
            ],
            "glue_version": "4.0",
            "id": "aws-de-project-dev-raw_orderdetails_etl_job",
            "job_run_queuing_enabled": false,
            "maintenance_window": "",
            "max_capacity": 10,
            "max_retries": 0,
            "name": "aws-de-project-dev-raw_orderdetails_etl_job",
            "non_overridable_arguments": null,
            "notification_property": [],
            "number_of_workers": 10,
            "role_arn": "arn:aws:iam::424254664937:role/aws-de-project-dev-glue-role",
            "security_configuration": "",
            "source_control_details": [],
            "tags": null,
            "tags_all": {
              "Environment": "dev",
              "ManagedBy": "Terraform",
              "Project": "aws-de-project"
            },
            "timeout": 2880,
            "worker_type": "G.1X"
          },
          "sensitive_attributes": [],
          "identity_schema_version": 0,
          "private": "bnVsbA==",
          "dependencies": [
            "module.glue.aws_glue_catalog_database.main",
            "module.glue.aws_glue_connection.redshift",
            "module.glue.aws_iam_role.glue_role",
            "module.glue.aws_security_group.glue",
            "module.redshift.aws_iam_role.redshift_role",
            "module.redshift.aws_redshift_cluster.main",
            "module.redshift.aws_redshift_subnet_group.main",
            "module.redshift.aws_secretsmanager_secret.redshift_credentials",
            "module.redshift.aws_security_group.redshift",
            "module.redshift.random_password.password",
            "module.s3.aws_s3_bucket.main",
            "module.vpc.aws_subnet.private",
            "module.vpc.aws_vpc.main"
          ]
        },
        {
          "index_key": "raw_orders_etl_job",
          "schema_version": 0,
          "attributes": {
            "arn": "arn:aws:glue:ca-central-1:424254664937:job/aws-de-project-dev-raw_orders_etl_job",
            "command": [
              {
                "name": "glueetl",
                "python_version": "3",
                "runtime": "",
                "script_location": "s3://aws-de-project-dev-data-20260417025725087400000002/scripts/raw_orders_etl_job.py"
              }
            ],
            "connections": [
              "redshift-connection"
            ],
            "default_arguments": {
              "--GLUE_DATABASE": "aws-de-project_dev_db",
              "--REDSHIFT_CONNECTION": "redshift-connection",
              "--SOURCE_BUCKET": "aws-de-project-dev-data-20260417025725087400000002",
              "--STAGING_TABLE": "sales.stage_fact_orders",
              "--TARGET_PREFIX": "silver/dev",
              "--TEMP_DIR": "s3://aws-de-project-dev-data-20260417025725087400000002/temporary/",
              "--TempDir": "s3://aws-de-project-dev-data-20260417025725087400000002/temporary/",
              "--job-bookmark-option": "job-bookmark-enable",
              "--job-language": "python"
            },
            "description": "",
            "execution_class": "",
            "execution_property": [
              {
                "max_concurrent_runs": 5
              }
            ],
            "glue_version": "4.0",
            "id": "aws-de-project-dev-raw_orders_etl_job",
            "job_run_queuing_enabled": false,
            "maintenance_window": "",
            "max_capacity": 10,
            "max_retries": 0,
            "name": "aws-de-project-dev-raw_orders_etl_job",
            "non_overridable_arguments": null,
            "notification_property": [],
            "number_of_workers": 10,
            "role_arn": "arn:aws:iam::424254664937:role/aws-de-project-dev-glue-role",
            "security_configuration": "",
            "source_control_details": [],
            "tags": null,
            "tags_all": {
              "Environment": "dev",
              "ManagedBy": "Terraform",
              "Project": "aws-de-project"
            },
            "timeout": 2880,
            "worker_type": "G.1X"
          },
          "sensitive_attributes": [],
          "identity_schema_version": 0,
          "private": "bnVsbA==",
          "dependencies": [
            "module.glue.aws_glue_catalog_database.main",
            "module.glue.aws_glue_connection.redshift",
            "module.glue.aws_iam_role.glue_role",
            "module.glue.aws_security_group.glue",
            "module.redshift.aws_iam_role.redshift_role",
            "module.redshift.aws_redshift_cluster.main",
            "module.redshift.aws_redshift_subnet_group.main",
            "module.redshift.aws_secretsmanager_secret.redshift_credentials",
            "module.redshift.aws_security_group.redshift",
            "module.redshift.random_password.password",
            "module.s3.aws_s3_bucket.main",
            "module.vpc.aws_subnet.private",
            "module.vpc.aws_vpc.main"
          ]
        },
        {
          "index_key": "raw_product_etl_job",
          "schema_version": 0,
          "attributes": {
            "arn": "arn:aws:glue:ca-central-1:424254664937:job/aws-de-project-dev-raw_product_etl_job",
            "command": [
              {
                "name": "glueetl",
                "python_version": "3",
                "runtime": "",
                "script_location": "s3://aws-de-project-dev-data-20260417025725087400000002/scripts/raw_product_etl_job.py"
              }
            ],
            "connections": [
              "redshift-connection"
            ],
            "default_arguments": {
              "--GLUE_DATABASE": "aws-de-project_dev_db",
              "--REDSHIFT_CONNECTION": "redshift-connection",
              "--SOURCE_BUCKET": "aws-de-project-dev-data-20260417025725087400000002",
              "--STAGING_TABLE": "sales.stage_dim_product",
              "--TARGET_PREFIX": "silver/dev",
              "--TEMP_DIR": "s3://aws-de-project-dev-data-20260417025725087400000002/temporary/",
              "--TempDir": "s3://aws-de-project-dev-data-20260417025725087400000002/temporary/",
              "--job-bookmark-option": "job-bookmark-enable",
              "--job-language": "python"
            },
            "description": "",
            "execution_class": "",
            "execution_property": [
              {
                "max_concurrent_runs": 5
              }
            ],
            "glue_version": "4.0",
            "id": "aws-de-project-dev-raw_product_etl_job",
            "job_run_queuing_enabled": false,
            "maintenance_window": "",
            "max_capacity": 10,
            "max_retries": 0,
            "name": "aws-de-project-dev-raw_product_etl_job",
            "non_overridable_arguments": null,
            "notification_property": [],
            "number_of_workers": 10,
            "role_arn": "arn:aws:iam::424254664937:role/aws-de-project-dev-glue-role",
            "security_configuration": "",
            "source_control_details": [],
            "tags": null,
            "tags_all": {
              "Environment": "dev",
              "ManagedBy": "Terraform",
              "Project": "aws-de-project"
            },
            "timeout": 2880,
            "worker_type": "G.1X"
          },
          "sensitive_attributes": [],
          "identity_schema_version": 0,
          "private": "bnVsbA==",
          "dependencies": [
            "module.glue.aws_glue_catalog_database.main",
            "module.glue.aws_glue_connection.redshift",
            "module.glue.aws_iam_role.glue_role",
            "module.glue.aws_security_group.glue",
            "module.redshift.aws_iam_role.redshift_role",
            "module.redshift.aws_redshift_cluster.main",
            "module.redshift.aws_redshift_subnet_group.main",
            "module.redshift.aws_secretsmanager_secret.redshift_credentials",
            "module.redshift.aws_security_group.redshift",
            "module.redshift.random_password.password",
            "module.s3.aws_s3_bucket.main",
            "module.vpc.aws_subnet.private",
            "module.vpc.aws_vpc.main"
          ]
        }
      ]
    },
    {
      "module": "module.glue",
      "mode": "managed",
      "type": "aws_iam_policy",
      "name": "glue_policy",
      "provider": "provider[\"registry.terraform.io/hashicorp/aws\"]",
      "instances": [
        {
          "schema_version": 0,
          "attributes": {
            "arn": "arn:aws:iam::424254664937:policy/aws-de-project-dev-glue-policy",
            "attachment_count": 1,
            "description": "",
            "id": "arn:aws:iam::424254664937:policy/aws-de-project-dev-glue-policy",
            "name": "aws-de-project-dev-glue-policy",
            "name_prefix": "",
            "path": "/",
            "policy": "{\"Statement\":[{\"Action\":[\"s3:GetObject\",\"s3:PutObject\",\"s3:ListBucket\",\"s3:DeleteObject\"],\"Effect\":\"Allow\",\"Resource\":[\"arn:aws:s3:::aws-de-project-dev-data-20260417025725087400000002\",\"arn:aws:s3:::aws-de-project-dev-data-20260417025725087400000002/*\"]},{\"Action\":[\"secretsmanager:GetSecretValue\"],\"Effect\":\"Allow\",\"Resource\":[\"arn:aws:secretsmanager:ca-central-1:424254664937:secret:aws-de-project/dev/redshift-credentials-yzZmZ7\"]},{\"Action\":[\"logs:CreateLogGroup\",\"logs:CreateLogStream\",\"logs:PutLogEvents\"],\"Effect\":\"Allow\",\"Resource\":\"arn:aws:logs:*:*:*\"}],\"Version\":\"2012-10-17\"}",
            "policy_id": "ANPAWFR4MODUTCDLJ4ONQ",
            "tags": {},
            "tags_all": {
              "Environment": "dev",
              "ManagedBy": "Terraform",
              "Project": "aws-de-project"
            }
          },
          "sensitive_attributes": [],
          "identity_schema_version": 0,
          "private": "bnVsbA==",
          "dependencies": [
            "module.redshift.aws_secretsmanager_secret.redshift_credentials",
            "module.s3.aws_s3_bucket.main"
          ]
        }
      ]
    },
    {
      "module": "module.glue",
      "mode": "managed",
      "type": "aws_iam_role",
      "name": "glue_role",
      "provider": "provider[\"registry.terraform.io/hashicorp/aws\"]",
      "instances": [
        {
          "schema_version": 0,
          "attributes": {
            "arn": "arn:aws:iam::424254664937:role/aws-de-project-dev-glue-role",
            "assume_role_policy": "{\"Statement\":[{\"Action\":\"sts:AssumeRole\",\"Effect\":\"Allow\",\"Principal\":{\"Service\":\"glue.amazonaws.com\"}}],\"Version\":\"2012-10-17\"}",
            "create_date": "2026-04-19T01:42:04Z",
            "description": "",
            "force_detach_policies": false,
            "id": "aws-de-project-dev-glue-role",
            "inline_policy": [],
            "managed_policy_arns": [
              "arn:aws:iam::424254664937:policy/aws-de-project-dev-glue-policy",
              "arn:aws:iam::aws:policy/service-role/AWSGlueServiceRole"
            ],
            "max_session_duration": 3600,
            "name": "aws-de-project-dev-glue-role",
            "name_prefix": "",
            "path": "/",
            "permissions_boundary": "",
            "tags": {},
            "tags_all": {
              "Environment": "dev",
              "ManagedBy": "Terraform",
              "Project": "aws-de-project"
            },
            "unique_id": "AROAWFR4MODURFR3I2XKX"
          },
          "sensitive_attributes": [],
          "identity_schema_version": 0,
          "private": "bnVsbA=="
        }
      ]
    },
    {
      "module": "module.glue",
      "mode": "managed",
      "type": "aws_iam_role_policy_attachment",
      "name": "glue_custom_policy",
      "provider": "provider[\"registry.terraform.io/hashicorp/aws\"]",
      "instances": [
        {
          "schema_version": 0,
          "attributes": {
            "id": "aws-de-project-dev-glue-role-20260419014205270900000005",
            "policy_arn": "arn:aws:iam::424254664937:policy/aws-de-project-dev-glue-policy",
            "role": "aws-de-project-dev-glue-role"
          },
          "sensitive_attributes": [],
          "identity_schema_version": 0,
          "private": "bnVsbA==",
          "dependencies": [
            "module.glue.aws_iam_policy.glue_policy",
            "module.glue.aws_iam_role.glue_role",
            "module.redshift.aws_secretsmanager_secret.redshift_credentials",
            "module.s3.aws_s3_bucket.main"
          ]
        }
      ]
    },
    {
      "module": "module.glue",
      "mode": "managed",
      "type": "aws_iam_role_policy_attachment",
      "name": "glue_service_role",
      "provider": "provider[\"registry.terraform.io/hashicorp/aws\"]",
      "instances": [
        {
          "schema_version": 0,
          "attributes": {
            "id": "aws-de-project-dev-glue-role-20260419014204789400000002",
            "policy_arn": "arn:aws:iam::aws:policy/service-role/AWSGlueServiceRole",
            "role": "aws-de-project-dev-glue-role"
          },
          "sensitive_attributes": [],
          "identity_schema_version": 0,
          "private": "bnVsbA==",
          "dependencies": [
            "module.glue.aws_iam_role.glue_role"
          ]
        }
      ]
    },
    {
      "module": "module.glue",
      "mode": "managed",
      "type": "aws_s3_object",
      "name": "scripts",
      "provider": "provider[\"registry.terraform.io/hashicorp/aws\"]",
      "instances": [
        {
          "index_key": "load/load_processed_customers_job.py",
          "schema_version": 0,
          "attributes": {
            "acl": null,
            "arn": "arn:aws:s3:::aws-de-project-dev-data-20260417025725087400000002/scripts/load_processed_customers_job.py",
            "bucket": "aws-de-project-dev-data-20260417025725087400000002",
            "bucket_key_enabled": false,
            "cache_control": "",
            "checksum_algorithm": null,
            "checksum_crc32": "",
            "checksum_crc32c": "",
            "checksum_crc64nvme": "",
            "checksum_sha1": "",
            "checksum_sha256": "",
            "content": null,
            "content_base64": null,
            "content_disposition": "",
            "content_encoding": "",
            "content_language": "",
            "content_type": "application/octet-stream",
            "etag": "0f852ce610fda446002e5a7389e1d15c",
            "force_destroy": false,
            "id": "scripts/load_processed_customers_job.py",
            "key": "scripts/load_processed_customers_job.py",
            "kms_key_id": null,
            "metadata": {},
            "object_lock_legal_hold_status": "",
            "object_lock_mode": "",
            "object_lock_retain_until_date": "",
            "override_provider": [],
            "server_side_encryption": "AES256",
            "source": "modules/glue/../../../etl_glue_jobs/load/load_processed_customers_job.py",
            "source_hash": null,
            "storage_class": "STANDARD",
            "tags": {},
            "tags_all": {
              "Environment": "dev",
              "ManagedBy": "Terraform",
              "Project": "aws-de-project"
            },
            "version_id": "",
            "website_redirect": ""
          },
          "sensitive_attributes": [],
          "identity_schema_version": 0,
          "private": "bnVsbA==",
          "dependencies": [
            "module.s3.aws_s3_bucket.main"
          ]
        },
        {
          "index_key": "load/load_processed_orderdetails_job.py",
          "schema_version": 0,
          "attributes": {
            "acl": null,
            "arn": "arn:aws:s3:::aws-de-project-dev-data-20260417025725087400000002/scripts/load_processed_orderdetails_job.py",
            "bucket": "aws-de-project-dev-data-20260417025725087400000002",
            "bucket_key_enabled": false,
            "cache_control": "",
            "checksum_algorithm": null,
            "checksum_crc32": "",
            "checksum_crc32c": "",
            "checksum_crc64nvme": "",
            "checksum_sha1": "",
            "checksum_sha256": "",
            "content": null,
            "content_base64": null,
            "content_disposition": "",
            "content_encoding": "",
            "content_language": "",
            "content_type": "application/octet-stream",
            "etag": "a3adcf239cfef2048b1021a681398dd2",
            "force_destroy": false,
            "id": "scripts/load_processed_orderdetails_job.py",
            "key": "scripts/load_processed_orderdetails_job.py",
            "kms_key_id": null,
            "metadata": {},
            "object_lock_legal_hold_status": "",
            "object_lock_mode": "",
            "object_lock_retain_until_date": "",
            "override_provider": [],
            "server_side_encryption": "AES256",
            "source": "modules/glue/../../../etl_glue_jobs/load/load_processed_orderdetails_job.py",
            "source_hash": null,
            "storage_class": "STANDARD",
            "tags": {},
            "tags_all": {
              "Environment": "dev",
              "ManagedBy": "Terraform",
              "Project": "aws-de-project"
            },
            "version_id": "",
            "website_redirect": ""
          },
          "sensitive_attributes": [],
          "identity_schema_version": 0,
          "private": "bnVsbA==",
          "dependencies": [
            "module.s3.aws_s3_bucket.main"
          ]
        },
        {
          "index_key": "load/load_processed_orders_job.py",
          "schema_version": 0,
          "attributes": {
            "acl": null,
            "arn": "arn:aws:s3:::aws-de-project-dev-data-20260417025725087400000002/scripts/load_processed_orders_job.py",
            "bucket": "aws-de-project-dev-data-20260417025725087400000002",
            "bucket_key_enabled": false,
            "cache_control": "",
            "checksum_algorithm": null,
            "checksum_crc32": "",
            "checksum_crc32c": "",
            "checksum_crc64nvme": "",
            "checksum_sha1": "",
            "checksum_sha256": "",
            "content": null,
            "content_base64": null,
            "content_disposition": "",
            "content_encoding": "",
            "content_language": "",
            "content_type": "application/octet-stream",
            "etag": "8d81b3a6078016cfa357bfdd8f5254d8",
            "force_destroy": false,
            "id": "scripts/load_processed_orders_job.py",
            "key": "scripts/load_processed_orders_job.py",
            "kms_key_id": null,
            "metadata": {},
            "object_lock_legal_hold_status": "",
            "object_lock_mode": "",
            "object_lock_retain_until_date": "",
            "override_provider": [],
            "server_side_encryption": "AES256",
            "source": "modules/glue/../../../etl_glue_jobs/load/load_processed_orders_job.py",
            "source_hash": null,
            "storage_class": "STANDARD",
            "tags": {},
            "tags_all": {
              "Environment": "dev",
              "ManagedBy": "Terraform",
              "Project": "aws-de-project"
            },
            "version_id": "",
            "website_redirect": ""
          },
          "sensitive_attributes": [],
          "identity_schema_version": 0,
          "private": "bnVsbA==",
          "dependencies": [
            "module.s3.aws_s3_bucket.main"
          ]
        },
        {
          "index_key": "load/load_processed_products.py",
          "schema_version": 0,
          "attributes": {
            "acl": null,
            "arn": "arn:aws:s3:::aws-de-project-dev-data-20260417025725087400000002/scripts/load_processed_products.py",
            "bucket": "aws-de-project-dev-data-20260417025725087400000002",
            "bucket_key_enabled": false,
            "cache_control": "",
            "checksum_algorithm": null,
            "checksum_crc32": "",
            "checksum_crc32c": "",
            "checksum_crc64nvme": "",
            "checksum_sha1": "",
            "checksum_sha256": "",
            "content": null,
            "content_base64": null,
            "content_disposition": "",
            "content_encoding": "",
            "content_language": "",
            "content_type": "application/octet-stream",
            "etag": "b82e174d884a4463b2ac5326708d296a",
            "force_destroy": false,
            "id": "scripts/load_processed_products.py",
            "key": "scripts/load_processed_products.py",
            "kms_key_id": null,
            "metadata": {},
            "object_lock_legal_hold_status": "",
            "object_lock_mode": "",
            "object_lock_retain_until_date": "",
            "override_provider": [],
            "server_side_encryption": "AES256",
            "source": "modules/glue/../../../etl_glue_jobs/load/load_processed_products.py",
            "source_hash": null,
            "storage_class": "STANDARD",
            "tags": {},
            "tags_all": {
              "Environment": "dev",
              "ManagedBy": "Terraform",
              "Project": "aws-de-project"
            },
            "version_id": "",
            "website_redirect": ""
          },
          "sensitive_attributes": [],
          "identity_schema_version": 0,
          "private": "bnVsbA==",
          "dependencies": [
            "module.s3.aws_s3_bucket.main"
          ]
        },
        {
          "index_key": "transform/raw_customer_etl_job.py",
          "schema_version": 0,
          "attributes": {
            "acl": null,
            "arn": "arn:aws:s3:::aws-de-project-dev-data-20260417025725087400000002/scripts/raw_customer_etl_job.py",
            "bucket": "aws-de-project-dev-data-20260417025725087400000002",
            "bucket_key_enabled": false,
            "cache_control": "",
            "checksum_algorithm": null,
            "checksum_crc32": "",
            "checksum_crc32c": "",
            "checksum_crc64nvme": "",
            "checksum_sha1": "",
            "checksum_sha256": "",
            "content": null,
            "content_base64": null,
            "content_disposition": "",
            "content_encoding": "",
            "content_language": "",
            "content_type": "application/octet-stream",
            "etag": "94603d4380d0c26dc71d699a8661385c",
            "force_destroy": false,
            "id": "scripts/raw_customer_etl_job.py",
            "key": "scripts/raw_customer_etl_job.py",
            "kms_key_id": null,
            "metadata": {},
            "object_lock_legal_hold_status": "",
            "object_lock_mode": "",
            "object_lock_retain_until_date": "",
            "override_provider": [],
            "server_side_encryption": "AES256",
            "source": "modules/glue/../../../etl_glue_jobs/transform/raw_customer_etl_job.py",
            "source_hash": null,
            "storage_class": "STANDARD",
            "tags": {},
            "tags_all": {
              "Environment": "dev",
              "ManagedBy": "Terraform",
              "Project": "aws-de-project"
            },
            "version_id": "",
            "website_redirect": ""
          },
          "sensitive_attributes": [],
          "identity_schema_version": 0,
          "private": "bnVsbA==",
          "dependencies": [
            "module.s3.aws_s3_bucket.main"
          ]
        },
        {
          "index_key": "transform/raw_orderdetails_etl_job.py",
          "schema_version": 0,
          "attributes": {
            "acl": null,
            "arn": "arn:aws:s3:::aws-de-project-dev-data-20260417025725087400000002/scripts/raw_orderdetails_etl_job.py",
            "bucket": "aws-de-project-dev-data-20260417025725087400000002",
            "bucket_key_enabled": false,
            "cache_control": "",
            "checksum_algorithm": null,
            "checksum_crc32": "",
            "checksum_crc32c": "",
            "checksum_crc64nvme": "",
            "checksum_sha1": "",
            "checksum_sha256": "",
            "content": null,
            "content_base64": null,
            "content_disposition": "",
            "content_encoding": "",
            "content_language": "",
            "content_type": "application/octet-stream",
            "etag": "9e3f6e6cd7526fa00d42de7baa6efcd7",
            "force_destroy": false,
            "id": "scripts/raw_orderdetails_etl_job.py",
            "key": "scripts/raw_orderdetails_etl_job.py",
            "kms_key_id": null,
            "metadata": {},
            "object_lock_legal_hold_status": "",
            "object_lock_mode": "",
            "object_lock_retain_until_date": "",
            "override_provider": [],
            "server_side_encryption": "AES256",
            "source": "modules/glue/../../../etl_glue_jobs/transform/raw_orderdetails_etl_job.py",
            "source_hash": null,
            "storage_class": "STANDARD",
            "tags": {},
            "tags_all": {
              "Environment": "dev",
              "ManagedBy": "Terraform",
              "Project": "aws-de-project"
            },
            "version_id": "",
            "website_redirect": ""
          },
          "sensitive_attributes": [],
          "identity_schema_version": 0,
          "private": "bnVsbA==",
          "dependencies": [
            "module.s3.aws_s3_bucket.main"
          ]
        },
        {
          "index_key": "transform/raw_orders_etl_job.py",
          "schema_version": 0,
          "attributes": {
            "acl": null,
            "arn": "arn:aws:s3:::aws-de-project-dev-data-20260417025725087400000002/scripts/raw_orders_etl_job.py",
            "bucket": "aws-de-project-dev-data-20260417025725087400000002",
            "bucket_key_enabled": false,
            "cache_control": "",
            "checksum_algorithm": null,
            "checksum_crc32": "",
            "checksum_crc32c": "",
            "checksum_crc64nvme": "",
            "checksum_sha1": "",
            "checksum_sha256": "",
            "content": null,
            "content_base64": null,
            "content_disposition": "",
            "content_encoding": "",
            "content_language": "",
            "content_type": "application/octet-stream",
            "etag": "29e0fe79e71273b2609f0f648c2e8798",
            "force_destroy": false,
            "id": "scripts/raw_orders_etl_job.py",
            "key": "scripts/raw_orders_etl_job.py",
            "kms_key_id": null,
            "metadata": {},
            "object_lock_legal_hold_status": "",
            "object_lock_mode": "",
            "object_lock_retain_until_date": "",
            "override_provider": [],
            "server_side_encryption": "AES256",
            "source": "modules/glue/../../../etl_glue_jobs/transform/raw_orders_etl_job.py",
            "source_hash": null,
            "storage_class": "STANDARD",
            "tags": {},
            "tags_all": {
              "Environment": "dev",
              "ManagedBy": "Terraform",
              "Project": "aws-de-project"
            },
            "version_id": "",
            "website_redirect": ""
          },
          "sensitive_attributes": [],
          "identity_schema_version": 0,
          "private": "bnVsbA==",
          "dependencies": [
            "module.s3.aws_s3_bucket.main"
          ]
        },
        {
          "index_key": "transform/raw_product_etl_job.py",
          "schema_version": 0,
          "attributes": {
            "acl": null,
            "arn": "arn:aws:s3:::aws-de-project-dev-data-20260417025725087400000002/scripts/raw_product_etl_job.py",
            "bucket": "aws-de-project-dev-data-20260417025725087400000002",
            "bucket_key_enabled": false,
            "cache_control": "",
            "checksum_algorithm": null,
            "checksum_crc32": "",
            "checksum_crc32c": "",
            "checksum_crc64nvme": "",
            "checksum_sha1": "",
            "checksum_sha256": "",
            "content": null,
            "content_base64": null,
            "content_disposition": "",
            "content_encoding": "",
            "content_language": "",
            "content_type": "application/octet-stream",
            "etag": "47bdfb16b2d28cdd9dd3139f927e2359",
            "force_destroy": false,
            "id": "scripts/raw_product_etl_job.py",
            "key": "scripts/raw_product_etl_job.py",
            "kms_key_id": null,
            "metadata": {},
            "object_lock_legal_hold_status": "",
            "object_lock_mode": "",
            "object_lock_retain_until_date": "",
            "override_provider": [],
            "server_side_encryption": "AES256",
            "source": "modules/glue/../../../etl_glue_jobs/transform/raw_product_etl_job.py",
            "source_hash": null,
            "storage_class": "STANDARD",
            "tags": {},
            "tags_all": {
              "Environment": "dev",
              "ManagedBy": "Terraform",
              "Project": "aws-de-project"
            },
            "version_id": "",
            "website_redirect": ""
          },
          "sensitive_attributes": [],
          "identity_schema_version": 0,
          "private": "bnVsbA==",
          "dependencies": [
            "module.s3.aws_s3_bucket.main"
          ]
        }
      ]
    },
    {
      "module": "module.glue",
      "mode": "managed",
      "type": "aws_security_group",
      "name": "glue",
      "provider": "provider[\"registry.terraform.io/hashicorp/aws\"]",
      "instances": [
        {
          "schema_version": 1,
          "attributes": {
            "arn": "arn:aws:ec2:ca-central-1:424254664937:security-group/sg-023ff97f61adddb0c",
            "description": "Security group for Glue",
            "egress": [
              {
                "cidr_blocks": [
                  "0.0.0.0/0"
                ],
                "description": "",
                "from_port": 0,
                "ipv6_cidr_blocks": [],
                "prefix_list_ids": [],
                "protocol": "-1",
                "security_groups": [],
                "self": false,
                "to_port": 0
              }
            ],
            "id": "sg-023ff97f61adddb0c",
            "ingress": [
              {
                "cidr_blocks": [],
                "description": "",
                "from_port": 0,
                "ipv6_cidr_blocks": [],
                "prefix_list_ids": [],
                "protocol": "-1",
                "security_groups": [],
                "self": true,
                "to_port": 0
              }
            ],
            "name": "aws-de-project-dev-glue-sg",
            "name_prefix": "",
            "owner_id": "424254664937",
            "revoke_rules_on_delete": false,
            "tags": {
              "Name": "aws-de-project-dev-glue-sg"
            },
            "tags_all": {
              "Environment": "dev",
              "ManagedBy": "Terraform",
              "Name": "aws-de-project-dev-glue-sg",
              "Project": "aws-de-project"
            },
            "timeouts": null,
            "vpc_id": "vpc-0a19c75431062fbb5"
          },
          "sensitive_attributes": [],
          "identity_schema_version": 0,
          "private": "eyJlMmJmYjczMC1lY2FhLTExZTYtOGY4OC0zNDM2M2JjN2M0YzAiOnsiY3JlYXRlIjo2MDAwMDAwMDAwMDAsImRlbGV0ZSI6OTAwMDAwMDAwMDAwfSwic2NoZW1hX3ZlcnNpb24iOiIxIn0=",
          "dependencies": [
            "module.vpc.aws_vpc.main"
          ]
        }
      ]
    },
    {
      "module": "module.glue",
      "mode": "managed",
      "type": "aws_security_group_rule",
      "name": "redshift_ingress_glue",
      "provider": "provider[\"registry.terraform.io/hashicorp/aws\"]",
      "instances": [
        {
          "schema_version": 2,
          "attributes": {
            "cidr_blocks": null,
            "description": null,
            "from_port": 5439,
            "id": "sgrule-4044131265",
            "ipv6_cidr_blocks": null,
            "prefix_list_ids": null,
            "protocol": "tcp",
            "security_group_id": "sg-0bbf1a88a1eaf21a6",
            "security_group_rule_id": "sgr-0cf02a79e3113b3de",
            "self": false,
            "source_security_group_id": "sg-023ff97f61adddb0c",
            "timeouts": null,
            "to_port": 5439,
            "type": "ingress"
          },
          "sensitive_attributes": [],
          "identity_schema_version": 0,
          "private": "eyJlMmJmYjczMC1lY2FhLTExZTYtOGY4OC0zNDM2M2JjN2M0YzAiOnsiY3JlYXRlIjozMDAwMDAwMDAwMDB9LCJzY2hlbWFfdmVyc2lvbiI6IjIifQ==",
          "dependencies": [
            "module.glue.aws_security_group.glue",
            "module.redshift.aws_security_group.redshift",
            "module.vpc.aws_vpc.main"
          ]
        }
      ]
    },
    {
      "module": "module.lambda",
      "mode": "data",
      "type": "archive_file",
      "name": "lambda_zip",
      "provider": "provider[\"registry.terraform.io/hashicorp/archive\"]",
      "instances": [
        {
          "schema_version": 0,
          "attributes": {
            "exclude_symlink_directories": null,
            "excludes": null,
            "id": "96304a89778c445387d2df53d4799dbf16a04916",
            "output_base64sha256": "Xsl/oN/5wz5HOe5hxgjtOpIAyNxSHAmXImq0Vst/X44=",
            "output_base64sha512": "QH4V4Gib8umLCUyaJ7xnH0G+f2bwvvtR6FRGHpjYkStMxB+68QfMWyB6csPBJiGo7PYlsmP1ykSs6QsuVFIy7Q==",
            "output_file_mode": null,
            "output_md5": "fb27360b0058ad80f4b2d01401b9a797",
            "output_path": "modules/lambda/lambda_function.zip",
            "output_sha": "96304a89778c445387d2df53d4799dbf16a04916",
            "output_sha256": "5ec97fa0dff9c33e4739ee61c608ed3a9200c8dc521c0997226ab456cb7f5f8e",
            "output_sha512": "407e15e0689bf2e98b094c9a27bc671f41be7f66f0befb51e854461e98d8912b4cc41fbaf107cc5b207a72c3c12621a8ecf625b263f5ca44ace90b2e545232ed",
            "output_size": 2514810,
            "source": [],
            "source_content": null,
            "source_content_filename": null,
            "source_dir": "modules/lambda/../../../data_generator_lambda/build/",
            "source_file": null,
            "type": "zip"
          },
          "sensitive_attributes": [],
          "identity_schema_version": 0
        }
      ]
    },
    {
      "module": "module.lambda",
      "mode": "managed",
      "type": "aws_cloudwatch_event_rule",
      "name": "schedule",
      "provider": "provider[\"registry.terraform.io/hashicorp/aws\"]",
      "instances": [
        {
          "schema_version": 1,
          "attributes": {
            "arn": "arn:aws:events:ca-central-1:424254664937:rule/aws-de-project-dev-data-gen-schedule",
            "description": "Schedule for data generation",
            "event_bus_name": "default",
            "event_pattern": null,
            "force_destroy": false,
            "id": "aws-de-project-dev-data-gen-schedule",
            "is_enabled": true,
            "name": "aws-de-project-dev-data-gen-schedule",
            "name_prefix": "",
            "role_arn": "",
            "schedule_expression": "rate(5 minutes)",
            "state": "ENABLED",
            "tags": {},
            "tags_all": {
              "Environment": "dev",
              "ManagedBy": "Terraform",
              "Project": "aws-de-project"
            }
          },
          "sensitive_attributes": [],
          "identity_schema_version": 0,
          "private": "eyJzY2hlbWFfdmVyc2lvbiI6IjEifQ=="
        }
      ]
    },
    {
      "module": "module.lambda",
      "mode": "managed",
      "type": "aws_cloudwatch_event_target",
      "name": "lambda_target",
      "provider": "provider[\"registry.terraform.io/hashicorp/aws\"]",
      "instances": [
        {
          "schema_version": 1,
          "attributes": {
            "appsync_target": [],
            "arn": "arn:aws:lambda:ca-central-1:424254664937:function:aws-de-project-dev-data-generator",
            "batch_target": [],
            "dead_letter_config": [],
            "ecs_target": [],
            "event_bus_name": "default",
            "force_destroy": false,
            "http_target": [],
            "id": "aws-de-project-dev-data-gen-schedule-SendToLambda",
            "input": "",
            "input_path": "",
            "input_transformer": [],
            "kinesis_target": [],
            "redshift_target": [],
            "retry_policy": [],
            "role_arn": "",
            "rule": "aws-de-project-dev-data-gen-schedule",
            "run_command_targets": [],
            "sagemaker_pipeline_target": [],
            "sqs_target": [],
            "target_id": "SendToLambda"
          },
          "sensitive_attributes": [],
          "identity_schema_version": 0,
          "private": "eyJzY2hlbWFfdmVyc2lvbiI6IjEifQ==",
          "dependencies": [
            "module.lambda.aws_cloudwatch_event_rule.schedule",
            "module.lambda.aws_iam_role.lambda_role",
            "module.lambda.aws_lambda_function.data_generator",
            "module.lambda.aws_security_group.lambda",
            "module.lambda.data.archive_file.lambda_zip",
            "module.lambda.null_resource.lambda_build",
            "module.rds.aws_secretsmanager_secret.db_credentials",
            "module.vpc.aws_subnet.private",
            "module.vpc.aws_vpc.main"
          ]
        }
      ]
    },
    {
      "module": "module.lambda",
      "mode": "managed",
      "type": "aws_iam_policy",
      "name": "lambda_policy",
      "provider": "provider[\"registry.terraform.io/hashicorp/aws\"]",
      "instances": [
        {
          "schema_version": 0,
          "attributes": {
            "arn": "arn:aws:iam::424254664937:policy/aws-de-project-dev-lambda-policy",
            "attachment_count": 1,
            "description": "",
            "id": "arn:aws:iam::424254664937:policy/aws-de-project-dev-lambda-policy",
            "name": "aws-de-project-dev-lambda-policy",
            "name_prefix": "",
            "path": "/",
            "policy": "{\"Statement\":[{\"Action\":[\"secretsmanager:GetSecretValue\"],\"Effect\":\"Allow\",\"Resource\":[\"arn:aws:secretsmanager:ca-central-1:424254664937:secret:aws-de-project/dev/mysql-credentials-IUPuwD\"]},{\"Action\":[\"ec2:CreateNetworkInterface\",\"ec2:DescribeNetworkInterfaces\",\"ec2:DeleteNetworkInterface\"],\"Effect\":\"Allow\",\"Resource\":\"*\"},{\"Action\":[\"logs:CreateLogGroup\",\"logs:CreateLogStream\",\"logs:PutLogEvents\"],\"Effect\":\"Allow\",\"Resource\":\"arn:aws:logs:*:*:*\"}],\"Version\":\"2012-10-17\"}",
            "policy_id": "ANPAWFR4MODUZKXVF4CDN",
            "tags": {},
            "tags_all": {
              "Environment": "dev",
              "ManagedBy": "Terraform",
              "Project": "aws-de-project"
            }
          },
          "sensitive_attributes": [],
          "identity_schema_version": 0,
          "private": "bnVsbA==",
          "dependencies": [
            "module.rds.aws_secretsmanager_secret.db_credentials"
          ]
        }
      ]
    },
    {
      "module": "module.lambda",
      "mode": "managed",
      "type": "aws_iam_role",
      "name": "lambda_role",
      "provider": "provider[\"registry.terraform.io/hashicorp/aws\"]",
      "instances": [
        {
          "schema_version": 0,
          "attributes": {
            "arn": "arn:aws:iam::424254664937:role/aws-de-project-dev-lambda-role",
            "assume_role_policy": "{\"Statement\":[{\"Action\":\"sts:AssumeRole\",\"Effect\":\"Allow\",\"Principal\":{\"Service\":\"lambda.amazonaws.com\"}}],\"Version\":\"2012-10-17\"}",
            "create_date": "2026-04-17T02:57:25Z",
            "description": "",
            "force_detach_policies": false,
            "id": "aws-de-project-dev-lambda-role",
            "inline_policy": [],
            "managed_policy_arns": [
              "arn:aws:iam::424254664937:policy/aws-de-project-dev-lambda-policy"
            ],
            "max_session_duration": 3600,
            "name": "aws-de-project-dev-lambda-role",
            "name_prefix": "",
            "path": "/",
            "permissions_boundary": "",
            "tags": {},
            "tags_all": {
              "Environment": "dev",
              "ManagedBy": "Terraform",
              "Project": "aws-de-project"
            },
            "unique_id": "AROAWFR4MODUWIVB7ZA2W"
          },
          "sensitive_attributes": [],
          "identity_schema_version": 0,
          "private": "bnVsbA=="
        }
      ]
    },
    {
      "module": "module.lambda",
      "mode": "managed",
      "type": "aws_iam_role_policy_attachment",
      "name": "lambda_attach",
      "provider": "provider[\"registry.terraform.io/hashicorp/aws\"]",
      "instances": [
        {
          "schema_version": 0,
          "attributes": {
            "id": "aws-de-project-dev-lambda-role-20260417025725789400000004",
            "policy_arn": "arn:aws:iam::424254664937:policy/aws-de-project-dev-lambda-policy",
            "role": "aws-de-project-dev-lambda-role"
          },
          "sensitive_attributes": [],
          "identity_schema_version": 0,
          "private": "bnVsbA==",
          "dependencies": [
            "module.lambda.aws_iam_policy.lambda_policy",
            "module.lambda.aws_iam_role.lambda_role",
            "module.rds.aws_secretsmanager_secret.db_credentials"
          ]
        }
      ]
    },
    {
      "module": "module.lambda",
      "mode": "managed",
      "type": "aws_lambda_function",
      "name": "data_generator",
      "provider": "provider[\"registry.terraform.io/hashicorp/aws\"]",
      "instances": [
        {
          "schema_version": 0,
          "attributes": {
            "architectures": [
              "x86_64"
            ],
            "arn": "arn:aws:lambda:ca-central-1:424254664937:function:aws-de-project-dev-data-generator",
            "code_sha256": "Xsl/oN/5wz5HOe5hxgjtOpIAyNxSHAmXImq0Vst/X44=",
            "code_signing_config_arn": "",
            "dead_letter_config": [],
            "description": "",
            "environment": [
              {
                "variables": {
                  "REGION_NAME": "ca-central-1",
                  "SECRET_NAME": "arn:aws:secretsmanager:ca-central-1:424254664937:secret:aws-de-project/dev/mysql-credentials-IUPuwD"
                }
              }
            ],
            "ephemeral_storage": [
              {
                "size": 512
              }
            ],
            "file_system_config": [],
            "filename": "modules/lambda/lambda_function.zip",
            "function_name": "aws-de-project-dev-data-generator",
            "handler": "lambda_function.lambda_handler",
            "id": "aws-de-project-dev-data-generator",
            "image_config": [],
            "image_uri": "",
            "invoke_arn": "arn:aws:apigateway:ca-central-1:lambda:path/2015-03-31/functions/arn:aws:lambda:ca-central-1:424254664937:function:aws-de-project-dev-data-generator/invocations",
            "kms_key_arn": "",
            "last_modified": "2026-04-19T01:42:06.000+0000",
            "layers": [],
            "logging_config": [
              {
                "application_log_level": "",
                "log_format": "Text",
                "log_group": "/aws/lambda/aws-de-project-dev-data-generator",
                "system_log_level": ""
              }
            ],
            "memory_size": 128,
            "package_type": "Zip",
            "publish": false,
            "qualified_arn": "arn:aws:lambda:ca-central-1:424254664937:function:aws-de-project-dev-data-generator:$LATEST",
            "qualified_invoke_arn": "arn:aws:apigateway:ca-central-1:lambda:path/2015-03-31/functions/arn:aws:lambda:ca-central-1:424254664937:function:aws-de-project-dev-data-generator:$LATEST/invocations",
            "replace_security_groups_on_destroy": null,
            "replacement_security_group_ids": null,
            "reserved_concurrent_executions": -1,
            "role": "arn:aws:iam::424254664937:role/aws-de-project-dev-lambda-role",
            "runtime": "python3.13",
            "s3_bucket": null,
            "s3_key": null,
            "s3_object_version": null,
            "signing_job_arn": "",
            "signing_profile_version_arn": "",
            "skip_destroy": false,
            "snap_start": [],
            "source_code_hash": "Xsl/oN/5wz5HOe5hxgjtOpIAyNxSHAmXImq0Vst/X44=",
            "source_code_size": 2514810,
            "tags": {
              "Name": "aws-de-project-dev-data-generator"
            },
            "tags_all": {
              "Environment": "dev",
              "ManagedBy": "Terraform",
              "Name": "aws-de-project-dev-data-generator",
              "Project": "aws-de-project"
            },
            "timeout": 300,
            "timeouts": null,
            "tracing_config": [
              {
                "mode": "PassThrough"
              }
            ],
            "version": "$LATEST",
            "vpc_config": [
              {
                "ipv6_allowed_for_dual_stack": false,
                "security_group_ids": [
                  "sg-0b03cf15cf2b4c11d"
                ],
                "subnet_ids": [
                  "subnet-008fefa13c815ae5f",
                  "subnet-0e37bdbd32df1de07"
                ],
                "vpc_id": "vpc-0a19c75431062fbb5"
              }
            ]
          },
          "sensitive_attributes": [],
          "identity_schema_version": 0,
          "private": "eyJlMmJmYjczMC1lY2FhLTExZTYtOGY4OC0zNDM2M2JjN2M0YzAiOnsiY3JlYXRlIjo2MDAwMDAwMDAwMDAsImRlbGV0ZSI6NjAwMDAwMDAwMDAwLCJ1cGRhdGUiOjYwMDAwMDAwMDAwMH19",
          "dependencies": [
            "module.lambda.aws_iam_role.lambda_role",
            "module.lambda.aws_security_group.lambda",
            "module.lambda.data.archive_file.lambda_zip",
            "module.lambda.null_resource.lambda_build",
            "module.rds.aws_secretsmanager_secret.db_credentials",
            "module.vpc.aws_subnet.private",
            "module.vpc.aws_vpc.main"
          ]
        }
      ]
    },
    {
      "module": "module.lambda",
      "mode": "managed",
      "type": "aws_lambda_permission",
      "name": "allow_cloudwatch",
      "provider": "provider[\"registry.terraform.io/hashicorp/aws\"]",
      "instances": [
        {
          "schema_version": 0,
          "attributes": {
            "action": "lambda:InvokeFunction",
            "event_source_token": null,
            "function_name": "aws-de-project-dev-data-generator",
            "function_url_auth_type": null,
            "id": "AllowExecutionFromCloudWatch",
            "principal": "events.amazonaws.com",
            "principal_org_id": null,
            "qualifier": "",
            "source_account": null,
            "source_arn": "arn:aws:events:ca-central-1:424254664937:rule/aws-de-project-dev-data-gen-schedule",
            "statement_id": "AllowExecutionFromCloudWatch",
            "statement_id_prefix": ""
          },
          "sensitive_attributes": [],
          "identity_schema_version": 0,
          "private": "bnVsbA==",
          "dependencies": [
            "module.lambda.aws_cloudwatch_event_rule.schedule",
            "module.lambda.aws_iam_role.lambda_role",
            "module.lambda.aws_lambda_function.data_generator",
            "module.lambda.aws_security_group.lambda",
            "module.lambda.data.archive_file.lambda_zip",
            "module.lambda.null_resource.lambda_build",
            "module.rds.aws_secretsmanager_secret.db_credentials",
            "module.vpc.aws_subnet.private",
            "module.vpc.aws_vpc.main"
          ]
        }
      ]
    },
    {
      "module": "module.lambda",
      "mode": "managed",
      "type": "aws_security_group",
      "name": "lambda",
      "provider": "provider[\"registry.terraform.io/hashicorp/aws\"]",
      "instances": [
        {
          "schema_version": 1,
          "attributes": {
            "arn": "arn:aws:ec2:ca-central-1:424254664937:security-group/sg-0b03cf15cf2b4c11d",
            "description": "Security group for Lambda function",
            "egress": [
              {
                "cidr_blocks": [
                  "0.0.0.0/0"
                ],
                "description": "",
                "from_port": 0,
                "ipv6_cidr_blocks": [],
                "prefix_list_ids": [],
                "protocol": "-1",
                "security_groups": [],
                "self": false,
                "to_port": 0
              }
            ],
            "id": "sg-0b03cf15cf2b4c11d",
            "ingress": [],
            "name": "aws-de-project-dev-lambda-sg",
            "name_prefix": "",
            "owner_id": "424254664937",
            "revoke_rules_on_delete": false,
            "tags": {
              "Name": "aws-de-project-dev-lambda-sg"
            },
            "tags_all": {
              "Environment": "dev",
              "ManagedBy": "Terraform",
              "Name": "aws-de-project-dev-lambda-sg",
              "Project": "aws-de-project"
            },
            "timeouts": null,
            "vpc_id": "vpc-0a19c75431062fbb5"
          },
          "sensitive_attributes": [],
          "identity_schema_version": 0,
          "private": "eyJlMmJmYjczMC1lY2FhLTExZTYtOGY4OC0zNDM2M2JjN2M0YzAiOnsiY3JlYXRlIjo2MDAwMDAwMDAwMDAsImRlbGV0ZSI6OTAwMDAwMDAwMDAwfSwic2NoZW1hX3ZlcnNpb24iOiIxIn0=",
          "dependencies": [
            "module.vpc.aws_vpc.main"
          ]
        }
      ]
    },
    {
      "module": "module.lambda",
      "mode": "managed",
      "type": "aws_security_group_rule",
      "name": "rds_ingress_lambda",
      "provider": "provider[\"registry.terraform.io/hashicorp/aws\"]",
      "instances": [
        {
          "schema_version": 2,
          "attributes": {
            "cidr_blocks": null,
            "description": null,
            "from_port": 3306,
            "id": "sgrule-2888602274",
            "ipv6_cidr_blocks": null,
            "prefix_list_ids": null,
            "protocol": "tcp",
            "security_group_id": "sg-07691efadba5f63e5",
            "security_group_rule_id": "sgr-0b833d8f9709bee31",
            "self": false,
            "source_security_group_id": "sg-0b03cf15cf2b4c11d",
            "timeouts": null,
            "to_port": 3306,
            "type": "ingress"
          },
          "sensitive_attributes": [],
          "identity_schema_version": 0,
          "private": "eyJlMmJmYjczMC1lY2FhLTExZTYtOGY4OC0zNDM2M2JjN2M0YzAiOnsiY3JlYXRlIjozMDAwMDAwMDAwMDB9LCJzY2hlbWFfdmVyc2lvbiI6IjIifQ==",
          "dependencies": [
            "module.lambda.aws_security_group.lambda",
            "module.rds.aws_security_group.rds",
            "module.vpc.aws_vpc.main"
          ]
        }
      ]
    },
    {
      "module": "module.lambda",
      "mode": "managed",
      "type": "null_resource",
      "name": "lambda_build",
      "provider": "provider[\"registry.terraform.io/hashicorp/null\"]",
      "instances": [
        {
          "schema_version": 0,
          "attributes": {
            "id": "8014918464503836965",
            "triggers": {
              "handler": "659b1a6cbbf501c08346edfb3b32af26",
              "lock": "6a4d0309699280f2d811d844c5769999",
              "pyproject": "e66400b2ad7f0d0bd636bf15b8dbd59b"
            }
          },
          "sensitive_attributes": [],
          "identity_schema_version": 0
        }
      ]
    },
    {
      "module": "module.rds",
      "mode": "managed",
      "type": "aws_db_instance",
      "name": "main",
      "provider": "provider[\"registry.terraform.io/hashicorp/aws\"]",
      "instances": [
        {
          "schema_version": 2,
          "attributes": {
            "address": "aws-de-project-dev-mysql.cv6oq2824ebl.ca-central-1.rds.amazonaws.com",
            "allocated_storage": 20,
            "allow_major_version_upgrade": null,
            "apply_immediately": false,
            "arn": "arn:aws:rds:ca-central-1:424254664937:db:aws-de-project-dev-mysql",
            "auto_minor_version_upgrade": true,
            "availability_zone": "ca-central-1a",
            "backup_retention_period": 1,
            "backup_target": "region",
            "backup_window": "06:39-07:09",
            "blue_green_update": [],
            "ca_cert_identifier": "rds-ca-rsa2048-g1",
            "character_set_name": "",
            "copy_tags_to_snapshot": false,
            "custom_iam_instance_profile": "",
            "customer_owned_ip_enabled": false,
            "database_insights_mode": "standard",
            "db_name": "dev",
            "db_subnet_group_name": "aws-de-project-dev-db-subnet-group",
            "dedicated_log_volume": false,
            "delete_automated_backups": true,
            "deletion_protection": false,
            "domain": "",
            "domain_auth_secret_arn": "",
            "domain_dns_ips": [],
            "domain_fqdn": "",
            "domain_iam_role_name": "",
            "domain_ou": "",
            "enabled_cloudwatch_logs_exports": [],
            "endpoint": "aws-de-project-dev-mysql.cv6oq2824ebl.ca-central-1.rds.amazonaws.com:3306",
            "engine": "mysql",
            "engine_lifecycle_support": "open-source-rds-extended-support",
            "engine_version": "8.0",
            "engine_version_actual": "8.0.45",
            "final_snapshot_identifier": null,
            "hosted_zone_id": "Z1JG78A3UK1DU3",
            "iam_database_authentication_enabled": false,
            "id": "db-5M6KTX6OU6DHCEH3AV7LXSMREE",
            "identifier": "aws-de-project-dev-mysql",
            "identifier_prefix": "",
            "instance_class": "db.t3.micro",
            "iops": 0,
            "kms_key_id": "",
            "latest_restorable_time": "2026-04-19T05:54:46Z",
            "license_model": "general-public-license",
            "listener_endpoint": [],
            "maintenance_window": "sun:10:08-sun:10:38",
            "manage_master_user_password": null,
            "master_user_secret": [],
            "master_user_secret_kms_key_id": null,
            "max_allocated_storage": 0,
            "monitoring_interval": 0,
            "monitoring_role_arn": "",
            "multi_az": false,
            "nchar_character_set_name": "",
            "network_type": "IPV4",
            "option_group_name": "default:mysql-8-0",
            "parameter_group_name": "aws-de-project-dev-mysql-cdc-pg",
            "password": "#BuZny6bU*8*GpkQ",
            "password_wo": null,
            "password_wo_version": null,
            "performance_insights_enabled": false,
            "performance_insights_kms_key_id": "",
            "performance_insights_retention_period": 0,
            "port": 3306,
            "publicly_accessible": true,
            "replica_mode": "",
            "replicas": [],
            "replicate_source_db": "",
            "resource_id": "db-5M6KTX6OU6DHCEH3AV7LXSMREE",
            "restore_to_point_in_time": [],
            "s3_import": [],
            "skip_final_snapshot": true,
            "snapshot_identifier": null,
            "status": "available",
            "storage_encrypted": false,
            "storage_throughput": 0,
            "storage_type": "gp2",
            "tags": {
              "Name": "aws-de-project-dev-mysql"
            },
            "tags_all": {
              "Environment": "dev",
              "ManagedBy": "Terraform",
              "Name": "aws-de-project-dev-mysql",
              "Project": "aws-de-project"
            },
            "timeouts": null,
            "timezone": "",
            "upgrade_storage_config": null,
            "username": "admin",
            "vpc_security_group_ids": [
              "sg-07691efadba5f63e5"
            ]
          },
          "sensitive_attributes": [
            [
              {
                "type": "get_attr",
                "value": "password"
              }
            ],
            [
              {
                "type": "get_attr",
                "value": "password_wo"
              }
            ]
          ],
          "identity_schema_version": 0,
          "private": "eyJlMmJmYjczMC1lY2FhLTExZTYtOGY4OC0zNDM2M2JjN2M0YzAiOnsiY3JlYXRlIjozMDAwMDAwMDAwMDAwLCJkZWxldGUiOjM2MDAwMDAwMDAwMDAsInVwZGF0ZSI6NDgwMDAwMDAwMDAwMH0sInNjaGVtYV92ZXJzaW9uIjoiMiJ9",
          "dependencies": [
            "module.rds.aws_db_parameter_group.mysql_cdc",
            "module.rds.aws_db_subnet_group.main",
            "module.rds.aws_security_group.rds",
            "module.rds.random_password.password",
            "module.vpc.aws_subnet.public",
            "module.vpc.aws_vpc.main"
          ]
        }
      ]
    },
    {
      "module": "module.rds",
      "mode": "managed",
      "type": "aws_db_parameter_group",
      "name": "mysql_cdc",
      "provider": "provider[\"registry.terraform.io/hashicorp/aws\"]",
      "instances": [
        {
          "schema_version": 0,
          "attributes": {
            "arn": "arn:aws:rds:ca-central-1:424254664937:pg:aws-de-project-dev-mysql-cdc-pg",
            "description": "Parameter group for MySQL with CDC enabled",
            "family": "mysql8.0",
            "id": "aws-de-project-dev-mysql-cdc-pg",
            "name": "aws-de-project-dev-mysql-cdc-pg",
            "name_prefix": "",
            "parameter": [
              {
                "apply_method": "immediate",
                "name": "binlog_checksum",
                "value": "NONE"
              },
              {
                "apply_method": "immediate",
                "name": "binlog_format",
                "value": "ROW"
              },
              {
                "apply_method": "immediate",
                "name": "binlog_row_image",
                "value": "Full"
              }
            ],
            "skip_destroy": false,
            "tags": {},
            "tags_all": {
              "Environment": "dev",
              "ManagedBy": "Terraform",
              "Project": "aws-de-project"
            }
          },
          "sensitive_attributes": [],
          "identity_schema_version": 0,
          "private": "bnVsbA=="
        }
      ]
    },
    {
      "module": "module.rds",
      "mode": "managed",
      "type": "aws_db_subnet_group",
      "name": "main",
      "provider": "provider[\"registry.terraform.io/hashicorp/aws\"]",
      "instances": [
        {
          "schema_version": 0,
          "attributes": {
            "arn": "arn:aws:rds:ca-central-1:424254664937:subgrp:aws-de-project-dev-db-subnet-group",
            "description": "Managed by Terraform",
            "id": "aws-de-project-dev-db-subnet-group",
            "name": "aws-de-project-dev-db-subnet-group",
            "name_prefix": "",
            "subnet_ids": [
              "subnet-019b84746757be3c0",
              "subnet-023f0e27922d50eb9"
            ],
            "supported_network_types": [
              "IPV4"
            ],
            "tags": {
              "Name": "aws-de-project-dev-db-subnet-group"
            },
            "tags_all": {
              "Environment": "dev",
              "ManagedBy": "Terraform",
              "Name": "aws-de-project-dev-db-subnet-group",
              "Project": "aws-de-project"
            },
            "vpc_id": "vpc-0a19c75431062fbb5"
          },
          "sensitive_attributes": [],
          "identity_schema_version": 0,
          "private": "bnVsbA==",
          "dependencies": [
            "module.vpc.aws_subnet.public",
            "module.vpc.aws_vpc.main"
          ]
        }
      ]
    },
    {
      "module": "module.rds",
      "mode": "managed",
      "type": "aws_secretsmanager_secret",
      "name": "db_credentials",
      "provider": "provider[\"registry.terraform.io/hashicorp/aws\"]",
      "instances": [
        {
          "schema_version": 0,
          "attributes": {
            "arn": "arn:aws:secretsmanager:ca-central-1:424254664937:secret:aws-de-project/dev/mysql-credentials-IUPuwD",
            "description": "",
            "force_overwrite_replica_secret": false,
            "id": "arn:aws:secretsmanager:ca-central-1:424254664937:secret:aws-de-project/dev/mysql-credentials-IUPuwD",
            "kms_key_id": "",
            "name": "aws-de-project/dev/mysql-credentials",
            "name_prefix": "",
            "policy": "",
            "recovery_window_in_days": 0,
            "replica": [],
            "tags": {},
            "tags_all": {
              "Environment": "dev",
              "ManagedBy": "Terraform",
              "Project": "aws-de-project"
            }
          },
          "sensitive_attributes": [],
          "identity_schema_version": 0,
          "private": "bnVsbA=="
        }
      ]
    },
    {
      "module": "module.rds",
      "mode": "managed",
      "type": "aws_secretsmanager_secret_version",
      "name": "db_credentials",
      "provider": "provider[\"registry.terraform.io/hashicorp/aws\"]",
      "instances": [
        {
          "schema_version": 0,
          "attributes": {
            "arn": "arn:aws:secretsmanager:ca-central-1:424254664937:secret:aws-de-project/dev/mysql-credentials-IUPuwD",
            "has_secret_string_wo": null,
            "id": "arn:aws:secretsmanager:ca-central-1:424254664937:secret:aws-de-project/dev/mysql-credentials-IUPuwD|terraform-20260417031638590300000001",
            "secret_binary": "",
            "secret_id": "arn:aws:secretsmanager:ca-central-1:424254664937:secret:aws-de-project/dev/mysql-credentials-IUPuwD",
            "secret_string": "{\"dbname\":\"dev\",\"engine\":\"mysql\",\"host\":\"aws-de-project-dev-mysql.cv6oq2824ebl.ca-central-1.rds.amazonaws.com\",\"password\":\"#BuZny6bU*8*GpkQ\",\"port\":3306,\"username\":\"admin\"}",
            "secret_string_wo": null,
            "secret_string_wo_version": null,
            "version_id": "terraform-20260417031638590300000001",
            "version_stages": [
              "AWSCURRENT"
            ]
          },
          "sensitive_attributes": [
            [
              {
                "type": "get_attr",
                "value": "secret_binary"
              }
            ],
            [
              {
                "type": "get_attr",
                "value": "secret_string"
              }
            ],
            [
              {
                "type": "get_attr",
                "value": "secret_string_wo"
              }
            ]
          ],
          "identity_schema_version": 0,
          "private": "bnVsbA==",
          "dependencies": [
            "module.rds.aws_db_instance.main",
            "module.rds.aws_db_parameter_group.mysql_cdc",
            "module.rds.aws_db_subnet_group.main",
            "module.rds.aws_secretsmanager_secret.db_credentials",
            "module.rds.aws_security_group.rds",
            "module.rds.random_password.password",
            "module.vpc.aws_subnet.public",
            "module.vpc.aws_vpc.main"
          ]
        }
      ]
    },
    {
      "module": "module.rds",
      "mode": "managed",
      "type": "aws_security_group",
      "name": "rds",
      "provider": "provider[\"registry.terraform.io/hashicorp/aws\"]",
      "instances": [
        {
          "schema_version": 1,
          "attributes": {
            "arn": "arn:aws:ec2:ca-central-1:424254664937:security-group/sg-07691efadba5f63e5",
            "description": "Security group for RDS instance",
            "egress": [
              {
                "cidr_blocks": [
                  "0.0.0.0/0"
                ],
                "description": "",
                "from_port": 0,
                "ipv6_cidr_blocks": [],
                "prefix_list_ids": [],
                "protocol": "-1",
                "security_groups": [],
                "self": false,
                "to_port": 0
              }
            ],
            "id": "sg-07691efadba5f63e5",
            "ingress": [
              {
                "cidr_blocks": [
                  "0.0.0.0/0"
                ],
                "description": "",
                "from_port": 3306,
                "ipv6_cidr_blocks": [],
                "prefix_list_ids": [],
                "protocol": "tcp",
                "security_groups": [],
                "self": false,
                "to_port": 3306
              },
              {
                "cidr_blocks": [],
                "description": null,
                "from_port": 3306,
                "ipv6_cidr_blocks": [],
                "prefix_list_ids": [],
                "protocol": "tcp",
                "security_groups": [],
                "self": true,
                "to_port": 3306
              }
            ],
            "name": "aws-de-project-dev-rds-sg",
            "name_prefix": "",
            "owner_id": "424254664937",
            "revoke_rules_on_delete": false,
            "tags": {
              "Name": "aws-de-project-dev-rds-sg"
            },
            "tags_all": {
              "Environment": "dev",
              "ManagedBy": "Terraform",
              "Name": "aws-de-project-dev-rds-sg",
              "Project": "aws-de-project"
            },
            "timeouts": null,
            "vpc_id": "vpc-0a19c75431062fbb5"
          },
          "sensitive_attributes": [],
          "identity_schema_version": 0,
          "private": "eyJlMmJmYjczMC1lY2FhLTExZTYtOGY4OC0zNDM2M2JjN2M0YzAiOnsiY3JlYXRlIjo2MDAwMDAwMDAwMDAsImRlbGV0ZSI6OTAwMDAwMDAwMDAwfSwic2NoZW1hX3ZlcnNpb24iOiIxIn0=",
          "dependencies": [
            "module.vpc.aws_vpc.main"
          ]
        }
      ]
    },
    {
      "module": "module.rds",
      "mode": "managed",
      "type": "random_password",
      "name": "password",
      "provider": "provider[\"registry.terraform.io/hashicorp/random\"]",
      "instances": [
        {
          "schema_version": 3,
          "attributes": {
            "bcrypt_hash": "$2a$10$.o/DYgRDnkwZgJGUCMRnzOzuRTkqLgsX75JQ7i8vy5Jajt9yFml/6",
            "id": "none",
            "keepers": null,
            "length": 16,
            "lower": true,
            "min_lower": 0,
            "min_numeric": 0,
            "min_special": 0,
            "min_upper": 0,
            "number": true,
            "numeric": true,
            "override_special": "!#$%\u0026*()-_=+",
            "result": "#BuZny6bU*8*GpkQ",
            "special": true,
            "upper": true
          },
          "sensitive_attributes": [
            [
              {
                "type": "get_attr",
                "value": "bcrypt_hash"
              }
            ],
            [
              {
                "type": "get_attr",
                "value": "result"
              }
            ]
          ],
          "identity_schema_version": 0
        }
      ]
    },
    {
      "module": "module.redshift",
      "mode": "managed",
      "type": "aws_iam_policy",
      "name": "redshift_s3_policy",
      "provider": "provider[\"registry.terraform.io/hashicorp/aws\"]",
      "instances": [
        {
          "schema_version": 0,
          "attributes": {
            "arn": "arn:aws:iam::424254664937:policy/aws-de-project-dev-redshift-s3-policy",
            "attachment_count": 1,
            "description": "",
            "id": "arn:aws:iam::424254664937:policy/aws-de-project-dev-redshift-s3-policy",
            "name": "aws-de-project-dev-redshift-s3-policy",
            "name_prefix": "",
            "path": "/",
            "policy": "{\"Statement\":[{\"Action\":[\"s3:GetObject\",\"s3:ListBucket\"],\"Effect\":\"Allow\",\"Resource\":[\"arn:aws:s3:::aws-de-project-dev-data-20260417025725087400000002\",\"arn:aws:s3:::aws-de-project-dev-data-20260417025725087400000002/*\"]}],\"Version\":\"2012-10-17\"}",
            "policy_id": "ANPAWFR4MODU4VNORFICI",
            "tags": {},
            "tags_all": {
              "Environment": "dev",
              "ManagedBy": "Terraform",
              "Project": "aws-de-project"
            }
          },
          "sensitive_attributes": [],
          "identity_schema_version": 0,
          "private": "bnVsbA==",
          "dependencies": [
            "module.s3.aws_s3_bucket.main"
          ]
        }
      ]
    },
    {
      "module": "module.redshift",
      "mode": "managed",
      "type": "aws_iam_role",
      "name": "redshift_role",
      "provider": "provider[\"registry.terraform.io/hashicorp/aws\"]",
      "instances": [
        {
          "schema_version": 0,
          "attributes": {
            "arn": "arn:aws:iam::424254664937:role/aws-de-project-dev-redshift-role",
            "assume_role_policy": "{\"Statement\":[{\"Action\":\"sts:AssumeRole\",\"Effect\":\"Allow\",\"Principal\":{\"Service\":\"redshift.amazonaws.com\"}}],\"Version\":\"2012-10-17\"}",
            "create_date": "2026-04-19T01:42:04Z",
            "description": "",
            "force_detach_policies": false,
            "id": "aws-de-project-dev-redshift-role",
            "inline_policy": [],
            "managed_policy_arns": [
              "arn:aws:iam::424254664937:policy/aws-de-project-dev-redshift-s3-policy"
            ],
            "max_session_duration": 3600,
            "name": "aws-de-project-dev-redshift-role",
            "name_prefix": "",
            "path": "/",
            "permissions_boundary": "",
            "tags": {},
            "tags_all": {
              "Environment": "dev",
              "ManagedBy": "Terraform",
              "Project": "aws-de-project"
            },
            "unique_id": "AROAWFR4MODUZERIJ4USR"
          },
          "sensitive_attributes": [],
          "identity_schema_version": 0,
          "private": "bnVsbA=="
        }
      ]
    },
    {
      "module": "module.redshift",
      "mode": "managed",
      "type": "aws_iam_role_policy_attachment",
      "name": "redshift_s3_attach",
      "provider": "provider[\"registry.terraform.io/hashicorp/aws\"]",
      "instances": [
        {
          "schema_version": 0,
          "attributes": {
            "id": "aws-de-project-dev-redshift-role-20260419014205127300000004",
            "policy_arn": "arn:aws:iam::424254664937:policy/aws-de-project-dev-redshift-s3-policy",
            "role": "aws-de-project-dev-redshift-role"
          },
          "sensitive_attributes": [],
          "identity_schema_version": 0,
          "private": "bnVsbA==",
          "dependencies": [
            "module.redshift.aws_iam_policy.redshift_s3_policy",
            "module.redshift.aws_iam_role.redshift_role",
            "module.s3.aws_s3_bucket.main"
          ]
        }
      ]
    },
    {
      "module": "module.redshift",
      "mode": "managed",
      "type": "aws_redshift_cluster",
      "name": "main",
      "provider": "provider[\"registry.terraform.io/hashicorp/aws\"]",
      "instances": [
        {
          "schema_version": 0,
          "attributes": {
            "allow_version_upgrade": true,
            "apply_immediately": false,
            "aqua_configuration_status": "auto",
            "arn": "arn:aws:redshift:ca-central-1:424254664937:cluster:aws-de-project-dev-redshift",
            "automated_snapshot_retention_period": 1,
            "availability_zone": "ca-central-1a",
            "availability_zone_relocation_enabled": true,
            "cluster_identifier": "aws-de-project-dev-redshift",
            "cluster_namespace_arn": "arn:aws:redshift:ca-central-1:424254664937:namespace:15959776-a802-4264-8350-1dee4b776d9a",
            "cluster_nodes": [
              {
                "node_role": "SHARED",
                "private_ip_address": "10.0.10.28",
                "public_ip_address": "16.52.98.20"
              }
            ],
            "cluster_parameter_group_name": "default.redshift-2.0",
            "cluster_public_key": "ssh-rsa AAAAB3NzaC1yc2EAAAADAQABAAABAQCt0klYDrf41AusLulTs69x+4FuJpo66Gcwlg6FXAw6HlwO8AT32rIg9dnECqCYggTuzEvVZkj7mRS7fYutjtLYsKMtFd2NyK8EGtHHH47PKHF7oiz06tJ3EV+4Onm+E5+5oy1hHEE5/yZS/IUp3bVEx5D4RXm+lG4q4AXcosCpBQbZarnaK+X4my5CyvpsCZOjQMvhmOxczU3hqz8PuFZJa/O/65gAEaS08qK4sAsDNSZyd1CmhjYHWwahgnWiv/8RfPx5EEr9x37xKANL1Fx+9odCMnSmV4SfOsEnYEYwE1FbrX/Hl7FzwhRmsfXfbT/L3mhnVLPJBTMph9Keh3oB Amazon-Redshift\n",
            "cluster_revision_number": "266483",
            "cluster_subnet_group_name": "aws-de-project-dev-redshift-subnet-group",
            "cluster_type": "single-node",
            "cluster_version": "1.0",
            "database_name": "dev",
            "default_iam_role_arn": "",
            "dns_name": "aws-de-project-dev-redshift.cgky5xg1gccm.ca-central-1.redshift.amazonaws.com",
            "elastic_ip": null,
            "encrypted": true,
            "endpoint": "aws-de-project-dev-redshift.cgky5xg1gccm.ca-central-1.redshift.amazonaws.com:5439",
            "enhanced_vpc_routing": false,
            "final_snapshot_identifier": null,
            "iam_roles": [
              "arn:aws:iam::424254664937:role/aws-de-project-dev-redshift-role"
            ],
            "id": "aws-de-project-dev-redshift",
            "kms_key_id": "AWS_OWNED_KMS_KEY",
            "logging": [
              {
                "bucket_name": "",
                "enable": false,
                "log_destination_type": "",
                "log_exports": [],
                "s3_key_prefix": ""
              }
            ],
            "maintenance_track_name": "current",
            "manage_master_password": null,
            "manual_snapshot_retention_period": -1,
            "master_password": "*bKwhKwlQk\u0026gL%p9",
            "master_password_secret_arn": "",
            "master_password_secret_kms_key_id": "",
            "master_password_wo": null,
            "master_password_wo_version": null,
            "master_username": "adminuser",
            "multi_az": false,
            "node_type": "ra3.large",
            "number_of_nodes": 1,
            "owner_account": null,
            "port": 5439,
            "preferred_maintenance_window": "tue:18:00-tue:18:30",
            "publicly_accessible": false,
            "skip_final_snapshot": true,
            "snapshot_arn": null,
            "snapshot_cluster_identifier": null,
            "snapshot_copy": [],
            "snapshot_identifier": null,
            "tags": {
              "Name": "aws-de-project-dev-redshift"
            },
            "tags_all": {
              "Environment": "dev",
              "ManagedBy": "Terraform",
              "Name": "aws-de-project-dev-redshift",
              "Project": "aws-de-project"
            },
            "timeouts": null,
            "vpc_security_group_ids": [
              "sg-0bbf1a88a1eaf21a6"
            ]
          },
          "sensitive_attributes": [
            [
              {
                "type": "get_attr",
                "value": "master_password"
              }
            ],
            [
              {
                "type": "get_attr",
                "value": "master_password_wo"
              }
            ]
          ],
          "identity_schema_version": 0,
          "private": "eyJlMmJmYjczMC1lY2FhLTExZTYtOGY4OC0zNDM2M2JjN2M0YzAiOnsiY3JlYXRlIjo0NTAwMDAwMDAwMDAwLCJkZWxldGUiOjI0MDAwMDAwMDAwMDAsInVwZGF0ZSI6NDUwMDAwMDAwMDAwMH19",
          "dependencies": [
            "module.redshift.aws_iam_role.redshift_role",
            "module.redshift.aws_redshift_subnet_group.main",
            "module.redshift.aws_security_group.redshift",
            "module.redshift.random_password.password",
            "module.vpc.aws_subnet.private",
            "module.vpc.aws_vpc.main"
          ]
        }
      ]
    },
    {
      "module": "module.redshift",
      "mode": "managed",
      "type": "aws_redshift_subnet_group",
      "name": "main",
      "provider": "provider[\"registry.terraform.io/hashicorp/aws\"]",
      "instances": [
        {
          "schema_version": 0,
          "attributes": {
            "arn": "arn:aws:redshift:ca-central-1:424254664937:subnetgroup:aws-de-project-dev-redshift-subnet-group",
            "description": "Managed by Terraform",
            "id": "aws-de-project-dev-redshift-subnet-group",
            "name": "aws-de-project-dev-redshift-subnet-group",
            "subnet_ids": [
              "subnet-008fefa13c815ae5f",
              "subnet-0e37bdbd32df1de07"
            ],
            "tags": {
              "Name": "aws-de-project-dev-redshift-subnet-group"
            },
            "tags_all": {
              "Environment": "dev",
              "ManagedBy": "Terraform",
              "Name": "aws-de-project-dev-redshift-subnet-group",
              "Project": "aws-de-project"
            }
          },
          "sensitive_attributes": [],
          "identity_schema_version": 0,
          "private": "bnVsbA==",
          "dependencies": [
            "module.vpc.aws_subnet.private",
            "module.vpc.aws_vpc.main"
          ]
        }
      ]
    },
    {
      "module": "module.redshift",
      "mode": "managed",
      "type": "aws_secretsmanager_secret",
      "name": "redshift_credentials",
      "provider": "provider[\"registry.terraform.io/hashicorp/aws\"]",
      "instances": [
        {
          "schema_version": 0,
          "attributes": {
            "arn": "arn:aws:secretsmanager:ca-central-1:424254664937:secret:aws-de-project/dev/redshift-credentials-yzZmZ7",
            "description": "",
            "force_overwrite_replica_secret": false,
            "id": "arn:aws:secretsmanager:ca-central-1:424254664937:secret:aws-de-project/dev/redshift-credentials-yzZmZ7",
            "kms_key_id": "",
            "name": "aws-de-project/dev/redshift-credentials",
            "name_prefix": "",
            "policy": "",
            "recovery_window_in_days": 0,
            "replica": [],
            "tags": {},
            "tags_all": {
              "Environment": "dev",
              "ManagedBy": "Terraform",
              "Project": "aws-de-project"
            }
          },
          "sensitive_attributes": [],
          "identity_schema_version": 0,
          "private": "bnVsbA=="
        }
      ]
    },
    {
      "module": "module.redshift",
      "mode": "managed",
      "type": "aws_secretsmanager_secret_version",
      "name": "redshift_credentials",
      "provider": "provider[\"registry.terraform.io/hashicorp/aws\"]",
      "instances": [
        {
          "schema_version": 0,
          "attributes": {
            "arn": "arn:aws:secretsmanager:ca-central-1:424254664937:secret:aws-de-project/dev/redshift-credentials-yzZmZ7",
            "has_secret_string_wo": null,
            "id": "arn:aws:secretsmanager:ca-central-1:424254664937:secret:aws-de-project/dev/redshift-credentials-yzZmZ7|terraform-20260419014329958900000006",
            "secret_binary": "",
            "secret_id": "arn:aws:secretsmanager:ca-central-1:424254664937:secret:aws-de-project/dev/redshift-credentials-yzZmZ7",
            "secret_string": "{\"dbClusterIdentifier\":\"aws-de-project-dev-redshift\",\"engine\":\"redshift\",\"host\":\"aws-de-project-dev-redshift.cgky5xg1gccm.ca-central-1.redshift.amazonaws.com:5439\",\"password\":\"*bKwhKwlQk\\u0026gL%p9\",\"port\":5439,\"username\":\"adminuser\"}",
            "secret_string_wo": null,
            "secret_string_wo_version": null,
            "version_id": "terraform-20260419014329958900000006",
            "version_stages": [
              "AWSCURRENT"
            ]
          },
          "sensitive_attributes": [
            [
              {
                "type": "get_attr",
                "value": "secret_binary"
              }
            ],
            [
              {
                "type": "get_attr",
                "value": "secret_string"
              }
            ],
            [
              {
                "type": "get_attr",
                "value": "secret_string_wo"
              }
            ]
          ],
          "identity_schema_version": 0,
          "private": "bnVsbA==",
          "dependencies": [
            "module.redshift.aws_iam_role.redshift_role",
            "module.redshift.aws_redshift_cluster.main",
            "module.redshift.aws_redshift_subnet_group.main",
            "module.redshift.aws_secretsmanager_secret.redshift_credentials",
            "module.redshift.aws_security_group.redshift",
            "module.redshift.random_password.password",
            "module.vpc.aws_subnet.private",
            "module.vpc.aws_vpc.main"
          ]
        }
      ]
    },
    {
      "module": "module.redshift",
      "mode": "managed",
      "type": "aws_security_group",
      "name": "redshift",
      "provider": "provider[\"registry.terraform.io/hashicorp/aws\"]",
      "instances": [
        {
          "schema_version": 1,
          "attributes": {
            "arn": "arn:aws:ec2:ca-central-1:424254664937:security-group/sg-0bbf1a88a1eaf21a6",
            "description": "Security group for Redshift cluster",
            "egress": [
              {
                "cidr_blocks": [
                  "0.0.0.0/0"
                ],
                "description": "",
                "from_port": 0,
                "ipv6_cidr_blocks": [],
                "prefix_list_ids": [],
                "protocol": "-1",
                "security_groups": [],
                "self": false,
                "to_port": 0
              }
            ],
            "id": "sg-0bbf1a88a1eaf21a6",
            "ingress": [
              {
                "cidr_blocks": [
                  "10.0.0.0/16"
                ],
                "description": "",
                "from_port": 5439,
                "ipv6_cidr_blocks": [],
                "prefix_list_ids": [],
                "protocol": "tcp",
                "security_groups": [],
                "self": false,
                "to_port": 5439
              }
            ],
            "name": "aws-de-project-dev-redshift-sg",
            "name_prefix": "",
            "owner_id": "424254664937",
            "revoke_rules_on_delete": false,
            "tags": {
              "Name": "aws-de-project-dev-redshift-sg"
            },
            "tags_all": {
              "Environment": "dev",
              "ManagedBy": "Terraform",
              "Name": "aws-de-project-dev-redshift-sg",
              "Project": "aws-de-project"
            },
            "timeouts": null,
            "vpc_id": "vpc-0a19c75431062fbb5"
          },
          "sensitive_attributes": [],
          "identity_schema_version": 0,
          "private": "eyJlMmJmYjczMC1lY2FhLTExZTYtOGY4OC0zNDM2M2JjN2M0YzAiOnsiY3JlYXRlIjo2MDAwMDAwMDAwMDAsImRlbGV0ZSI6OTAwMDAwMDAwMDAwfSwic2NoZW1hX3ZlcnNpb24iOiIxIn0=",
          "dependencies": [
            "module.vpc.aws_vpc.main"
          ]
        }
      ]
    },
    {
      "module": "module.redshift",
      "mode": "managed",
      "type": "random_password",
      "name": "password",
      "provider": "provider[\"registry.terraform.io/hashicorp/random\"]",
      "instances": [
        {
          "schema_version": 3,
          "attributes": {
            "bcrypt_hash": "$2a$10$7vDFVC.AdLo2SuG7cvDgDOsCbGdYyAwqAM/BtrblmdOBEHY4KouSC",
            "id": "none",
            "keepers": null,
            "length": 16,
            "lower": true,
            "min_lower": 0,
            "min_numeric": 0,
            "min_special": 0,
            "min_upper": 0,
            "number": true,
            "numeric": true,
            "override_special": "!#$%\u0026*()-_=+",
            "result": "*bKwhKwlQk\u0026gL%p9",
            "special": true,
            "upper": true
          },
          "sensitive_attributes": [
            [
              {
                "type": "get_attr",
                "value": "bcrypt_hash"
              }
            ],
            [
              {
                "type": "get_attr",
                "value": "result"
              }
            ]
          ],
          "identity_schema_version": 0
        }
      ]
    },
    {
      "module": "module.s3",
      "mode": "managed",
      "type": "aws_s3_bucket",
      "name": "main",
      "provider": "provider[\"registry.terraform.io/hashicorp/aws\"]",
      "instances": [
        {
          "schema_version": 0,
          "attributes": {
            "acceleration_status": "",
            "acl": null,
            "arn": "arn:aws:s3:::aws-de-project-dev-data-20260417025725087400000002",
            "bucket": "aws-de-project-dev-data-20260417025725087400000002",
            "bucket_domain_name": "aws-de-project-dev-data-20260417025725087400000002.s3.amazonaws.com",
            "bucket_prefix": "aws-de-project-dev-data-",
            "bucket_regional_domain_name": "aws-de-project-dev-data-20260417025725087400000002.s3.ca-central-1.amazonaws.com",
            "cors_rule": [],
            "force_destroy": true,
            "grant": [
              {
                "id": "d4d31a2f94eba10876e5a80d6d16cc4f53dba9cd5d2652280254f0736920fa9f",
                "permissions": [
                  "FULL_CONTROL"
                ],
                "type": "CanonicalUser",
                "uri": ""
              }
            ],
            "hosted_zone_id": "Z1QDHH18159H29",
            "id": "aws-de-project-dev-data-20260417025725087400000002",
            "lifecycle_rule": [],
            "logging": [],
            "object_lock_configuration": [],
            "object_lock_enabled": false,
            "policy": "{\"Statement\":[{\"Action\":[\"s3:PutObject\",\"s3:GetObject\",\"s3:DeleteObject\",\"s3:ListBucket\",\"s3:GetBucketLocation\",\"s3:PutObjectTagging\",\"s3:AbortMultipartUpload\",\"s3:ListMultipartUploadParts\"],\"Effect\":\"Allow\",\"Principal\":{\"AWS\":[\"arn:aws:iam::424254664937:role/aws-de-project-dev-glue-role\",\"arn:aws:iam::424254664937:role/aws-de-project-dev-redshift-role\",\"arn:aws:iam::424254664937:role/aws-de-project-dev-dms-s3-role\"]},\"Resource\":[\"arn:aws:s3:::aws-de-project-dev-data-20260417025725087400000002\",\"arn:aws:s3:::aws-de-project-dev-data-20260417025725087400000002/*\"]}],\"Version\":\"2012-10-17\"}",
            "region": "ca-central-1",
            "replication_configuration": [],
            "request_payer": "BucketOwner",
            "server_side_encryption_configuration": [
              {
                "rule": [
                  {
                    "apply_server_side_encryption_by_default": [
                      {
                        "kms_master_key_id": "",
                        "sse_algorithm": "AES256"
                      }
                    ],
                    "bucket_key_enabled": false
                  }
                ]
              }
            ],
            "tags": {
              "Name": "aws-de-project-dev-data-bucket"
            },
            "tags_all": {
              "Environment": "dev",
              "ManagedBy": "Terraform",
              "Name": "aws-de-project-dev-data-bucket",
              "Project": "aws-de-project"
            },
            "timeouts": null,
            "versioning": [
              {
                "enabled": false,
                "mfa_delete": false
              }
            ],
            "website": [],
            "website_domain": null,
            "website_endpoint": null
          },
          "sensitive_attributes": [],
          "identity_schema_version": 0,
          "private": "eyJlMmJmYjczMC1lY2FhLTExZTYtOGY4OC0zNDM2M2JjN2M0YzAiOnsiY3JlYXRlIjoxMjAwMDAwMDAwMDAwLCJkZWxldGUiOjM2MDAwMDAwMDAwMDAsInJlYWQiOjEyMDAwMDAwMDAwMDAsInVwZGF0ZSI6MTIwMDAwMDAwMDAwMH19"
        }
      ]
    },
    {
      "module": "module.s3",
      "mode": "managed",
      "type": "aws_s3_object",
      "name": "bronze",
      "provider": "provider[\"registry.terraform.io/hashicorp/aws\"]",
      "instances": [
        {
          "schema_version": 0,
          "attributes": {
            "acl": null,
            "arn": "arn:aws:s3:::aws-de-project-dev-data-20260417025725087400000002/bronze/",
            "bucket": "aws-de-project-dev-data-20260417025725087400000002",
            "bucket_key_enabled": false,
            "cache_control": "",
            "checksum_algorithm": null,
            "checksum_crc32": "",
            "checksum_crc32c": "",
            "checksum_crc64nvme": "",
            "checksum_sha1": "",
            "checksum_sha256": "",
            "content": null,
            "content_base64": null,
            "content_disposition": "",
            "content_encoding": "",
            "content_language": "",
            "content_type": "application/octet-stream",
            "etag": "d41d8cd98f00b204e9800998ecf8427e",
            "force_destroy": false,
            "id": "bronze/",
            "key": "bronze/",
            "kms_key_id": null,
            "metadata": {},
            "object_lock_legal_hold_status": "",
            "object_lock_mode": "",
            "object_lock_retain_until_date": "",
            "override_provider": [],
            "server_side_encryption": "AES256",
            "source": null,
            "source_hash": null,
            "storage_class": "STANDARD",
            "tags": {},
            "tags_all": {
              "Environment": "dev",
              "ManagedBy": "Terraform",
              "Project": "aws-de-project"
            },
            "version_id": "",
            "website_redirect": ""
          },
          "sensitive_attributes": [],
          "identity_schema_version": 0,
          "private": "bnVsbA==",
          "dependencies": [
            "module.s3.aws_s3_bucket.main"
          ]
        }
      ]
    },
    {
      "module": "module.s3",
      "mode": "managed",
      "type": "aws_s3_object",
      "name": "scripts",
      "provider": "provider[\"registry.terraform.io/hashicorp/aws\"]",
      "instances": [
        {
          "schema_version": 0,
          "attributes": {
            "acl": null,
            "arn": "arn:aws:s3:::aws-de-project-dev-data-20260417025725087400000002/scripts/",
            "bucket": "aws-de-project-dev-data-20260417025725087400000002",
            "bucket_key_enabled": false,
            "cache_control": "",
            "checksum_algorithm": null,
            "checksum_crc32": "",
            "checksum_crc32c": "",
            "checksum_crc64nvme": "",
            "checksum_sha1": "",
            "checksum_sha256": "",
            "content": null,
            "content_base64": null,
            "content_disposition": "",
            "content_encoding": "",
            "content_language": "",
            "content_type": "application/octet-stream",
            "etag": "d41d8cd98f00b204e9800998ecf8427e",
            "force_destroy": false,
            "id": "scripts/",
            "key": "scripts/",
            "kms_key_id": null,
            "metadata": {},
            "object_lock_legal_hold_status": "",
            "object_lock_mode": "",
            "object_lock_retain_until_date": "",
            "override_provider": [],
            "server_side_encryption": "AES256",
            "source": null,
            "source_hash": null,
            "storage_class": "STANDARD",
            "tags": {},
            "tags_all": {
              "Environment": "dev",
              "ManagedBy": "Terraform",
              "Project": "aws-de-project"
            },
            "version_id": "",
            "website_redirect": ""
          },
          "sensitive_attributes": [],
          "identity_schema_version": 0,
          "private": "bnVsbA==",
          "dependencies": [
            "module.s3.aws_s3_bucket.main"
          ]
        }
      ]
    },
    {
      "module": "module.s3",
      "mode": "managed",
      "type": "aws_s3_object",
      "name": "silver",
      "provider": "provider[\"registry.terraform.io/hashicorp/aws\"]",
      "instances": [
        {
          "schema_version": 0,
          "attributes": {
            "acl": null,
            "arn": "arn:aws:s3:::aws-de-project-dev-data-20260417025725087400000002/silver/",
            "bucket": "aws-de-project-dev-data-20260417025725087400000002",
            "bucket_key_enabled": false,
            "cache_control": "",
            "checksum_algorithm": null,
            "checksum_crc32": "",
            "checksum_crc32c": "",
            "checksum_crc64nvme": "",
            "checksum_sha1": "",
            "checksum_sha256": "",
            "content": null,
            "content_base64": null,
            "content_disposition": "",
            "content_encoding": "",
            "content_language": "",
            "content_type": "application/octet-stream",
            "etag": "d41d8cd98f00b204e9800998ecf8427e",
            "force_destroy": false,
            "id": "silver/",
            "key": "silver/",
            "kms_key_id": null,
            "metadata": {},
            "object_lock_legal_hold_status": "",
            "object_lock_mode": "",
            "object_lock_retain_until_date": "",
            "override_provider": [],
            "server_side_encryption": "AES256",
            "source": null,
            "source_hash": null,
            "storage_class": "STANDARD",
            "tags": {},
            "tags_all": {
              "Environment": "dev",
              "ManagedBy": "Terraform",
              "Project": "aws-de-project"
            },
            "version_id": "",
            "website_redirect": ""
          },
          "sensitive_attributes": [],
          "identity_schema_version": 0,
          "private": "bnVsbA==",
          "dependencies": [
            "module.s3.aws_s3_bucket.main"
          ]
        }
      ]
    },
    {
      "module": "module.step_functions",
      "mode": "managed",
      "type": "aws_cloudwatch_event_rule",
      "name": "sfn_schedule",
      "provider": "provider[\"registry.terraform.io/hashicorp/aws\"]",
      "instances": [
        {
          "schema_version": 1,
          "attributes": {
            "arn": "arn:aws:events:ca-central-1:424254664937:rule/aws-de-project-dev-sfn-schedule",
            "description": "Schedule for Step Functions",
            "event_bus_name": "default",
            "event_pattern": null,
            "force_destroy": false,
            "id": "aws-de-project-dev-sfn-schedule",
            "is_enabled": true,
            "name": "aws-de-project-dev-sfn-schedule",
            "name_prefix": "",
            "role_arn": "",
            "schedule_expression": "rate(1 hour)",
            "state": "ENABLED",
            "tags": {},
            "tags_all": {
              "Environment": "dev",
              "ManagedBy": "Terraform",
              "Project": "aws-de-project"
            }
          },
          "sensitive_attributes": [],
          "identity_schema_version": 0,
          "private": "eyJzY2hlbWFfdmVyc2lvbiI6IjEifQ=="
        }
      ]
    },
    {
      "module": "module.step_functions",
      "mode": "managed",
      "type": "aws_cloudwatch_event_target",
      "name": "sfn_target",
      "provider": "provider[\"registry.terraform.io/hashicorp/aws\"]",
      "instances": [
        {
          "schema_version": 1,
          "attributes": {
            "appsync_target": [],
            "arn": "arn:aws:states:ca-central-1:424254664937:stateMachine:aws-de-project-dev-state-machine",
            "batch_target": [],
            "dead_letter_config": [],
            "ecs_target": [],
            "event_bus_name": "default",
            "force_destroy": false,
            "http_target": [],
            "id": "aws-de-project-dev-sfn-schedule-SendToStepFunctions",
            "input": "",
            "input_path": "",
            "input_transformer": [],
            "kinesis_target": [],
            "redshift_target": [],
            "retry_policy": [],
            "role_arn": "arn:aws:iam::424254664937:role/aws-de-project-dev-eb-sfn-role",
            "rule": "aws-de-project-dev-sfn-schedule",
            "run_command_targets": [],
            "sagemaker_pipeline_target": [],
            "sqs_target": [],
            "target_id": "SendToStepFunctions"
          },
          "sensitive_attributes": [],
          "identity_schema_version": 0,
          "private": "eyJzY2hlbWFfdmVyc2lvbiI6IjEifQ==",
          "dependencies": [
            "module.glue.aws_glue_catalog_database.main",
            "module.glue.aws_glue_connection.redshift",
            "module.glue.aws_glue_job.job",
            "module.glue.aws_iam_role.glue_role",
            "module.glue.aws_security_group.glue",
            "module.redshift.aws_iam_role.redshift_role",
            "module.redshift.aws_redshift_cluster.main",
            "module.redshift.aws_redshift_subnet_group.main",
            "module.redshift.aws_secretsmanager_secret.redshift_credentials",
            "module.redshift.aws_security_group.redshift",
            "module.redshift.random_password.password",
            "module.s3.aws_s3_bucket.main",
            "module.step_functions.aws_cloudwatch_event_rule.sfn_schedule",
            "module.step_functions.aws_iam_role.eventbridge_sfn_role",
            "module.step_functions.aws_iam_role.sfn_role",
            "module.step_functions.aws_sfn_state_machine.main",
            "module.vpc.aws_subnet.private",
            "module.vpc.aws_vpc.main"
          ]
        }
      ]
    },
    {
      "module": "module.step_functions",
      "mode": "managed",
      "type": "aws_iam_policy",
      "name": "eventbridge_sfn_policy",
      "provider": "provider[\"registry.terraform.io/hashicorp/aws\"]",
      "instances": [
        {
          "schema_version": 0,
          "attributes": {
            "arn": "arn:aws:iam::424254664937:policy/aws-de-project-dev-eb-sfn-policy",
            "attachment_count": 1,
            "description": "",
            "id": "arn:aws:iam::424254664937:policy/aws-de-project-dev-eb-sfn-policy",
            "name": "aws-de-project-dev-eb-sfn-policy",
            "name_prefix": "",
            "path": "/",
            "policy": "{\"Statement\":[{\"Action\":[\"states:StartExecution\"],\"Effect\":\"Allow\",\"Resource\":[\"arn:aws:states:ca-central-1:424254664937:stateMachine:aws-de-project-dev-state-machine\"]}],\"Version\":\"2012-10-17\"}",
            "policy_id": "ANPAWFR4MODUXRMU2Y6IW",
            "tags": {},
            "tags_all": {
              "Environment": "dev",
              "ManagedBy": "Terraform",
              "Project": "aws-de-project"
            }
          },
          "sensitive_attributes": [],
          "identity_schema_version": 0,
          "private": "bnVsbA==",
          "dependencies": [
            "module.glue.aws_glue_catalog_database.main",
            "module.glue.aws_glue_connection.redshift",
            "module.glue.aws_glue_job.job",
            "module.glue.aws_iam_role.glue_role",
            "module.glue.aws_security_group.glue",
            "module.redshift.aws_iam_role.redshift_role",
            "module.redshift.aws_redshift_cluster.main",
            "module.redshift.aws_redshift_subnet_group.main",
            "module.redshift.aws_secretsmanager_secret.redshift_credentials",
            "module.redshift.aws_security_group.redshift",
            "module.redshift.random_password.password",
            "module.s3.aws_s3_bucket.main",
            "module.step_functions.aws_iam_role.sfn_role",
            "module.step_functions.aws_sfn_state_machine.main",
            "module.vpc.aws_subnet.private",
            "module.vpc.aws_vpc.main"
          ]
        }
      ]
    },
    {
      "module": "module.step_functions",
      "mode": "managed",
      "type": "aws_iam_policy",
      "name": "sfn_policy",
      "provider": "provider[\"registry.terraform.io/hashicorp/aws\"]",
      "instances": [
        {
          "schema_version": 0,
          "attributes": {
            "arn": "arn:aws:iam::424254664937:policy/aws-de-project-dev-sfn-policy",
            "attachment_count": 1,
            "description": "",
            "id": "arn:aws:iam::424254664937:policy/aws-de-project-dev-sfn-policy",
            "name": "aws-de-project-dev-sfn-policy",
            "name_prefix": "",
            "path": "/",
            "policy": "{\"Statement\":[{\"Action\":[\"glue:StartJobRun\",\"glue:GetJobRun\"],\"Effect\":\"Allow\",\"Resource\":\"*\"},{\"Action\":[\"redshift-data:ExecuteStatement\",\"redshift-data:DescribeStatement\",\"redshift-data:GetStatementResult\"],\"Effect\":\"Allow\",\"Resource\":\"*\"},{\"Action\":[\"redshift:GetClusterCredentials\"],\"Effect\":\"Allow\",\"Resource\":[\"*\"]}],\"Version\":\"2012-10-17\"}",
            "policy_id": "ANPAWFR4MODURTC3YXYE2",
            "tags": {},
            "tags_all": {
              "Environment": "dev",
              "ManagedBy": "Terraform",
              "Project": "aws-de-project"
            }
          },
          "sensitive_attributes": [],
          "identity_schema_version": 0,
          "private": "bnVsbA=="
        }
      ]
    },
    {
      "module": "module.step_functions",
      "mode": "managed",
      "type": "aws_iam_role",
      "name": "eventbridge_sfn_role",
      "provider": "provider[\"registry.terraform.io/hashicorp/aws\"]",
      "instances": [
        {
          "schema_version": 0,
          "attributes": {
            "arn": "arn:aws:iam::424254664937:role/aws-de-project-dev-eb-sfn-role",
            "assume_role_policy": "{\"Statement\":[{\"Action\":\"sts:AssumeRole\",\"Effect\":\"Allow\",\"Principal\":{\"Service\":\"events.amazonaws.com\"}}],\"Version\":\"2012-10-17\"}",
            "create_date": "2026-04-19T01:42:04Z",
            "description": "",
            "force_detach_policies": false,
            "id": "aws-de-project-dev-eb-sfn-role",
            "inline_policy": [],
            "managed_policy_arns": [
              "arn:aws:iam::424254664937:policy/aws-de-project-dev-eb-sfn-policy"
            ],
            "max_session_duration": 3600,
            "name": "aws-de-project-dev-eb-sfn-role",
            "name_prefix": "",
            "path": "/",
            "permissions_boundary": "",
            "tags": {},
            "tags_all": {
              "Environment": "dev",
              "ManagedBy": "Terraform",
              "Project": "aws-de-project"
            },
            "unique_id": "AROAWFR4MODUXW7MUNM35"
          },
          "sensitive_attributes": [],
          "identity_schema_version": 0,
          "private": "bnVsbA=="
        }
      ]
    },
    {
      "module": "module.step_functions",
      "mode": "managed",
      "type": "aws_iam_role",
      "name": "sfn_role",
      "provider": "provider[\"registry.terraform.io/hashicorp/aws\"]",
      "instances": [
        {
          "schema_version": 0,
          "attributes": {
            "arn": "arn:aws:iam::424254664937:role/aws-de-project-dev-sfn-role",
            "assume_role_policy": "{\"Statement\":[{\"Action\":\"sts:AssumeRole\",\"Effect\":\"Allow\",\"Principal\":{\"Service\":\"states.amazonaws.com\"}}],\"Version\":\"2012-10-17\"}",
            "create_date": "2026-04-19T01:42:04Z",
            "description": "",
            "force_detach_policies": false,
            "id": "aws-de-project-dev-sfn-role",
            "inline_policy": [],
            "managed_policy_arns": [
              "arn:aws:iam::424254664937:policy/aws-de-project-dev-sfn-policy"
            ],
            "max_session_duration": 3600,
            "name": "aws-de-project-dev-sfn-role",
            "name_prefix": "",
            "path": "/",
            "permissions_boundary": "",
            "tags": {},
            "tags_all": {
              "Environment": "dev",
              "ManagedBy": "Terraform",
              "Project": "aws-de-project"
            },
            "unique_id": "AROAWFR4MODUXNMVP72SW"
          },
          "sensitive_attributes": [],
          "identity_schema_version": 0,
          "private": "bnVsbA=="
        }
      ]
    },
    {
      "module": "module.step_functions",
      "mode": "managed",
      "type": "aws_iam_role_policy_attachment",
      "name": "eventbridge_sfn_attach",
      "provider": "provider[\"registry.terraform.io/hashicorp/aws\"]",
      "instances": [
        {
          "schema_version": 0,
          "attributes": {
            "id": "aws-de-project-dev-eb-sfn-role-20260419014331772600000007",
            "policy_arn": "arn:aws:iam::424254664937:policy/aws-de-project-dev-eb-sfn-policy",
            "role": "aws-de-project-dev-eb-sfn-role"
          },
          "sensitive_attributes": [],
          "identity_schema_version": 0,
          "private": "bnVsbA==",
          "dependencies": [
            "module.glue.aws_glue_catalog_database.main",
            "module.glue.aws_glue_connection.redshift",
            "module.glue.aws_glue_job.job",
            "module.glue.aws_iam_role.glue_role",
            "module.glue.aws_security_group.glue",
            "module.redshift.aws_iam_role.redshift_role",
            "module.redshift.aws_redshift_cluster.main",
            "module.redshift.aws_redshift_subnet_group.main",
            "module.redshift.aws_secretsmanager_secret.redshift_credentials",
            "module.redshift.aws_security_group.redshift",
            "module.redshift.random_password.password",
            "module.s3.aws_s3_bucket.main",
            "module.step_functions.aws_iam_policy.eventbridge_sfn_policy",
            "module.step_functions.aws_iam_role.eventbridge_sfn_role",
            "module.step_functions.aws_iam_role.sfn_role",
            "module.step_functions.aws_sfn_state_machine.main",
            "module.vpc.aws_subnet.private",
            "module.vpc.aws_vpc.main"
          ]
        }
      ]
    },
    {
      "module": "module.step_functions",
      "mode": "managed",
      "type": "aws_iam_role_policy_attachment",
      "name": "sfn_attach",
      "provider": "provider[\"registry.terraform.io/hashicorp/aws\"]",
      "instances": [
        {
          "schema_version": 0,
          "attributes": {
            "id": "aws-de-project-dev-sfn-role-20260419014204811500000003",
            "policy_arn": "arn:aws:iam::424254664937:policy/aws-de-project-dev-sfn-policy",
            "role": "aws-de-project-dev-sfn-role"
          },
          "sensitive_attributes": [],
          "identity_schema_version": 0,
          "private": "bnVsbA==",
          "dependencies": [
            "module.step_functions.aws_iam_policy.sfn_policy",
            "module.step_functions.aws_iam_role.sfn_role"
          ]
        }
      ]
    },
    {
      "module": "module.step_functions",
      "mode": "managed",
      "type": "aws_sfn_state_machine",
      "name": "main",
      "provider": "provider[\"registry.terraform.io/hashicorp/aws\"]",
      "instances": [
        {
          "schema_version": 0,
          "attributes": {
            "arn": "arn:aws:states:ca-central-1:424254664937:stateMachine:aws-de-project-dev-state-machine",
            "creation_date": "2026-04-19T01:43:31Z",
            "definition": "{\"Comment\":\"Orchestrate Glue ETL and Redshift Merge\",\"StartAt\":\"Parallel_Load_Dimensions\",\"States\":{\"Parallel_Load_Dimensions\":{\"Branches\":[{\"StartAt\":\"Glue_Transform_Load_Customer\",\"States\":{\"Glue_Transform_Load_Customer\":{\"Next\":\"SP_Merge_Customer\",\"Parameters\":{\"JobName\":\"aws-de-project-dev-load_processed_customers\"},\"Resource\":\"arn:aws:states:::glue:startJobRun.sync\",\"Type\":\"Task\"},\"SP_Merge_Customer\":{\"End\":true,\"Parameters\":{\"ClusterIdentifier\":\"aws-de-project-dev-redshift\",\"Database\":\"dev\",\"DbUser\":\"adminuser\",\"Sql\":\"CALL sales.sp_merge_dim_customer();\"},\"Resource\":\"arn:aws:states:::aws-sdk:redshiftdata:executeStatement\",\"Type\":\"Task\"}}},{\"StartAt\":\"Glue_Transform_Load_Product\",\"States\":{\"Glue_Transform_Load_Product\":{\"Next\":\"SP_Merge_Product\",\"Parameters\":{\"JobName\":\"aws-de-project-dev-load_processed_products\"},\"Resource\":\"arn:aws:states:::glue:startJobRun.sync\",\"Type\":\"Task\"},\"SP_Merge_Product\":{\"End\":true,\"Parameters\":{\"ClusterIdentifier\":\"aws-de-project-dev-redshift\",\"Database\":\"dev\",\"DbUser\":\"adminuser\",\"Sql\":\"CALL sales.sp_merge_dim_product();\"},\"Resource\":\"arn:aws:states:::aws-sdk:redshiftdata:executeStatement\",\"Type\":\"Task\"}}}],\"Next\":\"Parallel_Load_Facts\",\"Type\":\"Parallel\"},\"Parallel_Load_Facts\":{\"Branches\":[{\"StartAt\":\"Glue_Load_Orders\",\"States\":{\"Glue_Load_Orders\":{\"End\":true,\"Parameters\":{\"JobName\":\"aws-de-project-dev-load_processed_orders\"},\"Resource\":\"arn:aws:states:::glue:startJobRun.sync\",\"Type\":\"Task\"}}},{\"StartAt\":\"Glue_Load_OrderDetails\",\"States\":{\"Glue_Load_OrderDetails\":{\"End\":true,\"Parameters\":{\"JobName\":\"aws-de-project-dev-load_processed_orderdetails\"},\"Resource\":\"arn:aws:states:::glue:startJobRun.sync\",\"Type\":\"Task\"}}}],\"End\":true,\"Type\":\"Parallel\"}}}",
            "description": "",
            "encryption_configuration": [
              {
                "kms_data_key_reuse_period_seconds": 0,
                "kms_key_id": "",
                "type": "AWS_OWNED_KEY"
              }
            ],
            "id": "arn:aws:states:ca-central-1:424254664937:stateMachine:aws-de-project-dev-state-machine",
            "logging_configuration": [
              {
                "include_execution_data": false,
                "level": "OFF",
                "log_destination": ""
              }
            ],
            "name": "aws-de-project-dev-state-machine",
            "name_prefix": "",
            "publish": false,
            "revision_id": "ab951242-7c14-48e9-859b-4b12a7151836",
            "role_arn": "arn:aws:iam::424254664937:role/aws-de-project-dev-sfn-role",
            "state_machine_version_arn": "",
            "status": "ACTIVE",
            "tags": {},
            "tags_all": {
              "Environment": "dev",
              "ManagedBy": "Terraform",
              "Project": "aws-de-project"
            },
            "timeouts": null,
            "tracing_configuration": [
              {
                "enabled": false
              }
            ],
            "type": "STANDARD",
            "version_description": null
          },
          "sensitive_attributes": [],
          "identity_schema_version": 0,
          "private": "eyJlMmJmYjczMC1lY2FhLTExZTYtOGY4OC0zNDM2M2JjN2M0YzAiOnsiY3JlYXRlIjozMDAwMDAwMDAwMDAsImRlbGV0ZSI6MzAwMDAwMDAwMDAwLCJ1cGRhdGUiOjYwMDAwMDAwMDAwfX0=",
          "dependencies": [
            "module.glue.aws_glue_catalog_database.main",
            "module.glue.aws_glue_connection.redshift",
            "module.glue.aws_glue_job.job",
            "module.glue.aws_iam_role.glue_role",
            "module.glue.aws_security_group.glue",
            "module.redshift.aws_iam_role.redshift_role",
            "module.redshift.aws_redshift_cluster.main",
            "module.redshift.aws_redshift_subnet_group.main",
            "module.redshift.aws_secretsmanager_secret.redshift_credentials",
            "module.redshift.aws_security_group.redshift",
            "module.redshift.random_password.password",
            "module.s3.aws_s3_bucket.main",
            "module.step_functions.aws_iam_role.sfn_role",
            "module.vpc.aws_subnet.private",
            "module.vpc.aws_vpc.main"
          ]
        }
      ]
    },
    {
      "module": "module.vpc",
      "mode": "managed",
      "type": "aws_internet_gateway",
      "name": "main",
      "provider": "provider[\"registry.terraform.io/hashicorp/aws\"]",
      "instances": [
        {
          "schema_version": 0,
          "attributes": {
            "arn": "arn:aws:ec2:ca-central-1:424254664937:internet-gateway/igw-00f4cd138883f41d2",
            "id": "igw-00f4cd138883f41d2",
            "owner_id": "424254664937",
            "tags": {
              "Name": "aws-de-project-dev-igw"
            },
            "tags_all": {
              "Environment": "dev",
              "ManagedBy": "Terraform",
              "Name": "aws-de-project-dev-igw",
              "Project": "aws-de-project"
            },
            "timeouts": null,
            "vpc_id": "vpc-0a19c75431062fbb5"
          },
          "sensitive_attributes": [],
          "identity_schema_version": 0,
          "private": "eyJlMmJmYjczMC1lY2FhLTExZTYtOGY4OC0zNDM2M2JjN2M0YzAiOnsiY3JlYXRlIjoxMjAwMDAwMDAwMDAwLCJkZWxldGUiOjEyMDAwMDAwMDAwMDAsInVwZGF0ZSI6MTIwMDAwMDAwMDAwMH19",
          "dependencies": [
            "module.vpc.aws_vpc.main"
          ]
        }
      ]
    },
    {
      "module": "module.vpc",
      "mode": "managed",
      "type": "aws_route_table",
      "name": "private",
      "provider": "provider[\"registry.terraform.io/hashicorp/aws\"]",
      "instances": [
        {
          "schema_version": 0,
          "attributes": {
            "arn": "arn:aws:ec2:ca-central-1:424254664937:route-table/rtb-0458f99a2eb54e281",
            "id": "rtb-0458f99a2eb54e281",
            "owner_id": "424254664937",
            "propagating_vgws": [],
            "route": [],
            "tags": {
              "Name": "aws-de-project-dev-private-rt"
            },
            "tags_all": {
              "Environment": "dev",
              "ManagedBy": "Terraform",
              "Name": "aws-de-project-dev-private-rt",
              "Project": "aws-de-project"
            },
            "timeouts": null,
            "vpc_id": "vpc-0a19c75431062fbb5"
          },
          "sensitive_attributes": [],
          "identity_schema_version": 0,
          "private": "eyJlMmJmYjczMC1lY2FhLTExZTYtOGY4OC0zNDM2M2JjN2M0YzAiOnsiY3JlYXRlIjozMDAwMDAwMDAwMDAsImRlbGV0ZSI6MzAwMDAwMDAwMDAwLCJ1cGRhdGUiOjEyMDAwMDAwMDAwMH19",
          "dependencies": [
            "module.vpc.aws_vpc.main"
          ]
        }
      ]
    },
    {
      "module": "module.vpc",
      "mode": "managed",
      "type": "aws_route_table",
      "name": "public",
      "provider": "provider[\"registry.terraform.io/hashicorp/aws\"]",
      "instances": [
        {
          "schema_version": 0,
          "attributes": {
            "arn": "arn:aws:ec2:ca-central-1:424254664937:route-table/rtb-0a62616062b0ab659",
            "id": "rtb-0a62616062b0ab659",
            "owner_id": "424254664937",
            "propagating_vgws": [],
            "route": [
              {
                "carrier_gateway_id": "",
                "cidr_block": "0.0.0.0/0",
                "core_network_arn": "",
                "destination_prefix_list_id": "",
                "egress_only_gateway_id": "",
                "gateway_id": "igw-00f4cd138883f41d2",
                "ipv6_cidr_block": "",
                "local_gateway_id": "",
                "nat_gateway_id": "",
                "network_interface_id": "",
                "transit_gateway_id": "",
                "vpc_endpoint_id": "",
                "vpc_peering_connection_id": ""
              }
            ],
            "tags": {
              "Name": "aws-de-project-dev-public-rt"
            },
            "tags_all": {
              "Environment": "dev",
              "ManagedBy": "Terraform",
              "Name": "aws-de-project-dev-public-rt",
              "Project": "aws-de-project"
            },
            "timeouts": null,
            "vpc_id": "vpc-0a19c75431062fbb5"
          },
          "sensitive_attributes": [],
          "identity_schema_version": 0,
          "private": "eyJlMmJmYjczMC1lY2FhLTExZTYtOGY4OC0zNDM2M2JjN2M0YzAiOnsiY3JlYXRlIjozMDAwMDAwMDAwMDAsImRlbGV0ZSI6MzAwMDAwMDAwMDAwLCJ1cGRhdGUiOjEyMDAwMDAwMDAwMH19",
          "dependencies": [
            "module.vpc.aws_internet_gateway.main",
            "module.vpc.aws_vpc.main"
          ]
        }
      ]
    },
    {
      "module": "module.vpc",
      "mode": "managed",
      "type": "aws_route_table_association",
      "name": "private",
      "provider": "provider[\"registry.terraform.io/hashicorp/aws\"]",
      "instances": [
        {
          "index_key": 0,
          "schema_version": 0,
          "attributes": {
            "gateway_id": "",
            "id": "rtbassoc-06bedfb5e149c93dd",
            "route_table_id": "rtb-0458f99a2eb54e281",
            "subnet_id": "subnet-008fefa13c815ae5f",
            "timeouts": null
          },
          "sensitive_attributes": [],
          "identity_schema_version": 0,
          "private": "eyJlMmJmYjczMC1lY2FhLTExZTYtOGY4OC0zNDM2M2JjN2M0YzAiOnsiY3JlYXRlIjozMDAwMDAwMDAwMDAsImRlbGV0ZSI6MzAwMDAwMDAwMDAwLCJ1cGRhdGUiOjEyMDAwMDAwMDAwMH19",
          "dependencies": [
            "module.vpc.aws_route_table.private",
            "module.vpc.aws_subnet.private",
            "module.vpc.aws_vpc.main"
          ]
        },
        {
          "index_key": 1,
          "schema_version": 0,
          "attributes": {
            "gateway_id": "",
            "id": "rtbassoc-07272feec6bda4027",
            "route_table_id": "rtb-0458f99a2eb54e281",
            "subnet_id": "subnet-0e37bdbd32df1de07",
            "timeouts": null
          },
          "sensitive_attributes": [],
          "identity_schema_version": 0,
          "private": "eyJlMmJmYjczMC1lY2FhLTExZTYtOGY4OC0zNDM2M2JjN2M0YzAiOnsiY3JlYXRlIjozMDAwMDAwMDAwMDAsImRlbGV0ZSI6MzAwMDAwMDAwMDAwLCJ1cGRhdGUiOjEyMDAwMDAwMDAwMH19",
          "dependencies": [
            "module.vpc.aws_route_table.private",
            "module.vpc.aws_subnet.private",
            "module.vpc.aws_vpc.main"
          ]
        }
      ]
    },
    {
      "module": "module.vpc",
      "mode": "managed",
      "type": "aws_route_table_association",
      "name": "public",
      "provider": "provider[\"registry.terraform.io/hashicorp/aws\"]",
      "instances": [
        {
          "index_key": 0,
          "schema_version": 0,
          "attributes": {
            "gateway_id": "",
            "id": "rtbassoc-008968375160831f5",
            "route_table_id": "rtb-0a62616062b0ab659",
            "subnet_id": "subnet-019b84746757be3c0",
            "timeouts": null
          },
          "sensitive_attributes": [],
          "identity_schema_version": 0,
          "private": "eyJlMmJmYjczMC1lY2FhLTExZTYtOGY4OC0zNDM2M2JjN2M0YzAiOnsiY3JlYXRlIjozMDAwMDAwMDAwMDAsImRlbGV0ZSI6MzAwMDAwMDAwMDAwLCJ1cGRhdGUiOjEyMDAwMDAwMDAwMH19",
          "dependencies": [
            "module.vpc.aws_internet_gateway.main",
            "module.vpc.aws_route_table.public",
            "module.vpc.aws_subnet.public",
            "module.vpc.aws_vpc.main"
          ]
        },
        {
          "index_key": 1,
          "schema_version": 0,
          "attributes": {
            "gateway_id": "",
            "id": "rtbassoc-0eed6a4df3e9b4378",
            "route_table_id": "rtb-0a62616062b0ab659",
            "subnet_id": "subnet-023f0e27922d50eb9",
            "timeouts": null
          },
          "sensitive_attributes": [],
          "identity_schema_version": 0,
          "private": "eyJlMmJmYjczMC1lY2FhLTExZTYtOGY4OC0zNDM2M2JjN2M0YzAiOnsiY3JlYXRlIjozMDAwMDAwMDAwMDAsImRlbGV0ZSI6MzAwMDAwMDAwMDAwLCJ1cGRhdGUiOjEyMDAwMDAwMDAwMH19",
          "dependencies": [
            "module.vpc.aws_internet_gateway.main",
            "module.vpc.aws_route_table.public",
            "module.vpc.aws_subnet.public",
            "module.vpc.aws_vpc.main"
          ]
        }
      ]
    },
    {
      "module": "module.vpc",
      "mode": "managed",
      "type": "aws_security_group",
      "name": "default",
      "provider": "provider[\"registry.terraform.io/hashicorp/aws\"]",
      "instances": [
        {
          "schema_version": 1,
          "attributes": {
            "arn": "arn:aws:ec2:ca-central-1:424254664937:security-group/sg-0793725b51a4a021c",
            "description": "Default security group to allow internal communication",
            "egress": [
              {
                "cidr_blocks": [
                  "0.0.0.0/0"
                ],
                "description": "",
                "from_port": 0,
                "ipv6_cidr_blocks": [],
                "prefix_list_ids": [],
                "protocol": "-1",
                "security_groups": [],
                "self": false,
                "to_port": 0
              }
            ],
            "id": "sg-0793725b51a4a021c",
            "ingress": [
              {
                "cidr_blocks": [],
                "description": "",
                "from_port": 0,
                "ipv6_cidr_blocks": [],
                "prefix_list_ids": [],
                "protocol": "-1",
                "security_groups": [],
                "self": true,
                "to_port": 0
              }
            ],
            "name": "aws-de-project-dev-default-sg",
            "name_prefix": "",
            "owner_id": "424254664937",
            "revoke_rules_on_delete": false,
            "tags": {
              "Name": "aws-de-project-dev-default-sg"
            },
            "tags_all": {
              "Environment": "dev",
              "ManagedBy": "Terraform",
              "Name": "aws-de-project-dev-default-sg",
              "Project": "aws-de-project"
            },
            "timeouts": null,
            "vpc_id": "vpc-0a19c75431062fbb5"
          },
          "sensitive_attributes": [],
          "identity_schema_version": 0,
          "private": "eyJlMmJmYjczMC1lY2FhLTExZTYtOGY4OC0zNDM2M2JjN2M0YzAiOnsiY3JlYXRlIjo2MDAwMDAwMDAwMDAsImRlbGV0ZSI6OTAwMDAwMDAwMDAwfSwic2NoZW1hX3ZlcnNpb24iOiIxIn0=",
          "dependencies": [
            "module.vpc.aws_vpc.main"
          ]
        }
      ]
    },
    {
      "module": "module.vpc",
      "mode": "managed",
      "type": "aws_security_group",
      "name": "vpce",
      "provider": "provider[\"registry.terraform.io/hashicorp/aws\"]",
      "instances": [
        {
          "schema_version": 1,
          "attributes": {
            "arn": "arn:aws:ec2:ca-central-1:424254664937:security-group/sg-0d775c73fdaa9f533",
            "description": "Security Group for VPC Endpoints",
            "egress": [],
            "id": "sg-0d775c73fdaa9f533",
            "ingress": [
              {
                "cidr_blocks": [
                  "10.0.0.0/16"
                ],
                "description": "",
                "from_port": 443,
                "ipv6_cidr_blocks": [],
                "prefix_list_ids": [],
                "protocol": "tcp",
                "security_groups": [],
                "self": false,
                "to_port": 443
              }
            ],
            "name": "aws-de-project-dev-vpce-sg",
            "name_prefix": "",
            "owner_id": "424254664937",
            "revoke_rules_on_delete": false,
            "tags": {
              "Name": "aws-de-project-dev-vpce-sg"
            },
            "tags_all": {
              "Environment": "dev",
              "ManagedBy": "Terraform",
              "Name": "aws-de-project-dev-vpce-sg",
              "Project": "aws-de-project"
            },
            "timeouts": null,
            "vpc_id": "vpc-0a19c75431062fbb5"
          },
          "sensitive_attributes": [],
          "identity_schema_version": 0,
          "private": "eyJlMmJmYjczMC1lY2FhLTExZTYtOGY4OC0zNDM2M2JjN2M0YzAiOnsiY3JlYXRlIjo2MDAwMDAwMDAwMDAsImRlbGV0ZSI6OTAwMDAwMDAwMDAwfSwic2NoZW1hX3ZlcnNpb24iOiIxIn0=",
          "dependencies": [
            "module.vpc.aws_vpc.main"
          ]
        }
      ]
    },
    {
      "module": "module.vpc",
      "mode": "managed",
      "type": "aws_subnet",
      "name": "private",
      "provider": "provider[\"registry.terraform.io/hashicorp/aws\"]",
      "instances": [
        {
          "index_key": 0,
          "schema_version": 1,
          "attributes": {
            "arn": "arn:aws:ec2:ca-central-1:424254664937:subnet/subnet-008fefa13c815ae5f",
            "assign_ipv6_address_on_creation": false,
            "availability_zone": "ca-central-1a",
            "availability_zone_id": "cac1-az1",
            "cidr_block": "10.0.10.0/24",
            "customer_owned_ipv4_pool": "",
            "enable_dns64": false,
            "enable_lni_at_device_index": 0,
            "enable_resource_name_dns_a_record_on_launch": false,
            "enable_resource_name_dns_aaaa_record_on_launch": false,
            "id": "subnet-008fefa13c815ae5f",
            "ipv6_cidr_block": "",
            "ipv6_cidr_block_association_id": "",
            "ipv6_native": false,
            "map_customer_owned_ip_on_launch": false,
            "map_public_ip_on_launch": false,
            "outpost_arn": "",
            "owner_id": "424254664937",
            "private_dns_hostname_type_on_launch": "ip-name",
            "tags": {
              "Name": "aws-de-project-dev-private-1"
            },
            "tags_all": {
              "Environment": "dev",
              "ManagedBy": "Terraform",
              "Name": "aws-de-project-dev-private-1",
              "Project": "aws-de-project"
            },
            "timeouts": null,
            "vpc_id": "vpc-0a19c75431062fbb5"
          },
          "sensitive_attributes": [],
          "identity_schema_version": 0,
          "private": "eyJlMmJmYjczMC1lY2FhLTExZTYtOGY4OC0zNDM2M2JjN2M0YzAiOnsiY3JlYXRlIjo2MDAwMDAwMDAwMDAsImRlbGV0ZSI6MTIwMDAwMDAwMDAwMH0sInNjaGVtYV92ZXJzaW9uIjoiMSJ9",
          "dependencies": [
            "module.vpc.aws_vpc.main"
          ]
        },
        {
          "index_key": 1,
          "schema_version": 1,
          "attributes": {
            "arn": "arn:aws:ec2:ca-central-1:424254664937:subnet/subnet-0e37bdbd32df1de07",
            "assign_ipv6_address_on_creation": false,
            "availability_zone": "ca-central-1b",
            "availability_zone_id": "cac1-az2",
            "cidr_block": "10.0.11.0/24",
            "customer_owned_ipv4_pool": "",
            "enable_dns64": false,
            "enable_lni_at_device_index": 0,
            "enable_resource_name_dns_a_record_on_launch": false,
            "enable_resource_name_dns_aaaa_record_on_launch": false,
            "id": "subnet-0e37bdbd32df1de07",
            "ipv6_cidr_block": "",
            "ipv6_cidr_block_association_id": "",
            "ipv6_native": false,
            "map_customer_owned_ip_on_launch": false,
            "map_public_ip_on_launch": false,
            "outpost_arn": "",
            "owner_id": "424254664937",
            "private_dns_hostname_type_on_launch": "ip-name",
            "tags": {
              "Name": "aws-de-project-dev-private-2"
            },
            "tags_all": {
              "Environment": "dev",
              "ManagedBy": "Terraform",
              "Name": "aws-de-project-dev-private-2",
              "Project": "aws-de-project"
            },
            "timeouts": null,
            "vpc_id": "vpc-0a19c75431062fbb5"
          },
          "sensitive_attributes": [],
          "identity_schema_version": 0,
          "private": "eyJlMmJmYjczMC1lY2FhLTExZTYtOGY4OC0zNDM2M2JjN2M0YzAiOnsiY3JlYXRlIjo2MDAwMDAwMDAwMDAsImRlbGV0ZSI6MTIwMDAwMDAwMDAwMH0sInNjaGVtYV92ZXJzaW9uIjoiMSJ9",
          "dependencies": [
            "module.vpc.aws_vpc.main"
          ]
        }
      ]
    },
    {
      "module": "module.vpc",
      "mode": "managed",
      "type": "aws_subnet",
      "name": "public",
      "provider": "provider[\"registry.terraform.io/hashicorp/aws\"]",
      "instances": [
        {
          "index_key": 0,
          "schema_version": 1,
          "attributes": {
            "arn": "arn:aws:ec2:ca-central-1:424254664937:subnet/subnet-019b84746757be3c0",
            "assign_ipv6_address_on_creation": false,
            "availability_zone": "ca-central-1a",
            "availability_zone_id": "cac1-az1",
            "cidr_block": "10.0.1.0/24",
            "customer_owned_ipv4_pool": "",
            "enable_dns64": false,
            "enable_lni_at_device_index": 0,
            "enable_resource_name_dns_a_record_on_launch": false,
            "enable_resource_name_dns_aaaa_record_on_launch": false,
            "id": "subnet-019b84746757be3c0",
            "ipv6_cidr_block": "",
            "ipv6_cidr_block_association_id": "",
            "ipv6_native": false,
            "map_customer_owned_ip_on_launch": false,
            "map_public_ip_on_launch": true,
            "outpost_arn": "",
            "owner_id": "424254664937",
            "private_dns_hostname_type_on_launch": "ip-name",
            "tags": {
              "Name": "aws-de-project-dev-public-1"
            },
            "tags_all": {
              "Environment": "dev",
              "ManagedBy": "Terraform",
              "Name": "aws-de-project-dev-public-1",
              "Project": "aws-de-project"
            },
            "timeouts": null,
            "vpc_id": "vpc-0a19c75431062fbb5"
          },
          "sensitive_attributes": [],
          "identity_schema_version": 0,
          "private": "eyJlMmJmYjczMC1lY2FhLTExZTYtOGY4OC0zNDM2M2JjN2M0YzAiOnsiY3JlYXRlIjo2MDAwMDAwMDAwMDAsImRlbGV0ZSI6MTIwMDAwMDAwMDAwMH0sInNjaGVtYV92ZXJzaW9uIjoiMSJ9",
          "dependencies": [
            "module.vpc.aws_vpc.main"
          ]
        },
        {
          "index_key": 1,
          "schema_version": 1,
          "attributes": {
            "arn": "arn:aws:ec2:ca-central-1:424254664937:subnet/subnet-023f0e27922d50eb9",
            "assign_ipv6_address_on_creation": false,
            "availability_zone": "ca-central-1b",
            "availability_zone_id": "cac1-az2",
            "cidr_block": "10.0.2.0/24",
            "customer_owned_ipv4_pool": "",
            "enable_dns64": false,
            "enable_lni_at_device_index": 0,
            "enable_resource_name_dns_a_record_on_launch": false,
            "enable_resource_name_dns_aaaa_record_on_launch": false,
            "id": "subnet-023f0e27922d50eb9",
            "ipv6_cidr_block": "",
            "ipv6_cidr_block_association_id": "",
            "ipv6_native": false,
            "map_customer_owned_ip_on_launch": false,
            "map_public_ip_on_launch": true,
            "outpost_arn": "",
            "owner_id": "424254664937",
            "private_dns_hostname_type_on_launch": "ip-name",
            "tags": {
              "Name": "aws-de-project-dev-public-2"
            },
            "tags_all": {
              "Environment": "dev",
              "ManagedBy": "Terraform",
              "Name": "aws-de-project-dev-public-2",
              "Project": "aws-de-project"
            },
            "timeouts": null,
            "vpc_id": "vpc-0a19c75431062fbb5"
          },
          "sensitive_attributes": [],
          "identity_schema_version": 0,
          "private": "eyJlMmJmYjczMC1lY2FhLTExZTYtOGY4OC0zNDM2M2JjN2M0YzAiOnsiY3JlYXRlIjo2MDAwMDAwMDAwMDAsImRlbGV0ZSI6MTIwMDAwMDAwMDAwMH0sInNjaGVtYV92ZXJzaW9uIjoiMSJ9",
          "dependencies": [
            "module.vpc.aws_vpc.main"
          ]
        }
      ]
    },
    {
      "module": "module.vpc",
      "mode": "managed",
      "type": "aws_vpc",
      "name": "main",
      "provider": "provider[\"registry.terraform.io/hashicorp/aws\"]",
      "instances": [
        {
          "schema_version": 1,
          "attributes": {
            "arn": "arn:aws:ec2:ca-central-1:424254664937:vpc/vpc-0a19c75431062fbb5",
            "assign_generated_ipv6_cidr_block": false,
            "cidr_block": "10.0.0.0/16",
            "default_network_acl_id": "acl-07a905111043870cc",
            "default_route_table_id": "rtb-06ca7458a6e64fb03",
            "default_security_group_id": "sg-0b150f209a137d267",
            "dhcp_options_id": "dopt-08f5323781be2fef9",
            "enable_dns_hostnames": true,
            "enable_dns_support": true,
            "enable_network_address_usage_metrics": false,
            "id": "vpc-0a19c75431062fbb5",
            "instance_tenancy": "default",
            "ipv4_ipam_pool_id": null,
            "ipv4_netmask_length": null,
            "ipv6_association_id": "",
            "ipv6_cidr_block": "",
            "ipv6_cidr_block_network_border_group": "",
            "ipv6_ipam_pool_id": "",
            "ipv6_netmask_length": 0,
            "main_route_table_id": "rtb-06ca7458a6e64fb03",
            "owner_id": "424254664937",
            "tags": {
              "Name": "aws-de-project-dev-vpc"
            },
            "tags_all": {
              "Environment": "dev",
              "ManagedBy": "Terraform",
              "Name": "aws-de-project-dev-vpc",
              "Project": "aws-de-project"
            }
          },
          "sensitive_attributes": [],
          "identity_schema_version": 0,
          "private": "eyJzY2hlbWFfdmVyc2lvbiI6IjEifQ=="
        }
      ]
    },
    {
      "module": "module.vpc",
      "mode": "managed",
      "type": "aws_vpc_endpoint",
      "name": "s3",
      "provider": "provider[\"registry.terraform.io/hashicorp/aws\"]",
      "instances": [
        {
          "schema_version": 0,
          "attributes": {
            "arn": "arn:aws:ec2:ca-central-1:424254664937:vpc-endpoint/vpce-0f2ec9a5fd019f89f",
            "auto_accept": null,
            "cidr_blocks": [
              "16.12.4.0/23",
              "3.5.252.0/22",
              "52.95.190.0/24",
              "52.95.146.0/23",
              "52.95.145.0/24"
            ],
            "dns_entry": [],
            "dns_options": [
              {
                "dns_record_ip_type": "service-defined",
                "private_dns_only_for_inbound_resolver_endpoint": false
              }
            ],
            "id": "vpce-0f2ec9a5fd019f89f",
            "ip_address_type": "ipv4",
            "network_interface_ids": [],
            "owner_id": "424254664937",
            "policy": "{\"Statement\":[{\"Action\":\"*\",\"Effect\":\"Allow\",\"Principal\":\"*\",\"Resource\":\"*\"}],\"Version\":\"2008-10-17\"}",
            "prefix_list_id": "pl-7da54014",
            "private_dns_enabled": false,
            "requester_managed": false,
            "resource_configuration_arn": "",
            "route_table_ids": [
              "rtb-0458f99a2eb54e281",
              "rtb-0a62616062b0ab659"
            ],
            "security_group_ids": [],
            "service_name": "com.amazonaws.ca-central-1.s3",
            "service_network_arn": "",
            "service_region": "ca-central-1",
            "state": "available",
            "subnet_configuration": [],
            "subnet_ids": [],
            "tags": {},
            "tags_all": {
              "Environment": "dev",
              "ManagedBy": "Terraform",
              "Project": "aws-de-project"
            },
            "timeouts": null,
            "vpc_endpoint_type": "Gateway",
            "vpc_id": "vpc-0a19c75431062fbb5"
          },
          "sensitive_attributes": [],
          "identity_schema_version": 0,
          "private": "eyJlMmJmYjczMC1lY2FhLTExZTYtOGY4OC0zNDM2M2JjN2M0YzAiOnsiY3JlYXRlIjo2MDAwMDAwMDAwMDAsImRlbGV0ZSI6NjAwMDAwMDAwMDAwLCJ1cGRhdGUiOjYwMDAwMDAwMDAwMH19",
          "dependencies": [
            "module.vpc.aws_internet_gateway.main",
            "module.vpc.aws_route_table.private",
            "module.vpc.aws_route_table.public",
            "module.vpc.aws_vpc.main"
          ]
        }
      ]
    },
    {
      "module": "module.vpc",
      "mode": "managed",
      "type": "aws_vpc_endpoint",
      "name": "secretsmanager",
      "provider": "provider[\"registry.terraform.io/hashicorp/aws\"]",
      "instances": [
        {
          "schema_version": 0,
          "attributes": {
            "arn": "arn:aws:ec2:ca-central-1:424254664937:vpc-endpoint/vpce-04ee2d7e9d79bca69",
            "auto_accept": null,
            "cidr_blocks": [],
            "dns_entry": [
              {
                "dns_name": "vpce-04ee2d7e9d79bca69-m5e1x5tn.secretsmanager.ca-central-1.vpce.amazonaws.com",
                "hosted_zone_id": "ZRCXCF510Y6P9"
              },
              {
                "dns_name": "vpce-04ee2d7e9d79bca69-m5e1x5tn-ca-central-1a.secretsmanager.ca-central-1.vpce.amazonaws.com",
                "hosted_zone_id": "ZRCXCF510Y6P9"
              },
              {
                "dns_name": "vpce-04ee2d7e9d79bca69-m5e1x5tn-ca-central-1b.secretsmanager.ca-central-1.vpce.amazonaws.com",
                "hosted_zone_id": "ZRCXCF510Y6P9"
              },
              {
                "dns_name": "secretsmanager.ca-central-1.amazonaws.com",
                "hosted_zone_id": "Z0308704AID7N4W5RPE5"
              }
            ],
            "dns_options": [
              {
                "dns_record_ip_type": "ipv4",
                "private_dns_only_for_inbound_resolver_endpoint": false
              }
            ],
            "id": "vpce-04ee2d7e9d79bca69",
            "ip_address_type": "ipv4",
            "network_interface_ids": [
              "eni-0131b5d569e2a826d",
              "eni-0db2db7da2a93208e"
            ],
            "owner_id": "424254664937",
            "policy": "{\"Statement\":[{\"Action\":\"*\",\"Effect\":\"Allow\",\"Principal\":\"*\",\"Resource\":\"*\"}]}",
            "prefix_list_id": null,
            "private_dns_enabled": true,
            "requester_managed": false,
            "resource_configuration_arn": "",
            "route_table_ids": [],
            "security_group_ids": [
              "sg-0d775c73fdaa9f533"
            ],
            "service_name": "com.amazonaws.ca-central-1.secretsmanager",
            "service_network_arn": "",
            "service_region": "ca-central-1",
            "state": "available",
            "subnet_configuration": [
              {
                "ipv4": "10.0.10.136",
                "ipv6": "",
                "subnet_id": "subnet-008fefa13c815ae5f"
              },
              {
                "ipv4": "10.0.11.166",
                "ipv6": "",
                "subnet_id": "subnet-0e37bdbd32df1de07"
              }
            ],
            "subnet_ids": [
              "subnet-008fefa13c815ae5f",
              "subnet-0e37bdbd32df1de07"
            ],
            "tags": {},
            "tags_all": {
              "Environment": "dev",
              "ManagedBy": "Terraform",
              "Project": "aws-de-project"
            },
            "timeouts": null,
            "vpc_endpoint_type": "Interface",
            "vpc_id": "vpc-0a19c75431062fbb5"
          },
          "sensitive_attributes": [],
          "identity_schema_version": 0,
          "private": "eyJlMmJmYjczMC1lY2FhLTExZTYtOGY4OC0zNDM2M2JjN2M0YzAiOnsiY3JlYXRlIjo2MDAwMDAwMDAwMDAsImRlbGV0ZSI6NjAwMDAwMDAwMDAwLCJ1cGRhdGUiOjYwMDAwMDAwMDAwMH19",
          "dependencies": [
            "module.vpc.aws_security_group.vpce",
            "module.vpc.aws_subnet.private",
            "module.vpc.aws_vpc.main"
          ]
        }
      ]
    },
    {
      "module": "module.vpc",
      "mode": "managed",
      "type": "aws_vpc_endpoint",
      "name": "sts",
      "provider": "provider[\"registry.terraform.io/hashicorp/aws\"]",
      "instances": [
        {
          "schema_version": 0,
          "attributes": {
            "arn": "arn:aws:ec2:ca-central-1:424254664937:vpc-endpoint/vpce-0c3661c4e0d260160",
            "auto_accept": null,
            "cidr_blocks": [],
            "dns_entry": [
              {
                "dns_name": "vpce-0c3661c4e0d260160-tsdhva6q.sts.ca-central-1.vpce.amazonaws.com",
                "hosted_zone_id": "ZRCXCF510Y6P9"
              },
              {
                "dns_name": "vpce-0c3661c4e0d260160-tsdhva6q-ca-central-1b.sts.ca-central-1.vpce.amazonaws.com",
                "hosted_zone_id": "ZRCXCF510Y6P9"
              },
              {
                "dns_name": "vpce-0c3661c4e0d260160-tsdhva6q-ca-central-1a.sts.ca-central-1.vpce.amazonaws.com",
                "hosted_zone_id": "ZRCXCF510Y6P9"
              },
              {
                "dns_name": "sts.ca-central-1.amazonaws.com",
                "hosted_zone_id": "Z030871916ESZULAX63FI"
              },
              {
                "dns_name": "sts.ca-central-1.api.aws",
                "hosted_zone_id": "Z02027863I63SJRR5YOX0"
              }
            ],
            "dns_options": [
              {
                "dns_record_ip_type": "ipv4",
                "private_dns_only_for_inbound_resolver_endpoint": false
              }
            ],
            "id": "vpce-0c3661c4e0d260160",
            "ip_address_type": "ipv4",
            "network_interface_ids": [
              "eni-00db72c84978d37d1",
              "eni-072a98c3f2f325cfb"
            ],
            "owner_id": "424254664937",
            "policy": "{\"Statement\":[{\"Action\":\"*\",\"Effect\":\"Allow\",\"Principal\":\"*\",\"Resource\":\"*\"}]}",
            "prefix_list_id": null,
            "private_dns_enabled": true,
            "requester_managed": false,
            "resource_configuration_arn": "",
            "route_table_ids": [],
            "security_group_ids": [
              "sg-0d775c73fdaa9f533"
            ],
            "service_name": "com.amazonaws.ca-central-1.sts",
            "service_network_arn": "",
            "service_region": "ca-central-1",
            "state": "available",
            "subnet_configuration": [
              {
                "ipv4": "10.0.10.64",
                "ipv6": "",
                "subnet_id": "subnet-008fefa13c815ae5f"
              },
              {
                "ipv4": "10.0.11.203",
                "ipv6": "",
                "subnet_id": "subnet-0e37bdbd32df1de07"
              }
            ],
            "subnet_ids": [
              "subnet-008fefa13c815ae5f",
              "subnet-0e37bdbd32df1de07"
            ],
            "tags": {},
            "tags_all": {
              "Environment": "dev",
              "ManagedBy": "Terraform",
              "Project": "aws-de-project"
            },
            "timeouts": null,
            "vpc_endpoint_type": "Interface",
            "vpc_id": "vpc-0a19c75431062fbb5"
          },
          "sensitive_attributes": [],
          "identity_schema_version": 0,
          "private": "eyJlMmJmYjczMC1lY2FhLTExZTYtOGY4OC0zNDM2M2JjN2M0YzAiOnsiY3JlYXRlIjo2MDAwMDAwMDAwMDAsImRlbGV0ZSI6NjAwMDAwMDAwMDAwLCJ1cGRhdGUiOjYwMDAwMDAwMDAwMH19",
          "dependencies": [
            "module.vpc.aws_security_group.vpce",
            "module.vpc.aws_subnet.private",
            "module.vpc.aws_vpc.main"
          ]
        }
      ]
    }
  ],
  "check_results": null
}
